PODS:
  - AFNetworking (2.2.0):
    - AFNetworking/NSURLConnection
    - AFNetworking/NSURLSession
    - AFNetworking/Reachability
    - AFNetworking/Security
    - AFNetworking/Serialization
    - AFNetworking/UIKit
  - AFNetworking/NSURLConnection (2.2.0):
    - AFNetworking/Reachability
    - AFNetworking/Security
    - AFNetworking/Serialization
  - AFNetworking/NSURLSession (2.2.0):
    - AFNetworking/NSURLConnection
  - AFNetworking/Reachability (2.2.0)
  - AFNetworking/Security (2.2.0)
  - AFNetworking/Serialization (2.2.0)
  - AFNetworking/UIKit (2.2.0):
    - AFNetworking/NSURLConnection
    - AFNetworking/NSURLSession
  - CRToast (0.0.5)
  - EDStarRating (1.1)
  - FDTake (0.1.1)
  - FlurrySDK (4.3.2):
    - FlurrySDK/FlurrySDK
  - FlurrySDK/FlurrySDK (4.3.2)
  - GBDeviceInfo (2.2.6)
  - GSKeychain (1.0.0)
  - HockeySDK (3.5.4)
  - InAppSettingsKit (2.0.1)
  - JazzHands (0.0.3)
  - JBChartView (2.4.2)
  - libextobjc (0.4):
    - libextobjc/EXTADT
    - libextobjc/EXTConcreteProtocol
    - libextobjc/EXTKeyPathCoding
    - libextobjc/EXTNil
    - libextobjc/EXTSafeCategory
    - libextobjc/EXTScope
    - libextobjc/EXTSelectorChecking
    - libextobjc/EXTSynthesize
    - libextobjc/NSInvocation+EXT
    - libextobjc/NSMethodSignature+EXT
    - libextobjc/RuntimeExtensions
    - libextobjc/UmbrellaHeader
  - libextobjc/EXTADT (0.4):
    - libextobjc/RuntimeExtensions
  - libextobjc/EXTConcreteProtocol (0.4):
    - libextobjc/RuntimeExtensions
  - libextobjc/EXTKeyPathCoding (0.4):
    - libextobjc/RuntimeExtensions
  - libextobjc/EXTNil (0.4):
    - libextobjc/RuntimeExtensions
  - libextobjc/EXTSafeCategory (0.4):
    - libextobjc/RuntimeExtensions
  - libextobjc/EXTScope (0.4):
    - libextobjc/RuntimeExtensions
  - libextobjc/EXTSelectorChecking (0.4):
    - libextobjc/RuntimeExtensions
  - libextobjc/EXTSynthesize (0.4):
    - libextobjc/RuntimeExtensions
  - libextobjc/NSInvocation+EXT (0.4):
    - libextobjc/RuntimeExtensions
  - libextobjc/NSMethodSignature+EXT (0.4):
    - libextobjc/RuntimeExtensions
  - libextobjc/RuntimeExtensions (0.4)
  - libextobjc/UmbrellaHeader (0.4)
  - MagicalRecord (2.2):
    - MagicalRecord/Core
  - MagicalRecord/Core (2.2)
  - MBProgressHUD (0.8)
  - ReactiveCocoa (2.2.4):
    - ReactiveCocoa/Core
    - ReactiveCocoa/no-arc
  - ReactiveCocoa/Core (2.2.4):
    - ReactiveCocoa/no-arc
  - ReactiveCocoa/no-arc (2.2.4)
  - ReactiveViewModel (0.2):
    - ReactiveCocoa (~> 2.1)
  - UIView+AutoLayout (1.3.0)

DEPENDENCIES:
  - AFNetworking (~> 2.1)
  - CRToast (~> 0.0.3)
  - EDStarRating (~> 1.1)
  - FDTake (~> 0.1.1)
  - FlurrySDK (~> 4.3)
  - GBDeviceInfo (~> 2.2)
  - GSKeychain (~> 1.0)
  - HockeySDK (~> 3.5)
  - InAppSettingsKit (~> 2.0)
  - JazzHands (~> 0.0.3)
  - JBChartView (~> 2.4.2)
  - libextobjc (~> 0.4)
  - MagicalRecord (~> 2.2)
  - MBProgressHUD (~> 0.8)
  - ReactiveCocoa (~> 2.2)
  - ReactiveViewModel (~> 0.2)
  - UIView+AutoLayout (~> 1.3.0)

SPEC CHECKSUMS:
  AFNetworking: e8cfd8f3fe3bfe19124a0cc63f4d45752d892a56
  CRToast: 5be332fb9f4bcfd3023b6f10324ed9738c35cb96
  EDStarRating: 4954b62647884e7b2d37c4720d4a1f758b5a3435
  FDTake: f9fe37ec6143fc645447e961cee96b59c0ab7ca4
  FlurrySDK: 2b2a1e80385e4716cfefdbc107967a88256531bf
  GBDeviceInfo: f593a4cf40d67017a63c92f64f29073e4ca24596
  GSKeychain: 59439fa4bb05d21f2cbd4b67e7133c2572cc8dc4
  HockeySDK: aa28abb106de7804d31acf515f2c9aa4e6481fd0
  InAppSettingsKit: 5e42f626b9be9c33e3b04c0cc9523ca5eabe7ad3
  JazzHands: 01a8a6e933746bc7a6c749bfd6ed95f2a91c91aa
  JBChartView: 30cfb8262ff50a7f61e2ae9aee1a1caedf39d4b9
  libextobjc: 2c9fc8226f0f38e562587f65172f93f0c9b4a47a
  MagicalRecord: 95d49d74ef752cd52f6ad87bcb474817fc3978cf
  MBProgressHUD: 2bbc6f470111daf7f3eaa4eb12b8cbf01c4c0622
  ReactiveCocoa: 953a45dda30674fe704d1d9c77cc874141742f47
  ReactiveViewModel: f636ab3e06b5e69664b69c883fcdb457ab5cb0cb
  UIView+AutoLayout: 43373a18797954fd8ee3b1423af364f1b80a2af8

COCOAPODS: 0.32.1
