PODS:
  - AFNetworking (2.1.0):
    - AFNetworking/NSURLConnection
    - AFNetworking/NSURLSession
    - AFNetworking/Reachability
    - AFNetworking/Security
    - AFNetworking/Serialization
    - AFNetworking/UIKit
  - AFNetworking/NSURLConnection (2.1.0):
    - AFNetworking/Reachability
    - AFNetworking/Security
    - AFNetworking/Serialization
  - AFNetworking/NSURLSession (2.1.0):
    - AFNetworking/NSURLConnection
  - AFNetworking/Reachability (2.1.0)
  - AFNetworking/Security (2.1.0)
  - AFNetworking/Serialization (2.1.0)
  - AFNetworking/UIKit (2.1.0):
    - AFNetworking/NSURLConnection
  - EDStarRating (1.1)
  - FDTake (0.1.1)
  - GSKeychain (1.0.0)
  - JazzHands (0.0.3)
  - libextobjc (0.4):
    - libextobjc/EXTADT
    - libextobjc/EXTConcreteProtocol
    - libextobjc/EXTKeyPathCoding
    - libextobjc/EXTNil
    - libextobjc/EXTSafeCategory
    - libextobjc/EXTScope
    - libextobjc/EXTSelectorChecking
    - libextobjc/EXTSynthesize
    - libextobjc/NSInvocation+EXT
    - libextobjc/NSMethodSignature+EXT
    - libextobjc/RuntimeExtensions
    - libextobjc/UmbrellaHeader
  - libextobjc/EXTADT (0.4):
    - libextobjc/RuntimeExtensions
  - libextobjc/EXTConcreteProtocol (0.4):
    - libextobjc/RuntimeExtensions
  - libextobjc/EXTKeyPathCoding (0.4):
    - libextobjc/RuntimeExtensions
  - libextobjc/EXTNil (0.4):
    - libextobjc/RuntimeExtensions
  - libextobjc/EXTSafeCategory (0.4):
    - libextobjc/RuntimeExtensions
  - libextobjc/EXTScope (0.4):
    - libextobjc/RuntimeExtensions
  - libextobjc/EXTSelectorChecking (0.4):
    - libextobjc/RuntimeExtensions
  - libextobjc/EXTSynthesize (0.4):
    - libextobjc/RuntimeExtensions
  - libextobjc/NSInvocation+EXT (0.4):
    - libextobjc/RuntimeExtensions
  - libextobjc/NSMethodSignature+EXT (0.4):
    - libextobjc/RuntimeExtensions
  - libextobjc/RuntimeExtensions (0.4)
  - libextobjc/UmbrellaHeader (0.4)
  - MagicalRecord (2.2):
    - MagicalRecord/Core
  - MagicalRecord/Core (2.2)
  - Masonry (0.4.0)
  - ReactiveCocoa (2.2.4):
    - ReactiveCocoa/Core
    - ReactiveCocoa/no-arc
  - ReactiveCocoa/Core (2.2.4):
    - ReactiveCocoa/no-arc
  - ReactiveCocoa/no-arc (2.2.4)
  - ReactiveViewModel (0.2):
    - ReactiveCocoa (~> 2.1)

DEPENDENCIES:
  - AFNetworking (~> 2.1)
  - EDStarRating (~> 1.1)
  - FDTake (~> 0.1.1)
  - GSKeychain (~> 1.0)
  - JazzHands (~> 0.0.3)
  - libextobjc (~> 0.4)
  - MagicalRecord (~> 2.2)
  - Masonry (~> 0.4.0)
  - ReactiveCocoa (~> 2.2.4)
  - ReactiveViewModel (~> 0.2)

SPEC CHECKSUMS:
  AFNetworking: c7d7901a83f631414c7eda1737261f696101a5cd
  EDStarRating: 6761f41fd040f1cde155e2885dddc96461620f67
  FDTake: f9fe37ec6143fc645447e961cee96b59c0ab7ca4
  GSKeychain: 59439fa4bb05d21f2cbd4b67e7133c2572cc8dc4
  JazzHands: 01a8a6e933746bc7a6c749bfd6ed95f2a91c91aa
  libextobjc: 2c9fc8226f0f38e562587f65172f93f0c9b4a47a
  MagicalRecord: 95d49d74ef752cd52f6ad87bcb474817fc3978cf
  Masonry: d673617c9cbc24aaea90fba20b10e47fd9970a39
  ReactiveCocoa: 953a45dda30674fe704d1d9c77cc874141742f47
  ReactiveViewModel: f636ab3e06b5e69664b69c883fcdb457ab5cb0cb

COCOAPODS: 0.29.0
