PODS:
  - AFNetworking (2.2.4):
    - AFNetworking/NSURLConnection
    - AFNetworking/NSURLSession
    - AFNetworking/Reachability
    - AFNetworking/Security
    - AFNetworking/Serialization
    - AFNetworking/UIKit
  - AFNetworking/NSURLConnection (2.2.4):
    - AFNetworking/Reachability
    - AFNetworking/Security
    - AFNetworking/Serialization
  - AFNetworking/NSURLSession (2.2.4):
    - AFNetworking/NSURLConnection
  - AFNetworking/Reachability (2.2.4)
  - AFNetworking/Security (2.2.4)
  - AFNetworking/Serialization (2.2.4)
  - AFNetworking/UIKit (2.2.4):
    - AFNetworking/NSURLConnection
    - AFNetworking/NSURLSession
  - CRToast (0.0.7)
  - EDStarRating (1.1)
  - FDTake (0.1.1)
  - FlurrySDK (4.4.0):
    - FlurrySDK/FlurrySDK
  - FlurrySDK/FlurrySDK (4.4.0)
  - GBDeviceInfo (2.2.6)
  - GSKeychain (1.0.0)
  - HockeySDK (3.5.5)
  - InAppSettingsKit (2.1)
  - JazzHands (0.0.4)
  - JBChartView (2.5.5)
  - libextobjc (0.4):
    - libextobjc/EXTADT
    - libextobjc/EXTConcreteProtocol
    - libextobjc/EXTKeyPathCoding
    - libextobjc/EXTNil
    - libextobjc/EXTSafeCategory
    - libextobjc/EXTScope
    - libextobjc/EXTSelectorChecking
    - libextobjc/EXTSynthesize
    - libextobjc/NSInvocation+EXT
    - libextobjc/NSMethodSignature+EXT
    - libextobjc/RuntimeExtensions
    - libextobjc/UmbrellaHeader
  - libextobjc/EXTADT (0.4):
    - libextobjc/RuntimeExtensions
  - libextobjc/EXTConcreteProtocol (0.4):
    - libextobjc/RuntimeExtensions
  - libextobjc/EXTKeyPathCoding (0.4):
    - libextobjc/RuntimeExtensions
  - libextobjc/EXTNil (0.4):
    - libextobjc/RuntimeExtensions
  - libextobjc/EXTSafeCategory (0.4):
    - libextobjc/RuntimeExtensions
  - libextobjc/EXTScope (0.4):
    - libextobjc/RuntimeExtensions
  - libextobjc/EXTSelectorChecking (0.4):
    - libextobjc/RuntimeExtensions
  - libextobjc/EXTSynthesize (0.4):
    - libextobjc/RuntimeExtensions
  - libextobjc/NSInvocation+EXT (0.4):
    - libextobjc/RuntimeExtensions
  - libextobjc/NSMethodSignature+EXT (0.4):
    - libextobjc/RuntimeExtensions
  - libextobjc/RuntimeExtensions (0.4)
  - libextobjc/UmbrellaHeader (0.4)
  - MagicalRecord (2.2):
    - MagicalRecord/Core
  - MagicalRecord/Core (2.2)
  - MBProgressHUD (0.8)
  - ReactiveCocoa (2.3):
    - ReactiveCocoa/UI
  - ReactiveCocoa/Core (2.3):
    - ReactiveCocoa/no-arc
  - ReactiveCocoa/no-arc (2.3)
  - ReactiveCocoa/UI (2.3):
    - ReactiveCocoa/Core
  - ReactiveViewModel (0.2):
    - ReactiveCocoa (~> 2.1)
  - UIView+AutoLayout (1.3.0)

DEPENDENCIES:
  - AFNetworking (~> 2.1)
  - CRToast (~> 0.0.3)
  - EDStarRating (~> 1.1)
  - FDTake (~> 0.1.1)
  - FlurrySDK (~> 4.3)
  - GBDeviceInfo (~> 2.2)
  - GSKeychain (~> 1.0)
  - HockeySDK (~> 3.5)
  - InAppSettingsKit (~> 2.0)
  - JazzHands (~> 0.0.3)
  - JBChartView (~> 2.5.5)
  - libextobjc (~> 0.4)
  - MagicalRecord (~> 2.2)
  - MBProgressHUD (~> 0.8)
  - ReactiveCocoa (~> 2.2)
  - ReactiveViewModel (~> 0.2)
  - UIView+AutoLayout (~> 1.3.0)

SPEC CHECKSUMS:
  AFNetworking: 01aa7c3aa9a200b94943e54072a4373f14b3d219
  CRToast: a220a2c67dce6e263a4e7bd80a711e1bf19699d0
  EDStarRating: 4954b62647884e7b2d37c4720d4a1f758b5a3435
  FDTake: f9fe37ec6143fc645447e961cee96b59c0ab7ca4
  FlurrySDK: 2cd8f2ce2383ca152c5d96fa34cb9ef29706feda
  GBDeviceInfo: f593a4cf40d67017a63c92f64f29073e4ca24596
  GSKeychain: 59439fa4bb05d21f2cbd4b67e7133c2572cc8dc4
  HockeySDK: 350ef1cf18d2fc9a13801ad077c307cece8c6c64
  InAppSettingsKit: 00c2f5a36fc30cc60e0ec03be6d52e9546401487
  JazzHands: 9069a8ec67495c8ace35238dad19fdeaa58716cf
  JBChartView: 3f979441a6a41e50b7c4b98f91b256bf33625c2d
  libextobjc: 2c9fc8226f0f38e562587f65172f93f0c9b4a47a
  MagicalRecord: 95d49d74ef752cd52f6ad87bcb474817fc3978cf
  MBProgressHUD: 2bbc6f470111daf7f3eaa4eb12b8cbf01c4c0622
  ReactiveCocoa: dde7b11a14954edf789e7343b2c32e595caabd01
  ReactiveViewModel: f636ab3e06b5e69664b69c883fcdb457ab5cb0cb
  UIView+AutoLayout: 43373a18797954fd8ee3b1423af364f1b80a2af8

COCOAPODS: 0.32.1
