// !$*UTF8*$!
{
	archiveVersion = 1;
	classes = {
	};
	objectVersion = 46;
	objects = {

/* Begin PBXBuildFile section */
		121A364E1924BA8500C3FB31 /* Route.m in Sources */ = {isa = PBXBuildFile; fileRef = 121A364D1924BA8500C3FB31 /* Route.m */; };
		121A36511924C86F00C3FB31 /* JCRouteManager.m in Sources */ = {isa = PBXBuildFile; fileRef = 121A36501924C86F00C3FB31 /* JCRouteManager.m */; };
		121A36541924F41100C3FB31 /* Weather.m in Sources */ = {isa = PBXBuildFile; fileRef = 121A36531924F41100C3FB31 /* Weather.m */; };
		121E1FF7193497090057599E /* JCCycleMapAnnotation.m in Sources */ = {isa = PBXBuildFile; fileRef = 121E1FF6193497090057599E /* JCCycleMapAnnotation.m */; };
		12477C7A1919160C00CCF5E5 /* JCWeatherViewModel.m in Sources */ = {isa = PBXBuildFile; fileRef = 12477C791919160C00CCF5E5 /* JCWeatherViewModel.m */; };
		12477C7D1919196700CCF5E5 /* JCWeatherView.m in Sources */ = {isa = PBXBuildFile; fileRef = 12477C7C1919196700CCF5E5 /* JCWeatherView.m */; };
		124A6E9D192A318C009E24AC /* JCStatsViewController.m in Sources */ = {isa = PBXBuildFile; fileRef = 124A6E9C192A318C009E24AC /* JCStatsViewController.m */; };
		124A6EA0192A39D4009E24AC /* JCUserHeaderView.m in Sources */ = {isa = PBXBuildFile; fileRef = 124A6E9F192A39D4009E24AC /* JCUserHeaderView.m */; };
		124A6EA3192A4DE8009E24AC /* JCBarChartView.m in Sources */ = {isa = PBXBuildFile; fileRef = 124A6EA2192A4DE8009E24AC /* JCBarChartView.m */; };
		124A6EA9192A4E2D009E24AC /* JCLineGraphView.m in Sources */ = {isa = PBXBuildFile; fileRef = 124A6EA8192A4E2D009E24AC /* JCLineGraphView.m */; };
		124A6EAC192A4E36009E24AC /* JCPieChartView.m in Sources */ = {isa = PBXBuildFile; fileRef = 124A6EAB192A4E36009E24AC /* JCPieChartView.m */; };
		124A6EAF192A4EC4009E24AC /* JCGraphView.m in Sources */ = {isa = PBXBuildFile; fileRef = 124A6EAE192A4EC4009E24AC /* JCGraphView.m */; };
		124A6EB4192A525F009E24AC /* JCUsageViewModel.m in Sources */ = {isa = PBXBuildFile; fileRef = 124A6EB3192A525F009E24AC /* JCUsageViewModel.m */; };
		125340FE1913A489008E1856 /* JCPathCell.xib in Resources */ = {isa = PBXBuildFile; fileRef = 125340FD1913A489008E1856 /* JCPathCell.xib */; };
		125D7EC9193392B400187A17 /* JCCycleMapViewController.m in Sources */ = {isa = PBXBuildFile; fileRef = 125D7EC8193392B400187A17 /* JCCycleMapViewController.m */; };
		125D7ECC193392C700187A17 /* JCCycleMapView.m in Sources */ = {isa = PBXBuildFile; fileRef = 125D7ECB193392C700187A17 /* JCCycleMapView.m */; };
		125D7ED0193394DB00187A17 /* JCCycleMapViewModel.m in Sources */ = {isa = PBXBuildFile; fileRef = 125D7ECF193394DB00187A17 /* JCCycleMapViewModel.m */; };
		125D7ED319339AD200187A17 /* JCCycleMapLocationViewModel.m in Sources */ = {isa = PBXBuildFile; fileRef = 125D7ED219339AD200187A17 /* JCCycleMapLocationViewModel.m */; };
		129BE686191BC3DE0021437F /* JCPathViewModel.m in Sources */ = {isa = PBXBuildFile; fileRef = 129BE685191BC3DE0021437F /* JCPathViewModel.m */; };
		129BE689191BC5470021437F /* JCCaptureViewModel.m in Sources */ = {isa = PBXBuildFile; fileRef = 129BE688191BC5470021437F /* JCCaptureViewModel.m */; };
		12A9C26D190FAB8C004BB4B5 /* UIColor+Application.m in Sources */ = {isa = PBXBuildFile; fileRef = 12A9C26C190FAB8C004BB4B5 /* UIColor+Application.m */; };
		12AABA36192C9D51005DE6AC /* JCStatViewModel.m in Sources */ = {isa = PBXBuildFile; fileRef = 12AABA35192C9D51005DE6AC /* JCStatViewModel.m */; };
		12AABA39192CABE2005DE6AC /* JCGraphScrollView.m in Sources */ = {isa = PBXBuildFile; fileRef = 12AABA38192CABE2005DE6AC /* JCGraphScrollView.m */; };
		12AABA3F192CE508005DE6AC /* JCGraphFooterView.m in Sources */ = {isa = PBXBuildFile; fileRef = 12AABA3E192CE508005DE6AC /* JCGraphFooterView.m */; };
		12AF45EE191A72F7003F7524 /* JCJourneyViewModel.m in Sources */ = {isa = PBXBuildFile; fileRef = 12AF45ED191A72F7003F7524 /* JCJourneyViewModel.m */; };
		12B660AD1922750800F3E9BF /* JCNearbyJourneyListViewModel.m in Sources */ = {isa = PBXBuildFile; fileRef = 12B660AC1922750800F3E9BF /* JCNearbyJourneyListViewModel.m */; };
		12BCB75219114AA500629192 /* JCCaptureStatsView.m in Sources */ = {isa = PBXBuildFile; fileRef = 12BCB75119114AA500629192 /* JCCaptureStatsView.m */; };
		12BEEA0B19129BDA00025B0E /* JCUserJourneyListViewModel.m in Sources */ = {isa = PBXBuildFile; fileRef = 12BEEA0A19129BDA00025B0E /* JCUserJourneyListViewModel.m */; };
		12C76B0F1912A22400B7F964 /* JCLoadingView.m in Sources */ = {isa = PBXBuildFile; fileRef = 12C76B0E1912A22400B7F964 /* JCLoadingView.m */; };
		12CBB2991935E92400243A1E /* JCUserManager.m in Sources */ = {isa = PBXBuildFile; fileRef = 12CBB2981935E92400243A1E /* JCUserManager.m */; };
		12DCCF30192F4DBE0016B061 /* JCStatsSummaryView.m in Sources */ = {isa = PBXBuildFile; fileRef = 12DCCF2F192F4DBE0016B061 /* JCStatsSummaryView.m */; };
		12EF442F19237D1E00C392E9 /* User.m in Sources */ = {isa = PBXBuildFile; fileRef = 12EF442E19237D1E00C392E9 /* User.m */; };
		12EF44381923BDEB00C392E9 /* RoutePoint.m in Sources */ = {isa = PBXBuildFile; fileRef = 12EF44371923BDEB00C392E9 /* RoutePoint.m */; };
		12F8E6F5190FEFC900AA0216 /* JCMenuCell.xib in Resources */ = {isa = PBXBuildFile; fileRef = 12F8E6F4190FEFC900AA0216 /* JCMenuCell.xib */; };
		12F8E6F8190FF0FB00AA0216 /* JCMenuTableViewCell.m in Sources */ = {isa = PBXBuildFile; fileRef = 12F8E6F7190FF0FB00AA0216 /* JCMenuTableViewCell.m */; };
		12F8E6FB190FFE3C00AA0216 /* JCScrollView.m in Sources */ = {isa = PBXBuildFile; fileRef = 12F8E6FA190FFE3C00AA0216 /* JCScrollView.m */; };
		12FBAC5B1920C58E00ADFF0F /* JCRouteListViewModel.m in Sources */ = {isa = PBXBuildFile; fileRef = 12FBAC5A1920C58E00ADFF0F /* JCRouteListViewModel.m */; };
		12FBAC6119211BFB00ADFF0F /* JCRouteView.m in Sources */ = {isa = PBXBuildFile; fileRef = 12FBAC6019211BFB00ADFF0F /* JCRouteView.m */; };
		6E101EAD192E2AE10046E096 /* JCQuestionView.m in Sources */ = {isa = PBXBuildFile; fileRef = 6E101EAC192E2AE10046E096 /* JCQuestionView.m */; };
		6E6701AE19333D3500C6E02A /* JCSettingsViewController.m in Sources */ = {isa = PBXBuildFile; fileRef = 6E6701AD19333D3500C6E02A /* JCSettingsViewController.m */; };
		6E6701B219333D6600C6E02A /* JCSettingsView.m in Sources */ = {isa = PBXBuildFile; fileRef = 6E6701B119333D6600C6E02A /* JCSettingsView.m */; };
		6E6701B5193344AC00C6E02A /* JCSettingsViewModel.m in Sources */ = {isa = PBXBuildFile; fileRef = 6E6701B4193344AC00C6E02A /* JCSettingsViewModel.m */; };
		6E6701B91934BAB300C6E02A /* JCPasswordView.m in Sources */ = {isa = PBXBuildFile; fileRef = 6E6701B81934BAB300C6E02A /* JCPasswordView.m */; };
		6E6701BC1934BF9400C6E02A /* JCPasswordViewModel.m in Sources */ = {isa = PBXBuildFile; fileRef = 6E6701BB1934BF9400C6E02A /* JCPasswordViewModel.m */; };
		6E6701BF1934D6C600C6E02A /* JCPasswordViewController.m in Sources */ = {isa = PBXBuildFile; fileRef = 6E6701BE1934D6C600C6E02A /* JCPasswordViewController.m */; };
		6EBFED57192A1D5100570D32 /* JCSearchViewController.m in Sources */ = {isa = PBXBuildFile; fileRef = 6EBFED56192A1D5100570D32 /* JCSearchViewController.m */; };
		6EBFED5A192A31FC00570D32 /* JCSearchView.m in Sources */ = {isa = PBXBuildFile; fileRef = 6EBFED59192A31FC00570D32 /* JCSearchView.m */; };
		6EBFED63192B9F2100570D32 /* JCSearchJourneyListViewModel.m in Sources */ = {isa = PBXBuildFile; fileRef = 6EBFED62192B9F2100570D32 /* JCSearchJourneyListViewModel.m */; };
		73ACC28D56500C1573EF74F1 /* JCPathListViewModel.m in Sources */ = {isa = PBXBuildFile; fileRef = 73ACCCC12D9D9FB10A105A7F /* JCPathListViewModel.m */; };
		8303E2D218C61C5700215760 /* JCQuestionViewModel.m in Sources */ = {isa = PBXBuildFile; fileRef = 8303E2D118C61C5700215760 /* JCQuestionViewModel.m */; };
		8303E2D518C61E2100215760 /* JCQuestionViewController.m in Sources */ = {isa = PBXBuildFile; fileRef = 8303E2D418C61E2100215760 /* JCQuestionViewController.m */; };
		8303E2D818C62C2300215760 /* JCQuestionListViewModel.m in Sources */ = {isa = PBXBuildFile; fileRef = 8303E2D718C62C2300215760 /* JCQuestionListViewModel.m */; };
		830C31CE18BCDF4800B7CC47 /* JCSignupViewController.m in Sources */ = {isa = PBXBuildFile; fileRef = 830C31CD18BCDF4800B7CC47 /* JCSignupViewController.m */; };
		831EDB4A18BCBB33001468E4 /* Foundation.framework in Frameworks */ = {isa = PBXBuildFile; fileRef = 831EDB4918BCBB33001468E4 /* Foundation.framework */; };
		831EDB4C18BCBB33001468E4 /* CoreGraphics.framework in Frameworks */ = {isa = PBXBuildFile; fileRef = 831EDB4B18BCBB33001468E4 /* CoreGraphics.framework */; };
		831EDB4E18BCBB33001468E4 /* UIKit.framework in Frameworks */ = {isa = PBXBuildFile; fileRef = 831EDB4D18BCBB33001468E4 /* UIKit.framework */; };
		831EDB5418BCBB33001468E4 /* InfoPlist.strings in Resources */ = {isa = PBXBuildFile; fileRef = 831EDB5218BCBB33001468E4 /* InfoPlist.strings */; };
		831EDB5618BCBB33001468E4 /* main.m in Sources */ = {isa = PBXBuildFile; fileRef = 831EDB5518BCBB33001468E4 /* main.m */; };
		831EDB5A18BCBB33001468E4 /* JCAppDelegate.m in Sources */ = {isa = PBXBuildFile; fileRef = 831EDB5918BCBB33001468E4 /* JCAppDelegate.m */; };
		831EDB5C18BCBB34001468E4 /* Images.xcassets in Resources */ = {isa = PBXBuildFile; fileRef = 831EDB5B18BCBB34001468E4 /* Images.xcassets */; };
		831EDB6318BCBB34001468E4 /* XCTest.framework in Frameworks */ = {isa = PBXBuildFile; fileRef = 831EDB6218BCBB34001468E4 /* XCTest.framework */; };
		831EDB6418BCBB34001468E4 /* Foundation.framework in Frameworks */ = {isa = PBXBuildFile; fileRef = 831EDB4918BCBB33001468E4 /* Foundation.framework */; };
		831EDB6518BCBB34001468E4 /* UIKit.framework in Frameworks */ = {isa = PBXBuildFile; fileRef = 831EDB4D18BCBB33001468E4 /* UIKit.framework */; };
		831EDB6D18BCBB34001468E4 /* InfoPlist.strings in Resources */ = {isa = PBXBuildFile; fileRef = 831EDB6B18BCBB34001468E4 /* InfoPlist.strings */; };
		831EDB6F18BCBB34001468E4 /* JourneyCaptureTests.m in Sources */ = {isa = PBXBuildFile; fileRef = 831EDB6E18BCBB34001468E4 /* JourneyCaptureTests.m */; };
		8328838718BCF805001EDB87 /* JCSignupViewModel.m in Sources */ = {isa = PBXBuildFile; fileRef = 83560C4E18BCE146004CE63C /* JCSignupViewModel.m */; };
		8341421218BF55B70020CF97 /* JCUserViewController.m in Sources */ = {isa = PBXBuildFile; fileRef = 8341421118BF55B70020CF97 /* JCUserViewController.m */; };
		8341421518BF55C20020CF97 /* JCUserView.m in Sources */ = {isa = PBXBuildFile; fileRef = 8341421418BF55C20020CF97 /* JCUserView.m */; };
		8341421818BF55E80020CF97 /* JCUserViewModel.m in Sources */ = {isa = PBXBuildFile; fileRef = 8341421718BF55E80020CF97 /* JCUserViewModel.m */; };
		83501FDF18D0AC2D00CE7CFE /* UIImage+color.m in Sources */ = {isa = PBXBuildFile; fileRef = 83501FDE18D0AC2D00CE7CFE /* UIImage+color.m */; };
		83501FE218D0BA5800CE7CFE /* JCTextField.m in Sources */ = {isa = PBXBuildFile; fileRef = 83501FE118D0BA5800CE7CFE /* JCTextField.m */; };
		83519E7318CDC42800DA1E70 /* UIImage+Compression.m in Sources */ = {isa = PBXBuildFile; fileRef = 83519E7218CDC42800DA1E70 /* UIImage+Compression.m */; };
		83560C4F18BCE146004CE63C /* JCSignupViewModel.m in Sources */ = {isa = PBXBuildFile; fileRef = 83560C4E18BCE146004CE63C /* JCSignupViewModel.m */; };
		83641C1918D2052700671A2A /* JCNotificationManager.m in Sources */ = {isa = PBXBuildFile; fileRef = 83641C1818D2052700671A2A /* JCNotificationManager.m */; };
		837B15A618BDF31F000EEFAB /* JCSignupView.m in Sources */ = {isa = PBXBuildFile; fileRef = 837B15A518BDF31F000EEFAB /* JCSignupView.m */; };
		837B15A818BE023B000EEFAB /* QuartzCore.framework in Frameworks */ = {isa = PBXBuildFile; fileRef = 837B15A718BE023B000EEFAB /* QuartzCore.framework */; };
		83B3484F18C09EFF00D59FB9 /* JCPathCell.m in Sources */ = {isa = PBXBuildFile; fileRef = 83B3484E18C09EFF00D59FB9 /* JCPathCell.m */; };
		83B3485C18C0BD1F00D59FB9 /* JCRouteViewController.m in Sources */ = {isa = PBXBuildFile; fileRef = 83B3485B18C0BD1F00D59FB9 /* JCRouteViewController.m */; };
		83B5DECB18BFA3130032F7E1 /* JCPathListViewController.m in Sources */ = {isa = PBXBuildFile; fileRef = 83B5DECA18BFA3130032F7E1 /* JCPathListViewController.m */; };
		83BA022718BE474D00EE7787 /* JCSigninViewController.m in Sources */ = {isa = PBXBuildFile; fileRef = 83BA022618BE474D00EE7787 /* JCSigninViewController.m */; };
		83BA022D18BE477700EE7787 /* JCSigninViewModel.m in Sources */ = {isa = PBXBuildFile; fileRef = 83BA022C18BE477700EE7787 /* JCSigninViewModel.m */; };
		83BA023018BE482B00EE7787 /* JCSigninView.m in Sources */ = {isa = PBXBuildFile; fileRef = 83BA022F18BE482B00EE7787 /* JCSigninView.m */; };
		83BD285E18CA04C50042F1E3 /* JCRouteViewModel.m in Sources */ = {isa = PBXBuildFile; fileRef = 83BD285D18CA04C50042F1E3 /* JCRouteViewModel.m */; };
		83BD286118CA06640042F1E3 /* JCRoutePointViewModel.m in Sources */ = {isa = PBXBuildFile; fileRef = 83BD286018CA06640042F1E3 /* JCRoutePointViewModel.m */; };
		83D98DD018C9D3AD00E72279 /* JCLocationManager.m in Sources */ = {isa = PBXBuildFile; fileRef = 83D98DCF18C9D3AD00E72279 /* JCLocationManager.m */; };
		83D98DD418C9DB2F00E72279 /* JCRouteCaptureViewController.m in Sources */ = {isa = PBXBuildFile; fileRef = 83D98DD318C9DB2F00E72279 /* JCRouteCaptureViewController.m */; };
		83D98DD718C9DB4100E72279 /* JCCaptureView.m in Sources */ = {isa = PBXBuildFile; fileRef = 83D98DD618C9DB4100E72279 /* JCCaptureView.m */; };
		83DC969918D0762800E66C26 /* Settings.bundle in Resources */ = {isa = PBXBuildFile; fileRef = 83DC969818D0762800E66C26 /* Settings.bundle */; };
		83DC969D18D07FA400E66C26 /* JCNavViewController.m in Sources */ = {isa = PBXBuildFile; fileRef = 83DC969C18D07FA400E66C26 /* JCNavViewController.m */; };
		83F811E118C49E860010B1CD /* JCJourneyModel.xcdatamodeld in Sources */ = {isa = PBXBuildFile; fileRef = 83F811DF18C49E860010B1CD /* JCJourneyModel.xcdatamodeld */; };
		83F811E418C4C1470010B1CD /* JCAPIManager.m in Sources */ = {isa = PBXBuildFile; fileRef = 83F811E318C4C1470010B1CD /* JCAPIManager.m */; };
		EA1572DE908A4ADA8D403842 /* libPods.a in Frameworks */ = {isa = PBXBuildFile; fileRef = 12E8303FB46D4087967CEECE /* libPods.a */; };
/* End PBXBuildFile section */

/* Begin PBXContainerItemProxy section */
		831EDB6618BCBB34001468E4 /* PBXContainerItemProxy */ = {
			isa = PBXContainerItemProxy;
			containerPortal = 831EDB3E18BCBB33001468E4 /* Project object */;
			proxyType = 1;
			remoteGlobalIDString = 831EDB4518BCBB33001468E4;
			remoteInfo = JourneyCapture;
		};
/* End PBXContainerItemProxy section */

/* Begin PBXFileReference section */
		121A364C1924BA8500C3FB31 /* Route.h */ = {isa = PBXFileReference; fileEncoding = 4; lastKnownFileType = sourcecode.c.h; path = Route.h; sourceTree = "<group>"; };
		121A364D1924BA8500C3FB31 /* Route.m */ = {isa = PBXFileReference; fileEncoding = 4; lastKnownFileType = sourcecode.c.objc; path = Route.m; sourceTree = "<group>"; };
		121A364F1924C86F00C3FB31 /* JCRouteManager.h */ = {isa = PBXFileReference; fileEncoding = 4; lastKnownFileType = sourcecode.c.h; path = JCRouteManager.h; sourceTree = "<group>"; };
		121A36501924C86F00C3FB31 /* JCRouteManager.m */ = {isa = PBXFileReference; fileEncoding = 4; lastKnownFileType = sourcecode.c.objc; path = JCRouteManager.m; sourceTree = "<group>"; };
		121A36521924F41100C3FB31 /* Weather.h */ = {isa = PBXFileReference; fileEncoding = 4; lastKnownFileType = sourcecode.c.h; path = Weather.h; sourceTree = "<group>"; };
		121A36531924F41100C3FB31 /* Weather.m */ = {isa = PBXFileReference; fileEncoding = 4; lastKnownFileType = sourcecode.c.objc; path = Weather.m; sourceTree = "<group>"; };
		121E1FF5193497090057599E /* JCCycleMapAnnotation.h */ = {isa = PBXFileReference; fileEncoding = 4; lastKnownFileType = sourcecode.c.h; path = JCCycleMapAnnotation.h; sourceTree = "<group>"; };
		121E1FF6193497090057599E /* JCCycleMapAnnotation.m */ = {isa = PBXFileReference; fileEncoding = 4; lastKnownFileType = sourcecode.c.objc; path = JCCycleMapAnnotation.m; sourceTree = "<group>"; };
		12477C781919160C00CCF5E5 /* JCWeatherViewModel.h */ = {isa = PBXFileReference; fileEncoding = 4; lastKnownFileType = sourcecode.c.h; path = JCWeatherViewModel.h; sourceTree = "<group>"; };
		12477C791919160C00CCF5E5 /* JCWeatherViewModel.m */ = {isa = PBXFileReference; fileEncoding = 4; lastKnownFileType = sourcecode.c.objc; path = JCWeatherViewModel.m; sourceTree = "<group>"; };
		12477C7B1919196700CCF5E5 /* JCWeatherView.h */ = {isa = PBXFileReference; fileEncoding = 4; lastKnownFileType = sourcecode.c.h; path = JCWeatherView.h; sourceTree = "<group>"; };
		12477C7C1919196700CCF5E5 /* JCWeatherView.m */ = {isa = PBXFileReference; fileEncoding = 4; lastKnownFileType = sourcecode.c.objc; path = JCWeatherView.m; sourceTree = "<group>"; };
		124A6E9B192A318C009E24AC /* JCStatsViewController.h */ = {isa = PBXFileReference; fileEncoding = 4; lastKnownFileType = sourcecode.c.h; path = JCStatsViewController.h; sourceTree = "<group>"; };
		124A6E9C192A318C009E24AC /* JCStatsViewController.m */ = {isa = PBXFileReference; fileEncoding = 4; lastKnownFileType = sourcecode.c.objc; path = JCStatsViewController.m; sourceTree = "<group>"; };
		124A6E9E192A39D4009E24AC /* JCUserHeaderView.h */ = {isa = PBXFileReference; fileEncoding = 4; lastKnownFileType = sourcecode.c.h; path = JCUserHeaderView.h; sourceTree = "<group>"; };
		124A6E9F192A39D4009E24AC /* JCUserHeaderView.m */ = {isa = PBXFileReference; fileEncoding = 4; lastKnownFileType = sourcecode.c.objc; path = JCUserHeaderView.m; sourceTree = "<group>"; };
		124A6EA1192A4DE8009E24AC /* JCBarChartView.h */ = {isa = PBXFileReference; fileEncoding = 4; lastKnownFileType = sourcecode.c.h; path = JCBarChartView.h; sourceTree = "<group>"; };
		124A6EA2192A4DE8009E24AC /* JCBarChartView.m */ = {isa = PBXFileReference; fileEncoding = 4; lastKnownFileType = sourcecode.c.objc; path = JCBarChartView.m; sourceTree = "<group>"; };
		124A6EA7192A4E2D009E24AC /* JCLineGraphView.h */ = {isa = PBXFileReference; fileEncoding = 4; lastKnownFileType = sourcecode.c.h; path = JCLineGraphView.h; sourceTree = "<group>"; };
		124A6EA8192A4E2D009E24AC /* JCLineGraphView.m */ = {isa = PBXFileReference; fileEncoding = 4; lastKnownFileType = sourcecode.c.objc; path = JCLineGraphView.m; sourceTree = "<group>"; };
		124A6EAA192A4E36009E24AC /* JCPieChartView.h */ = {isa = PBXFileReference; fileEncoding = 4; lastKnownFileType = sourcecode.c.h; path = JCPieChartView.h; sourceTree = "<group>"; };
		124A6EAB192A4E36009E24AC /* JCPieChartView.m */ = {isa = PBXFileReference; fileEncoding = 4; lastKnownFileType = sourcecode.c.objc; path = JCPieChartView.m; sourceTree = "<group>"; };
		124A6EAD192A4EC4009E24AC /* JCGraphView.h */ = {isa = PBXFileReference; fileEncoding = 4; lastKnownFileType = sourcecode.c.h; path = JCGraphView.h; sourceTree = "<group>"; };
		124A6EAE192A4EC4009E24AC /* JCGraphView.m */ = {isa = PBXFileReference; fileEncoding = 4; lastKnownFileType = sourcecode.c.objc; path = JCGraphView.m; sourceTree = "<group>"; };
		124A6EB2192A525F009E24AC /* JCUsageViewModel.h */ = {isa = PBXFileReference; fileEncoding = 4; lastKnownFileType = sourcecode.c.h; path = JCUsageViewModel.h; sourceTree = "<group>"; };
		124A6EB3192A525F009E24AC /* JCUsageViewModel.m */ = {isa = PBXFileReference; fileEncoding = 4; lastKnownFileType = sourcecode.c.objc; path = JCUsageViewModel.m; sourceTree = "<group>"; };
		125340FD1913A489008E1856 /* JCPathCell.xib */ = {isa = PBXFileReference; fileEncoding = 4; lastKnownFileType = file.xib; path = JCPathCell.xib; sourceTree = "<group>"; };
		125D7EC7193392B400187A17 /* JCCycleMapViewController.h */ = {isa = PBXFileReference; fileEncoding = 4; lastKnownFileType = sourcecode.c.h; path = JCCycleMapViewController.h; sourceTree = "<group>"; };
		125D7EC8193392B400187A17 /* JCCycleMapViewController.m */ = {isa = PBXFileReference; fileEncoding = 4; lastKnownFileType = sourcecode.c.objc; path = JCCycleMapViewController.m; sourceTree = "<group>"; };
		125D7ECA193392C700187A17 /* JCCycleMapView.h */ = {isa = PBXFileReference; fileEncoding = 4; lastKnownFileType = sourcecode.c.h; path = JCCycleMapView.h; sourceTree = "<group>"; };
		125D7ECB193392C700187A17 /* JCCycleMapView.m */ = {isa = PBXFileReference; fileEncoding = 4; lastKnownFileType = sourcecode.c.objc; path = JCCycleMapView.m; sourceTree = "<group>"; tabWidth = 4; };
		125D7ECE193394DB00187A17 /* JCCycleMapViewModel.h */ = {isa = PBXFileReference; fileEncoding = 4; lastKnownFileType = sourcecode.c.h; path = JCCycleMapViewModel.h; sourceTree = "<group>"; };
		125D7ECF193394DB00187A17 /* JCCycleMapViewModel.m */ = {isa = PBXFileReference; fileEncoding = 4; lastKnownFileType = sourcecode.c.objc; path = JCCycleMapViewModel.m; sourceTree = "<group>"; };
		125D7ED119339AD200187A17 /* JCCycleMapLocationViewModel.h */ = {isa = PBXFileReference; fileEncoding = 4; lastKnownFileType = sourcecode.c.h; path = JCCycleMapLocationViewModel.h; sourceTree = "<group>"; };
		125D7ED219339AD200187A17 /* JCCycleMapLocationViewModel.m */ = {isa = PBXFileReference; fileEncoding = 4; lastKnownFileType = sourcecode.c.objc; path = JCCycleMapLocationViewModel.m; sourceTree = "<group>"; };
		129BE684191BC3DE0021437F /* JCPathViewModel.h */ = {isa = PBXFileReference; fileEncoding = 4; lastKnownFileType = sourcecode.c.h; path = JCPathViewModel.h; sourceTree = "<group>"; };
		129BE685191BC3DE0021437F /* JCPathViewModel.m */ = {isa = PBXFileReference; fileEncoding = 4; lastKnownFileType = sourcecode.c.objc; path = JCPathViewModel.m; sourceTree = "<group>"; };
		129BE687191BC5470021437F /* JCCaptureViewModel.h */ = {isa = PBXFileReference; fileEncoding = 4; lastKnownFileType = sourcecode.c.h; path = JCCaptureViewModel.h; sourceTree = "<group>"; };
		129BE688191BC5470021437F /* JCCaptureViewModel.m */ = {isa = PBXFileReference; fileEncoding = 4; lastKnownFileType = sourcecode.c.objc; path = JCCaptureViewModel.m; sourceTree = "<group>"; };
		12A9C26B190FAB8C004BB4B5 /* UIColor+Application.h */ = {isa = PBXFileReference; fileEncoding = 4; lastKnownFileType = sourcecode.c.h; path = "UIColor+Application.h"; sourceTree = "<group>"; };
		12A9C26C190FAB8C004BB4B5 /* UIColor+Application.m */ = {isa = PBXFileReference; fileEncoding = 4; lastKnownFileType = sourcecode.c.objc; path = "UIColor+Application.m"; sourceTree = "<group>"; };
		12AABA34192C9D51005DE6AC /* JCStatViewModel.h */ = {isa = PBXFileReference; fileEncoding = 4; lastKnownFileType = sourcecode.c.h; path = JCStatViewModel.h; sourceTree = "<group>"; };
		12AABA35192C9D51005DE6AC /* JCStatViewModel.m */ = {isa = PBXFileReference; fileEncoding = 4; lastKnownFileType = sourcecode.c.objc; path = JCStatViewModel.m; sourceTree = "<group>"; };
		12AABA37192CABE2005DE6AC /* JCGraphScrollView.h */ = {isa = PBXFileReference; fileEncoding = 4; lastKnownFileType = sourcecode.c.h; path = JCGraphScrollView.h; sourceTree = "<group>"; };
		12AABA38192CABE2005DE6AC /* JCGraphScrollView.m */ = {isa = PBXFileReference; fileEncoding = 4; lastKnownFileType = sourcecode.c.objc; path = JCGraphScrollView.m; sourceTree = "<group>"; };
		12AABA3D192CE508005DE6AC /* JCGraphFooterView.h */ = {isa = PBXFileReference; fileEncoding = 4; lastKnownFileType = sourcecode.c.h; path = JCGraphFooterView.h; sourceTree = "<group>"; };
		12AABA3E192CE508005DE6AC /* JCGraphFooterView.m */ = {isa = PBXFileReference; fileEncoding = 4; lastKnownFileType = sourcecode.c.objc; path = JCGraphFooterView.m; sourceTree = "<group>"; };
		12AF45EC191A72F7003F7524 /* JCJourneyViewModel.h */ = {isa = PBXFileReference; fileEncoding = 4; lastKnownFileType = sourcecode.c.h; path = JCJourneyViewModel.h; sourceTree = "<group>"; };
		12AF45ED191A72F7003F7524 /* JCJourneyViewModel.m */ = {isa = PBXFileReference; fileEncoding = 4; lastKnownFileType = sourcecode.c.objc; path = JCJourneyViewModel.m; sourceTree = "<group>"; };
		12B660AB1922750800F3E9BF /* JCNearbyJourneyListViewModel.h */ = {isa = PBXFileReference; fileEncoding = 4; lastKnownFileType = sourcecode.c.h; path = JCNearbyJourneyListViewModel.h; sourceTree = "<group>"; };
		12B660AC1922750800F3E9BF /* JCNearbyJourneyListViewModel.m */ = {isa = PBXFileReference; fileEncoding = 4; lastKnownFileType = sourcecode.c.objc; path = JCNearbyJourneyListViewModel.m; sourceTree = "<group>"; };
		12BCB75019114AA500629192 /* JCCaptureStatsView.h */ = {isa = PBXFileReference; fileEncoding = 4; lastKnownFileType = sourcecode.c.h; path = JCCaptureStatsView.h; sourceTree = "<group>"; };
		12BCB75119114AA500629192 /* JCCaptureStatsView.m */ = {isa = PBXFileReference; fileEncoding = 4; lastKnownFileType = sourcecode.c.objc; path = JCCaptureStatsView.m; sourceTree = "<group>"; };
		12BEEA0919129BDA00025B0E /* JCUserJourneyListViewModel.h */ = {isa = PBXFileReference; fileEncoding = 4; lastKnownFileType = sourcecode.c.h; path = JCUserJourneyListViewModel.h; sourceTree = "<group>"; };
		12BEEA0A19129BDA00025B0E /* JCUserJourneyListViewModel.m */ = {isa = PBXFileReference; fileEncoding = 4; lastKnownFileType = sourcecode.c.objc; path = JCUserJourneyListViewModel.m; sourceTree = "<group>"; };
		12C76B0D1912A22400B7F964 /* JCLoadingView.h */ = {isa = PBXFileReference; fileEncoding = 4; lastKnownFileType = sourcecode.c.h; path = JCLoadingView.h; sourceTree = "<group>"; };
		12C76B0E1912A22400B7F964 /* JCLoadingView.m */ = {isa = PBXFileReference; fileEncoding = 4; lastKnownFileType = sourcecode.c.objc; path = JCLoadingView.m; sourceTree = "<group>"; };
		12CBB2971935E92400243A1E /* JCUserManager.h */ = {isa = PBXFileReference; fileEncoding = 4; lastKnownFileType = sourcecode.c.h; path = JCUserManager.h; sourceTree = "<group>"; };
		12CBB2981935E92400243A1E /* JCUserManager.m */ = {isa = PBXFileReference; fileEncoding = 4; lastKnownFileType = sourcecode.c.objc; path = JCUserManager.m; sourceTree = "<group>"; };
		12DCCF2E192F4DBE0016B061 /* JCStatsSummaryView.h */ = {isa = PBXFileReference; fileEncoding = 4; lastKnownFileType = sourcecode.c.h; path = JCStatsSummaryView.h; sourceTree = "<group>"; };
		12DCCF2F192F4DBE0016B061 /* JCStatsSummaryView.m */ = {isa = PBXFileReference; fileEncoding = 4; lastKnownFileType = sourcecode.c.objc; path = JCStatsSummaryView.m; sourceTree = "<group>"; };
		12E8303FB46D4087967CEECE /* libPods.a */ = {isa = PBXFileReference; explicitFileType = archive.ar; includeInIndex = 0; path = libPods.a; sourceTree = BUILT_PRODUCTS_DIR; };
		12EF442D19237D1E00C392E9 /* User.h */ = {isa = PBXFileReference; fileEncoding = 4; lastKnownFileType = sourcecode.c.h; path = User.h; sourceTree = "<group>"; };
		12EF442E19237D1E00C392E9 /* User.m */ = {isa = PBXFileReference; fileEncoding = 4; lastKnownFileType = sourcecode.c.objc; path = User.m; sourceTree = "<group>"; };
		12EF44361923BDEB00C392E9 /* RoutePoint.h */ = {isa = PBXFileReference; fileEncoding = 4; lastKnownFileType = sourcecode.c.h; path = RoutePoint.h; sourceTree = "<group>"; };
		12EF44371923BDEB00C392E9 /* RoutePoint.m */ = {isa = PBXFileReference; fileEncoding = 4; lastKnownFileType = sourcecode.c.objc; path = RoutePoint.m; sourceTree = "<group>"; };
		12F8E6F4190FEFC900AA0216 /* JCMenuCell.xib */ = {isa = PBXFileReference; fileEncoding = 4; lastKnownFileType = file.xib; path = JCMenuCell.xib; sourceTree = "<group>"; };
		12F8E6F6190FF0FB00AA0216 /* JCMenuTableViewCell.h */ = {isa = PBXFileReference; fileEncoding = 4; lastKnownFileType = sourcecode.c.h; path = JCMenuTableViewCell.h; sourceTree = "<group>"; };
		12F8E6F7190FF0FB00AA0216 /* JCMenuTableViewCell.m */ = {isa = PBXFileReference; fileEncoding = 4; lastKnownFileType = sourcecode.c.objc; path = JCMenuTableViewCell.m; sourceTree = "<group>"; };
		12F8E6F9190FFE3C00AA0216 /* JCScrollView.h */ = {isa = PBXFileReference; fileEncoding = 4; lastKnownFileType = sourcecode.c.h; path = JCScrollView.h; sourceTree = "<group>"; };
		12F8E6FA190FFE3C00AA0216 /* JCScrollView.m */ = {isa = PBXFileReference; fileEncoding = 4; lastKnownFileType = sourcecode.c.objc; path = JCScrollView.m; sourceTree = "<group>"; };
		12FBAC591920C58E00ADFF0F /* JCRouteListViewModel.h */ = {isa = PBXFileReference; fileEncoding = 4; lastKnownFileType = sourcecode.c.h; path = JCRouteListViewModel.h; sourceTree = "<group>"; };
		12FBAC5A1920C58E00ADFF0F /* JCRouteListViewModel.m */ = {isa = PBXFileReference; fileEncoding = 4; lastKnownFileType = sourcecode.c.objc; path = JCRouteListViewModel.m; sourceTree = "<group>"; };
		12FBAC5F19211BFB00ADFF0F /* JCRouteView.h */ = {isa = PBXFileReference; fileEncoding = 4; lastKnownFileType = sourcecode.c.h; path = JCRouteView.h; sourceTree = "<group>"; };
		12FBAC6019211BFB00ADFF0F /* JCRouteView.m */ = {isa = PBXFileReference; fileEncoding = 4; lastKnownFileType = sourcecode.c.objc; path = JCRouteView.m; sourceTree = "<group>"; };
		6E101EAB192E2AE10046E096 /* JCQuestionView.h */ = {isa = PBXFileReference; fileEncoding = 4; lastKnownFileType = sourcecode.c.h; path = JCQuestionView.h; sourceTree = "<group>"; };
		6E101EAC192E2AE10046E096 /* JCQuestionView.m */ = {isa = PBXFileReference; fileEncoding = 4; lastKnownFileType = sourcecode.c.objc; path = JCQuestionView.m; sourceTree = "<group>"; };
		6E6701AC19333D3500C6E02A /* JCSettingsViewController.h */ = {isa = PBXFileReference; fileEncoding = 4; lastKnownFileType = sourcecode.c.h; path = JCSettingsViewController.h; sourceTree = "<group>"; };
		6E6701AD19333D3500C6E02A /* JCSettingsViewController.m */ = {isa = PBXFileReference; fileEncoding = 4; lastKnownFileType = sourcecode.c.objc; path = JCSettingsViewController.m; sourceTree = "<group>"; };
		6E6701B019333D6600C6E02A /* JCSettingsView.h */ = {isa = PBXFileReference; fileEncoding = 4; lastKnownFileType = sourcecode.c.h; path = JCSettingsView.h; sourceTree = "<group>"; };
		6E6701B119333D6600C6E02A /* JCSettingsView.m */ = {isa = PBXFileReference; fileEncoding = 4; lastKnownFileType = sourcecode.c.objc; path = JCSettingsView.m; sourceTree = "<group>"; };
		6E6701B3193344AC00C6E02A /* JCSettingsViewModel.h */ = {isa = PBXFileReference; fileEncoding = 4; lastKnownFileType = sourcecode.c.h; path = JCSettingsViewModel.h; sourceTree = "<group>"; };
		6E6701B4193344AC00C6E02A /* JCSettingsViewModel.m */ = {isa = PBXFileReference; fileEncoding = 4; lastKnownFileType = sourcecode.c.objc; path = JCSettingsViewModel.m; sourceTree = "<group>"; };
		6E6701B71934BAB300C6E02A /* JCPasswordView.h */ = {isa = PBXFileReference; fileEncoding = 4; lastKnownFileType = sourcecode.c.h; path = JCPasswordView.h; sourceTree = "<group>"; };
		6E6701B81934BAB300C6E02A /* JCPasswordView.m */ = {isa = PBXFileReference; fileEncoding = 4; lastKnownFileType = sourcecode.c.objc; path = JCPasswordView.m; sourceTree = "<group>"; };
		6E6701BA1934BF9400C6E02A /* JCPasswordViewModel.h */ = {isa = PBXFileReference; fileEncoding = 4; lastKnownFileType = sourcecode.c.h; path = JCPasswordViewModel.h; sourceTree = "<group>"; };
		6E6701BB1934BF9400C6E02A /* JCPasswordViewModel.m */ = {isa = PBXFileReference; fileEncoding = 4; lastKnownFileType = sourcecode.c.objc; path = JCPasswordViewModel.m; sourceTree = "<group>"; };
		6E6701BD1934D6C600C6E02A /* JCPasswordViewController.h */ = {isa = PBXFileReference; fileEncoding = 4; lastKnownFileType = sourcecode.c.h; path = JCPasswordViewController.h; sourceTree = "<group>"; };
		6E6701BE1934D6C600C6E02A /* JCPasswordViewController.m */ = {isa = PBXFileReference; fileEncoding = 4; lastKnownFileType = sourcecode.c.objc; path = JCPasswordViewController.m; sourceTree = "<group>"; };
		6EBFED55192A1D5100570D32 /* JCSearchViewController.h */ = {isa = PBXFileReference; fileEncoding = 4; lastKnownFileType = sourcecode.c.h; path = JCSearchViewController.h; sourceTree = "<group>"; };
		6EBFED56192A1D5100570D32 /* JCSearchViewController.m */ = {isa = PBXFileReference; fileEncoding = 4; lastKnownFileType = sourcecode.c.objc; path = JCSearchViewController.m; sourceTree = "<group>"; };
		6EBFED58192A31FC00570D32 /* JCSearchView.h */ = {isa = PBXFileReference; fileEncoding = 4; lastKnownFileType = sourcecode.c.h; path = JCSearchView.h; sourceTree = "<group>"; };
		6EBFED59192A31FC00570D32 /* JCSearchView.m */ = {isa = PBXFileReference; fileEncoding = 4; lastKnownFileType = sourcecode.c.objc; path = JCSearchView.m; sourceTree = "<group>"; };
		6EBFED61192B9F2100570D32 /* JCSearchJourneyListViewModel.h */ = {isa = PBXFileReference; fileEncoding = 4; lastKnownFileType = sourcecode.c.h; path = JCSearchJourneyListViewModel.h; sourceTree = "<group>"; };
		6EBFED62192B9F2100570D32 /* JCSearchJourneyListViewModel.m */ = {isa = PBXFileReference; fileEncoding = 4; lastKnownFileType = sourcecode.c.objc; path = JCSearchJourneyListViewModel.m; sourceTree = "<group>"; };
		73ACC7EA43C14FAF77264C52 /* JCPathListViewModel.h */ = {isa = PBXFileReference; fileEncoding = 4; lastKnownFileType = sourcecode.c.h; path = JCPathListViewModel.h; sourceTree = "<group>"; };
		73ACCCC12D9D9FB10A105A7F /* JCPathListViewModel.m */ = {isa = PBXFileReference; fileEncoding = 4; lastKnownFileType = sourcecode.c.objc; path = JCPathListViewModel.m; sourceTree = "<group>"; };
		8303E2D018C61C5700215760 /* JCQuestionViewModel.h */ = {isa = PBXFileReference; fileEncoding = 4; lastKnownFileType = sourcecode.c.h; path = JCQuestionViewModel.h; sourceTree = "<group>"; };
		8303E2D118C61C5700215760 /* JCQuestionViewModel.m */ = {isa = PBXFileReference; fileEncoding = 4; lastKnownFileType = sourcecode.c.objc; path = JCQuestionViewModel.m; sourceTree = "<group>"; };
		8303E2D318C61E2100215760 /* JCQuestionViewController.h */ = {isa = PBXFileReference; fileEncoding = 4; lastKnownFileType = sourcecode.c.h; path = JCQuestionViewController.h; sourceTree = "<group>"; };
		8303E2D418C61E2100215760 /* JCQuestionViewController.m */ = {isa = PBXFileReference; fileEncoding = 4; lastKnownFileType = sourcecode.c.objc; path = JCQuestionViewController.m; sourceTree = "<group>"; };
		8303E2D618C62C2300215760 /* JCQuestionListViewModel.h */ = {isa = PBXFileReference; fileEncoding = 4; lastKnownFileType = sourcecode.c.h; path = JCQuestionListViewModel.h; sourceTree = "<group>"; };
		8303E2D718C62C2300215760 /* JCQuestionListViewModel.m */ = {isa = PBXFileReference; fileEncoding = 4; lastKnownFileType = sourcecode.c.objc; path = JCQuestionListViewModel.m; sourceTree = "<group>"; };
		830C31CC18BCDF4800B7CC47 /* JCSignupViewController.h */ = {isa = PBXFileReference; fileEncoding = 4; lastKnownFileType = sourcecode.c.h; path = JCSignupViewController.h; sourceTree = "<group>"; };
		830C31CD18BCDF4800B7CC47 /* JCSignupViewController.m */ = {isa = PBXFileReference; fileEncoding = 4; lastKnownFileType = sourcecode.c.objc; path = JCSignupViewController.m; sourceTree = "<group>"; };
		831EDB4618BCBB33001468E4 /* JourneyCapture.app */ = {isa = PBXFileReference; explicitFileType = wrapper.application; includeInIndex = 0; path = JourneyCapture.app; sourceTree = BUILT_PRODUCTS_DIR; };
		831EDB4918BCBB33001468E4 /* Foundation.framework */ = {isa = PBXFileReference; lastKnownFileType = wrapper.framework; name = Foundation.framework; path = System/Library/Frameworks/Foundation.framework; sourceTree = SDKROOT; };
		831EDB4B18BCBB33001468E4 /* CoreGraphics.framework */ = {isa = PBXFileReference; lastKnownFileType = wrapper.framework; name = CoreGraphics.framework; path = System/Library/Frameworks/CoreGraphics.framework; sourceTree = SDKROOT; };
		831EDB4D18BCBB33001468E4 /* UIKit.framework */ = {isa = PBXFileReference; lastKnownFileType = wrapper.framework; name = UIKit.framework; path = System/Library/Frameworks/UIKit.framework; sourceTree = SDKROOT; };
		831EDB5118BCBB33001468E4 /* JourneyCapture-Info.plist */ = {isa = PBXFileReference; lastKnownFileType = text.plist.xml; path = "JourneyCapture-Info.plist"; sourceTree = "<group>"; };
		831EDB5318BCBB33001468E4 /* en */ = {isa = PBXFileReference; lastKnownFileType = text.plist.strings; name = en; path = en.lproj/InfoPlist.strings; sourceTree = "<group>"; };
		831EDB5518BCBB33001468E4 /* main.m */ = {isa = PBXFileReference; lastKnownFileType = sourcecode.c.objc; path = main.m; sourceTree = "<group>"; };
		831EDB5718BCBB33001468E4 /* JourneyCapture-Prefix.pch */ = {isa = PBXFileReference; lastKnownFileType = sourcecode.c.h; path = "JourneyCapture-Prefix.pch"; sourceTree = "<group>"; };
		831EDB5818BCBB33001468E4 /* JCAppDelegate.h */ = {isa = PBXFileReference; lastKnownFileType = sourcecode.c.h; path = JCAppDelegate.h; sourceTree = "<group>"; };
		831EDB5918BCBB33001468E4 /* JCAppDelegate.m */ = {isa = PBXFileReference; lastKnownFileType = sourcecode.c.objc; path = JCAppDelegate.m; sourceTree = "<group>"; };
		831EDB5B18BCBB34001468E4 /* Images.xcassets */ = {isa = PBXFileReference; lastKnownFileType = folder.assetcatalog; path = Images.xcassets; sourceTree = "<group>"; };
		831EDB6118BCBB34001468E4 /* JourneyCaptureTests.xctest */ = {isa = PBXFileReference; explicitFileType = wrapper.cfbundle; includeInIndex = 0; path = JourneyCaptureTests.xctest; sourceTree = BUILT_PRODUCTS_DIR; };
		831EDB6218BCBB34001468E4 /* XCTest.framework */ = {isa = PBXFileReference; lastKnownFileType = wrapper.framework; name = XCTest.framework; path = Library/Frameworks/XCTest.framework; sourceTree = DEVELOPER_DIR; };
		831EDB6A18BCBB34001468E4 /* JourneyCaptureTests-Info.plist */ = {isa = PBXFileReference; lastKnownFileType = text.plist.xml; path = "JourneyCaptureTests-Info.plist"; sourceTree = "<group>"; };
		831EDB6C18BCBB34001468E4 /* en */ = {isa = PBXFileReference; lastKnownFileType = text.plist.strings; name = en; path = en.lproj/InfoPlist.strings; sourceTree = "<group>"; };
		831EDB6E18BCBB34001468E4 /* JourneyCaptureTests.m */ = {isa = PBXFileReference; lastKnownFileType = sourcecode.c.objc; path = JourneyCaptureTests.m; sourceTree = "<group>"; };
		8341421018BF55B70020CF97 /* JCUserViewController.h */ = {isa = PBXFileReference; fileEncoding = 4; lastKnownFileType = sourcecode.c.h; path = JCUserViewController.h; sourceTree = "<group>"; };
		8341421118BF55B70020CF97 /* JCUserViewController.m */ = {isa = PBXFileReference; fileEncoding = 4; lastKnownFileType = sourcecode.c.objc; path = JCUserViewController.m; sourceTree = "<group>"; };
		8341421318BF55C20020CF97 /* JCUserView.h */ = {isa = PBXFileReference; fileEncoding = 4; lastKnownFileType = sourcecode.c.h; path = JCUserView.h; sourceTree = "<group>"; };
		8341421418BF55C20020CF97 /* JCUserView.m */ = {isa = PBXFileReference; fileEncoding = 4; lastKnownFileType = sourcecode.c.objc; path = JCUserView.m; sourceTree = "<group>"; };
		8341421618BF55E80020CF97 /* JCUserViewModel.h */ = {isa = PBXFileReference; fileEncoding = 4; lastKnownFileType = sourcecode.c.h; path = JCUserViewModel.h; sourceTree = "<group>"; };
		8341421718BF55E80020CF97 /* JCUserViewModel.m */ = {isa = PBXFileReference; fileEncoding = 4; lastKnownFileType = sourcecode.c.objc; path = JCUserViewModel.m; sourceTree = "<group>"; };
		83501FDD18D0AC2D00CE7CFE /* UIImage+color.h */ = {isa = PBXFileReference; fileEncoding = 4; lastKnownFileType = sourcecode.c.h; path = "UIImage+color.h"; sourceTree = "<group>"; };
		83501FDE18D0AC2D00CE7CFE /* UIImage+color.m */ = {isa = PBXFileReference; fileEncoding = 4; lastKnownFileType = sourcecode.c.objc; path = "UIImage+color.m"; sourceTree = "<group>"; };
		83501FE018D0BA5800CE7CFE /* JCTextField.h */ = {isa = PBXFileReference; fileEncoding = 4; lastKnownFileType = sourcecode.c.h; path = JCTextField.h; sourceTree = "<group>"; };
		83501FE118D0BA5800CE7CFE /* JCTextField.m */ = {isa = PBXFileReference; fileEncoding = 4; lastKnownFileType = sourcecode.c.objc; path = JCTextField.m; sourceTree = "<group>"; };
		83519E7118CDC42800DA1E70 /* UIImage+Compression.h */ = {isa = PBXFileReference; fileEncoding = 4; lastKnownFileType = sourcecode.c.h; path = "UIImage+Compression.h"; sourceTree = "<group>"; };
		83519E7218CDC42800DA1E70 /* UIImage+Compression.m */ = {isa = PBXFileReference; fileEncoding = 4; lastKnownFileType = sourcecode.c.objc; path = "UIImage+Compression.m"; sourceTree = "<group>"; };
		83560C4D18BCE146004CE63C /* JCSignupViewModel.h */ = {isa = PBXFileReference; fileEncoding = 4; lastKnownFileType = sourcecode.c.h; path = JCSignupViewModel.h; sourceTree = "<group>"; };
		83560C4E18BCE146004CE63C /* JCSignupViewModel.m */ = {isa = PBXFileReference; fileEncoding = 4; lastKnownFileType = sourcecode.c.objc; path = JCSignupViewModel.m; sourceTree = "<group>"; };
		83641C1718D2052700671A2A /* JCNotificationManager.h */ = {isa = PBXFileReference; fileEncoding = 4; lastKnownFileType = sourcecode.c.h; path = JCNotificationManager.h; sourceTree = "<group>"; };
		83641C1818D2052700671A2A /* JCNotificationManager.m */ = {isa = PBXFileReference; fileEncoding = 4; lastKnownFileType = sourcecode.c.objc; path = JCNotificationManager.m; sourceTree = "<group>"; };
		83735C0318CF730C0050AB09 /* CoreLocation.framework */ = {isa = PBXFileReference; lastKnownFileType = wrapper.framework; name = CoreLocation.framework; path = System/Library/Frameworks/CoreLocation.framework; sourceTree = SDKROOT; };
		837B15A418BDF31F000EEFAB /* JCSignupView.h */ = {isa = PBXFileReference; fileEncoding = 4; lastKnownFileType = sourcecode.c.h; path = JCSignupView.h; sourceTree = "<group>"; };
		837B15A518BDF31F000EEFAB /* JCSignupView.m */ = {isa = PBXFileReference; fileEncoding = 4; lastKnownFileType = sourcecode.c.objc; path = JCSignupView.m; sourceTree = "<group>"; };
		837B15A718BE023B000EEFAB /* QuartzCore.framework */ = {isa = PBXFileReference; lastKnownFileType = wrapper.framework; name = QuartzCore.framework; path = System/Library/Frameworks/QuartzCore.framework; sourceTree = SDKROOT; };
		83B3484D18C09EFF00D59FB9 /* JCPathCell.h */ = {isa = PBXFileReference; fileEncoding = 4; lastKnownFileType = sourcecode.c.h; path = JCPathCell.h; sourceTree = "<group>"; };
		83B3484E18C09EFF00D59FB9 /* JCPathCell.m */ = {isa = PBXFileReference; fileEncoding = 4; lastKnownFileType = sourcecode.c.objc; path = JCPathCell.m; sourceTree = "<group>"; };
		83B3485A18C0BD1F00D59FB9 /* JCRouteViewController.h */ = {isa = PBXFileReference; fileEncoding = 4; lastKnownFileType = sourcecode.c.h; path = JCRouteViewController.h; sourceTree = "<group>"; };
		83B3485B18C0BD1F00D59FB9 /* JCRouteViewController.m */ = {isa = PBXFileReference; fileEncoding = 4; lastKnownFileType = sourcecode.c.objc; path = JCRouteViewController.m; sourceTree = "<group>"; };
		83B5DEC918BFA3130032F7E1 /* JCPathListViewController.h */ = {isa = PBXFileReference; fileEncoding = 4; lastKnownFileType = sourcecode.c.h; path = JCPathListViewController.h; sourceTree = "<group>"; };
		83B5DECA18BFA3130032F7E1 /* JCPathListViewController.m */ = {isa = PBXFileReference; fileEncoding = 4; lastKnownFileType = sourcecode.c.objc; path = JCPathListViewController.m; sourceTree = "<group>"; };
		83BA022518BE474D00EE7787 /* JCSigninViewController.h */ = {isa = PBXFileReference; fileEncoding = 4; lastKnownFileType = sourcecode.c.h; path = JCSigninViewController.h; sourceTree = "<group>"; };
		83BA022618BE474D00EE7787 /* JCSigninViewController.m */ = {isa = PBXFileReference; fileEncoding = 4; lastKnownFileType = sourcecode.c.objc; path = JCSigninViewController.m; sourceTree = "<group>"; };
		83BA022B18BE477700EE7787 /* JCSigninViewModel.h */ = {isa = PBXFileReference; fileEncoding = 4; lastKnownFileType = sourcecode.c.h; path = JCSigninViewModel.h; sourceTree = "<group>"; };
		83BA022C18BE477700EE7787 /* JCSigninViewModel.m */ = {isa = PBXFileReference; fileEncoding = 4; lastKnownFileType = sourcecode.c.objc; path = JCSigninViewModel.m; sourceTree = "<group>"; };
		83BA022E18BE482B00EE7787 /* JCSigninView.h */ = {isa = PBXFileReference; fileEncoding = 4; lastKnownFileType = sourcecode.c.h; path = JCSigninView.h; sourceTree = "<group>"; };
		83BA022F18BE482B00EE7787 /* JCSigninView.m */ = {isa = PBXFileReference; fileEncoding = 4; lastKnownFileType = sourcecode.c.objc; path = JCSigninView.m; sourceTree = "<group>"; };
		83BD285C18CA04C50042F1E3 /* JCRouteViewModel.h */ = {isa = PBXFileReference; fileEncoding = 4; lastKnownFileType = sourcecode.c.h; path = JCRouteViewModel.h; sourceTree = "<group>"; };
		83BD285D18CA04C50042F1E3 /* JCRouteViewModel.m */ = {isa = PBXFileReference; fileEncoding = 4; lastKnownFileType = sourcecode.c.objc; path = JCRouteViewModel.m; sourceTree = "<group>"; };
		83BD285F18CA06640042F1E3 /* JCRoutePointViewModel.h */ = {isa = PBXFileReference; fileEncoding = 4; lastKnownFileType = sourcecode.c.h; path = JCRoutePointViewModel.h; sourceTree = "<group>"; };
		83BD286018CA06640042F1E3 /* JCRoutePointViewModel.m */ = {isa = PBXFileReference; fileEncoding = 4; lastKnownFileType = sourcecode.c.objc; path = JCRoutePointViewModel.m; sourceTree = "<group>"; };
		83C1DB1918C7856C0005F79C /* MobileCoreServices.framework */ = {isa = PBXFileReference; lastKnownFileType = wrapper.framework; name = MobileCoreServices.framework; path = System/Library/Frameworks/MobileCoreServices.framework; sourceTree = SDKROOT; };
		83D98DCE18C9D3AD00E72279 /* JCLocationManager.h */ = {isa = PBXFileReference; fileEncoding = 4; lastKnownFileType = sourcecode.c.h; path = JCLocationManager.h; sourceTree = "<group>"; };
		83D98DCF18C9D3AD00E72279 /* JCLocationManager.m */ = {isa = PBXFileReference; fileEncoding = 4; lastKnownFileType = sourcecode.c.objc; path = JCLocationManager.m; sourceTree = "<group>"; };
		83D98DD218C9DB2F00E72279 /* JCRouteCaptureViewController.h */ = {isa = PBXFileReference; fileEncoding = 4; lastKnownFileType = sourcecode.c.h; path = JCRouteCaptureViewController.h; sourceTree = "<group>"; };
		83D98DD318C9DB2F00E72279 /* JCRouteCaptureViewController.m */ = {isa = PBXFileReference; fileEncoding = 4; lastKnownFileType = sourcecode.c.objc; path = JCRouteCaptureViewController.m; sourceTree = "<group>"; };
		83D98DD518C9DB4100E72279 /* JCCaptureView.h */ = {isa = PBXFileReference; fileEncoding = 4; lastKnownFileType = sourcecode.c.h; path = JCCaptureView.h; sourceTree = "<group>"; };
		83D98DD618C9DB4100E72279 /* JCCaptureView.m */ = {isa = PBXFileReference; fileEncoding = 4; lastKnownFileType = sourcecode.c.objc; path = JCCaptureView.m; sourceTree = "<group>"; };
		83DC969818D0762800E66C26 /* Settings.bundle */ = {isa = PBXFileReference; lastKnownFileType = "wrapper.plug-in"; path = Settings.bundle; sourceTree = "<group>"; };
		83DC969B18D07FA400E66C26 /* JCNavViewController.h */ = {isa = PBXFileReference; fileEncoding = 4; lastKnownFileType = sourcecode.c.h; path = JCNavViewController.h; sourceTree = "<group>"; };
		83DC969C18D07FA400E66C26 /* JCNavViewController.m */ = {isa = PBXFileReference; fileEncoding = 4; lastKnownFileType = sourcecode.c.objc; path = JCNavViewController.m; sourceTree = "<group>"; };
		83F811E018C49E860010B1CD /* JCJourneyModel.xcdatamodel */ = {isa = PBXFileReference; lastKnownFileType = wrapper.xcdatamodel; path = JCJourneyModel.xcdatamodel; sourceTree = "<group>"; };
		83F811E218C4C1470010B1CD /* JCAPIManager.h */ = {isa = PBXFileReference; fileEncoding = 4; lastKnownFileType = sourcecode.c.h; path = JCAPIManager.h; sourceTree = "<group>"; };
		83F811E318C4C1470010B1CD /* JCAPIManager.m */ = {isa = PBXFileReference; fileEncoding = 4; lastKnownFileType = sourcecode.c.objc; path = JCAPIManager.m; sourceTree = "<group>"; };
		B1A40FB2A1D844C5BE8468BE /* Pods.xcconfig */ = {isa = PBXFileReference; includeInIndex = 1; lastKnownFileType = text.xcconfig; name = Pods.xcconfig; path = Pods/Pods.xcconfig; sourceTree = "<group>"; };
		B9F63CCEB7BE445CAC45BA08 /* libPods-JourneyCapture.a */ = {isa = PBXFileReference; explicitFileType = archive.ar; includeInIndex = 0; path = "libPods-JourneyCapture.a"; sourceTree = BUILT_PRODUCTS_DIR; };
		BFAE2B91575B49EFA76C55F4 /* Pods-JourneyCapture.xcconfig */ = {isa = PBXFileReference; includeInIndex = 1; lastKnownFileType = text.xcconfig; name = "Pods-JourneyCapture.xcconfig"; path = "Pods/Pods-JourneyCapture.xcconfig"; sourceTree = "<group>"; };
/* End PBXFileReference section */

/* Begin PBXFrameworksBuildPhase section */
		831EDB4318BCBB33001468E4 /* Frameworks */ = {
			isa = PBXFrameworksBuildPhase;
			buildActionMask = 2147483647;
			files = (
				837B15A818BE023B000EEFAB /* QuartzCore.framework in Frameworks */,
				831EDB4C18BCBB33001468E4 /* CoreGraphics.framework in Frameworks */,
				831EDB4E18BCBB33001468E4 /* UIKit.framework in Frameworks */,
				831EDB4A18BCBB33001468E4 /* Foundation.framework in Frameworks */,
				EA1572DE908A4ADA8D403842 /* libPods.a in Frameworks */,
			);
			runOnlyForDeploymentPostprocessing = 0;
		};
		831EDB5E18BCBB34001468E4 /* Frameworks */ = {
			isa = PBXFrameworksBuildPhase;
			buildActionMask = 2147483647;
			files = (
				831EDB6318BCBB34001468E4 /* XCTest.framework in Frameworks */,
				831EDB6518BCBB34001468E4 /* UIKit.framework in Frameworks */,
				831EDB6418BCBB34001468E4 /* Foundation.framework in Frameworks */,
			);
			runOnlyForDeploymentPostprocessing = 0;
		};
/* End PBXFrameworksBuildPhase section */

/* Begin PBXGroup section */
		12477C771919153A00CCF5E5 /* Misc */ = {
			isa = PBXGroup;
			children = (
				12477C781919160C00CCF5E5 /* JCWeatherViewModel.h */,
				12477C791919160C00CCF5E5 /* JCWeatherViewModel.m */,
				129BE684191BC3DE0021437F /* JCPathViewModel.h */,
				129BE685191BC3DE0021437F /* JCPathViewModel.m */,
				73ACC7EA43C14FAF77264C52 /* JCPathListViewModel.h */,
				73ACCCC12D9D9FB10A105A7F /* JCPathListViewModel.m */,
			);
			name = Misc;
			sourceTree = "<group>";
		};
		124A6E9A192A3165009E24AC /* Stats */ = {
			isa = PBXGroup;
			children = (
				124A6E9B192A318C009E24AC /* JCStatsViewController.h */,
				124A6E9C192A318C009E24AC /* JCStatsViewController.m */,
				12AABA37192CABE2005DE6AC /* JCGraphScrollView.h */,
				12AABA38192CABE2005DE6AC /* JCGraphScrollView.m */,
				12DCCF2E192F4DBE0016B061 /* JCStatsSummaryView.h */,
				12DCCF2F192F4DBE0016B061 /* JCStatsSummaryView.m */,
				124A6EB0192A4ECA009E24AC /* Graphs */,
			);
			name = Stats;
			sourceTree = "<group>";
		};
		124A6EB0192A4ECA009E24AC /* Graphs */ = {
			isa = PBXGroup;
			children = (
				12AABA3D192CE508005DE6AC /* JCGraphFooterView.h */,
				12AABA3E192CE508005DE6AC /* JCGraphFooterView.m */,
				124A6EAD192A4EC4009E24AC /* JCGraphView.h */,
				124A6EAE192A4EC4009E24AC /* JCGraphView.m */,
				124A6EA1192A4DE8009E24AC /* JCBarChartView.h */,
				124A6EA2192A4DE8009E24AC /* JCBarChartView.m */,
				124A6EA7192A4E2D009E24AC /* JCLineGraphView.h */,
				124A6EA8192A4E2D009E24AC /* JCLineGraphView.m */,
				124A6EAA192A4E36009E24AC /* JCPieChartView.h */,
				124A6EAB192A4E36009E24AC /* JCPieChartView.m */,
			);
			name = Graphs;
			sourceTree = "<group>";
		};
		124A6EB1192A523F009E24AC /* Stats */ = {
			isa = PBXGroup;
			children = (
				124A6EB2192A525F009E24AC /* JCUsageViewModel.h */,
				124A6EB3192A525F009E24AC /* JCUsageViewModel.m */,
				12AABA34192C9D51005DE6AC /* JCStatViewModel.h */,
				12AABA35192C9D51005DE6AC /* JCStatViewModel.m */,
			);
			name = Stats;
			sourceTree = "<group>";
		};
		125340FC1913A412008E1856 /* Common */ = {
			isa = PBXGroup;
			children = (
				12C76B0D1912A22400B7F964 /* JCLoadingView.h */,
				12C76B0E1912A22400B7F964 /* JCLoadingView.m */,
			);
			name = Common;
			sourceTree = "<group>";
		};
		125D7EC619338FBD00187A17 /* Cycle Map */ = {
			isa = PBXGroup;
			children = (
				125D7EC7193392B400187A17 /* JCCycleMapViewController.h */,
				125D7EC8193392B400187A17 /* JCCycleMapViewController.m */,
				125D7ECA193392C700187A17 /* JCCycleMapView.h */,
				125D7ECB193392C700187A17 /* JCCycleMapView.m */,
				121E1FF5193497090057599E /* JCCycleMapAnnotation.h */,
				121E1FF6193497090057599E /* JCCycleMapAnnotation.m */,
			);
			name = "Cycle Map";
			sourceTree = "<group>";
		};
		125D7ECD193394C500187A17 /* Cycle Map */ = {
			isa = PBXGroup;
			children = (
				125D7ECE193394DB00187A17 /* JCCycleMapViewModel.h */,
				125D7ECF193394DB00187A17 /* JCCycleMapViewModel.m */,
				125D7ED119339AD200187A17 /* JCCycleMapLocationViewModel.h */,
				125D7ED219339AD200187A17 /* JCCycleMapLocationViewModel.m */,
			);
			name = "Cycle Map";
			sourceTree = "<group>";
		};
		129BE68A191BC54C0021437F /* Route Capture */ = {
			isa = PBXGroup;
			children = (
				129BE687191BC5470021437F /* JCCaptureViewModel.h */,
				129BE688191BC5470021437F /* JCCaptureViewModel.m */,
				83BD285F18CA06640042F1E3 /* JCRoutePointViewModel.h */,
				83BD286018CA06640042F1E3 /* JCRoutePointViewModel.m */,
			);
			name = "Route Capture";
			sourceTree = "<group>";
		};
		12FBAC531920C41B00ADFF0F /* Journey List */ = {
			isa = PBXGroup;
			children = (
				12BEEA0919129BDA00025B0E /* JCUserJourneyListViewModel.h */,
				12BEEA0A19129BDA00025B0E /* JCUserJourneyListViewModel.m */,
				12B660AB1922750800F3E9BF /* JCNearbyJourneyListViewModel.h */,
				12B660AC1922750800F3E9BF /* JCNearbyJourneyListViewModel.m */,
				6EBFED61192B9F2100570D32 /* JCSearchJourneyListViewModel.h */,
				6EBFED62192B9F2100570D32 /* JCSearchJourneyListViewModel.m */,
				12AF45EC191A72F7003F7524 /* JCJourneyViewModel.h */,
				12AF45ED191A72F7003F7524 /* JCJourneyViewModel.m */,
			);
			name = "Journey List";
			sourceTree = "<group>";
		};
		12FBAC581920C57B00ADFF0F /* Route List */ = {
			isa = PBXGroup;
			children = (
				12FBAC591920C58E00ADFF0F /* JCRouteListViewModel.h */,
				12FBAC5A1920C58E00ADFF0F /* JCRouteListViewModel.m */,
				83BD285C18CA04C50042F1E3 /* JCRouteViewModel.h */,
				83BD285D18CA04C50042F1E3 /* JCRouteViewModel.m */,
			);
			name = "Route List";
			sourceTree = "<group>";
		};
		6E6701AF19333D3F00C6E02A /* Settings */ = {
			isa = PBXGroup;
			children = (
				6E6701AC19333D3500C6E02A /* JCSettingsViewController.h */,
				6E6701AD19333D3500C6E02A /* JCSettingsViewController.m */,
				6E6701B019333D6600C6E02A /* JCSettingsView.h */,
				6E6701B119333D6600C6E02A /* JCSettingsView.m */,
				6E6701BD1934D6C600C6E02A /* JCPasswordViewController.h */,
				6E6701BE1934D6C600C6E02A /* JCPasswordViewController.m */,
				6E6701B71934BAB300C6E02A /* JCPasswordView.h */,
				6E6701B81934BAB300C6E02A /* JCPasswordView.m */,
			);
			name = Settings;
			sourceTree = "<group>";
		};
		6E6701B6193344B000C6E02A /* Settings */ = {
			isa = PBXGroup;
			children = (
				6E6701B3193344AC00C6E02A /* JCSettingsViewModel.h */,
				6E6701B4193344AC00C6E02A /* JCSettingsViewModel.m */,
				6E6701BA1934BF9400C6E02A /* JCPasswordViewModel.h */,
				6E6701BB1934BF9400C6E02A /* JCPasswordViewModel.m */,
			);
			name = Settings;
			sourceTree = "<group>";
		};
		6EBFED54192A1C8C00570D32 /* Search */ = {
			isa = PBXGroup;
			children = (
				6EBFED55192A1D5100570D32 /* JCSearchViewController.h */,
				6EBFED56192A1D5100570D32 /* JCSearchViewController.m */,
				6EBFED58192A31FC00570D32 /* JCSearchView.h */,
				6EBFED59192A31FC00570D32 /* JCSearchView.m */,
			);
			name = Search;
			sourceTree = "<group>";
		};
		8303E2CE18C619E900215760 /* Onboarding */ = {
			isa = PBXGroup;
			children = (
				8303E2D318C61E2100215760 /* JCQuestionViewController.h */,
				8303E2D418C61E2100215760 /* JCQuestionViewController.m */,
				6E101EAB192E2AE10046E096 /* JCQuestionView.h */,
				6E101EAC192E2AE10046E096 /* JCQuestionView.m */,
			);
			name = Onboarding;
			sourceTree = "<group>";
		};
		8303E2CF18C61C4100215760 /* Onboarding */ = {
			isa = PBXGroup;
			children = (
				8303E2D618C62C2300215760 /* JCQuestionListViewModel.h */,
				8303E2D718C62C2300215760 /* JCQuestionListViewModel.m */,
				8303E2D018C61C5700215760 /* JCQuestionViewModel.h */,
				8303E2D118C61C5700215760 /* JCQuestionViewModel.m */,
			);
			name = Onboarding;
			sourceTree = "<group>";
		};
		831EDB3D18BCBB33001468E4 = {
			isa = PBXGroup;
			children = (
				831EDB4F18BCBB33001468E4 /* JourneyCapture */,
				831EDB6818BCBB34001468E4 /* JourneyCaptureTests */,
				831EDB4818BCBB33001468E4 /* Frameworks */,
				831EDB4718BCBB33001468E4 /* Products */,
				BFAE2B91575B49EFA76C55F4 /* Pods-JourneyCapture.xcconfig */,
				B1A40FB2A1D844C5BE8468BE /* Pods.xcconfig */,
			);
			sourceTree = "<group>";
		};
		831EDB4718BCBB33001468E4 /* Products */ = {
			isa = PBXGroup;
			children = (
				831EDB4618BCBB33001468E4 /* JourneyCapture.app */,
				831EDB6118BCBB34001468E4 /* JourneyCaptureTests.xctest */,
			);
			name = Products;
			sourceTree = "<group>";
		};
		831EDB4818BCBB33001468E4 /* Frameworks */ = {
			isa = PBXGroup;
			children = (
				83735C0318CF730C0050AB09 /* CoreLocation.framework */,
				83C1DB1918C7856C0005F79C /* MobileCoreServices.framework */,
				837B15A718BE023B000EEFAB /* QuartzCore.framework */,
				831EDB4918BCBB33001468E4 /* Foundation.framework */,
				831EDB4B18BCBB33001468E4 /* CoreGraphics.framework */,
				831EDB4D18BCBB33001468E4 /* UIKit.framework */,
				831EDB6218BCBB34001468E4 /* XCTest.framework */,
				B9F63CCEB7BE445CAC45BA08 /* libPods-JourneyCapture.a */,
				12E8303FB46D4087967CEECE /* libPods.a */,
			);
			name = Frameworks;
			sourceTree = "<group>";
		};
		831EDB4F18BCBB33001468E4 /* JourneyCapture */ = {
			isa = PBXGroup;
			children = (
				838C16D418BCBBEB0053BFB1 /* Application */,
				838C16D618BCBBEB0053BFB1 /* Models */,
				838C16D818BCBBEB0053BFB1 /* ViewModels */,
				838C16D918BCBBEB0053BFB1 /* Views */,
				838C16D518BCBBEB0053BFB1 /* Library */,
				838C16D718BCBBEB0053BFB1 /* Support */,
				831EDB5B18BCBB34001468E4 /* Images.xcassets */,
			);
			path = JourneyCapture;
			sourceTree = "<group>";
		};
		831EDB6818BCBB34001468E4 /* JourneyCaptureTests */ = {
			isa = PBXGroup;
			children = (
				831EDB6E18BCBB34001468E4 /* JourneyCaptureTests.m */,
				831EDB6918BCBB34001468E4 /* Supporting Files */,
			);
			path = JourneyCaptureTests;
			sourceTree = "<group>";
		};
		831EDB6918BCBB34001468E4 /* Supporting Files */ = {
			isa = PBXGroup;
			children = (
				831EDB6A18BCBB34001468E4 /* JourneyCaptureTests-Info.plist */,
				831EDB6B18BCBB34001468E4 /* InfoPlist.strings */,
			);
			name = "Supporting Files";
			sourceTree = "<group>";
		};
		8341420E18BF55A30020CF97 /* User */ = {
			isa = PBXGroup;
			children = (
				8341421618BF55E80020CF97 /* JCUserViewModel.h */,
				8341421718BF55E80020CF97 /* JCUserViewModel.m */,
			);
			name = User;
			sourceTree = "<group>";
		};
		8341420F18BF55A90020CF97 /* User */ = {
			isa = PBXGroup;
			children = (
				8341421318BF55C20020CF97 /* JCUserView.h */,
				8341421418BF55C20020CF97 /* JCUserView.m */,
				124A6E9E192A39D4009E24AC /* JCUserHeaderView.h */,
				124A6E9F192A39D4009E24AC /* JCUserHeaderView.m */,
				8341421018BF55B70020CF97 /* JCUserViewController.h */,
				8341421118BF55B70020CF97 /* JCUserViewController.m */,
				12F8E6F4190FEFC900AA0216 /* JCMenuCell.xib */,
				12F8E6F6190FF0FB00AA0216 /* JCMenuTableViewCell.h */,
				12F8E6F7190FF0FB00AA0216 /* JCMenuTableViewCell.m */,
				12477C7B1919196700CCF5E5 /* JCWeatherView.h */,
				12477C7C1919196700CCF5E5 /* JCWeatherView.m */,
			);
			name = User;
			sourceTree = "<group>";
		};
		834663A418BE332C0056F692 /* Signup */ = {
			isa = PBXGroup;
			children = (
				837B15A418BDF31F000EEFAB /* JCSignupView.h */,
				837B15A518BDF31F000EEFAB /* JCSignupView.m */,
				830C31CC18BCDF4800B7CC47 /* JCSignupViewController.h */,
				830C31CD18BCDF4800B7CC47 /* JCSignupViewController.m */,
			);
			name = Signup;
			sourceTree = "<group>";
		};
		834663A518BE33360056F692 /* Signup */ = {
			isa = PBXGroup;
			children = (
				83560C4D18BCE146004CE63C /* JCSignupViewModel.h */,
				83560C4E18BCE146004CE63C /* JCSignupViewModel.m */,
			);
			name = Signup;
			sourceTree = "<group>";
		};
		838C16D418BCBBEB0053BFB1 /* Application */ = {
			isa = PBXGroup;
			children = (
				831EDB5818BCBB33001468E4 /* JCAppDelegate.h */,
				831EDB5918BCBB33001468E4 /* JCAppDelegate.m */,
			);
			path = Application;
			sourceTree = "<group>";
		};
		838C16D518BCBBEB0053BFB1 /* Library */ = {
			isa = PBXGroup;
			children = (
				83F811E218C4C1470010B1CD /* JCAPIManager.h */,
				83F811E318C4C1470010B1CD /* JCAPIManager.m */,
				83D98DCE18C9D3AD00E72279 /* JCLocationManager.h */,
				83D98DCF18C9D3AD00E72279 /* JCLocationManager.m */,
				83519E7118CDC42800DA1E70 /* UIImage+Compression.h */,
				83519E7218CDC42800DA1E70 /* UIImage+Compression.m */,
				83501FDD18D0AC2D00CE7CFE /* UIImage+color.h */,
				83501FDE18D0AC2D00CE7CFE /* UIImage+color.m */,
				83501FE018D0BA5800CE7CFE /* JCTextField.h */,
				83501FE118D0BA5800CE7CFE /* JCTextField.m */,
				83641C1718D2052700671A2A /* JCNotificationManager.h */,
				83641C1818D2052700671A2A /* JCNotificationManager.m */,
				12A9C26B190FAB8C004BB4B5 /* UIColor+Application.h */,
				12A9C26C190FAB8C004BB4B5 /* UIColor+Application.m */,
				12F8E6F9190FFE3C00AA0216 /* JCScrollView.h */,
				12F8E6FA190FFE3C00AA0216 /* JCScrollView.m */,
				121A364F1924C86F00C3FB31 /* JCRouteManager.h */,
				121A36501924C86F00C3FB31 /* JCRouteManager.m */,
				12CBB2971935E92400243A1E /* JCUserManager.h */,
				12CBB2981935E92400243A1E /* JCUserManager.m */,
			);
			path = Library;
			sourceTree = "<group>";
		};
		838C16D618BCBBEB0053BFB1 /* Models */ = {
			isa = PBXGroup;
			children = (
				83F811DF18C49E860010B1CD /* JCJourneyModel.xcdatamodeld */,
				121A36521924F41100C3FB31 /* Weather.h */,
				121A36531924F41100C3FB31 /* Weather.m */,
				121A364C1924BA8500C3FB31 /* Route.h */,
				121A364D1924BA8500C3FB31 /* Route.m */,
				12EF44361923BDEB00C392E9 /* RoutePoint.h */,
				12EF44371923BDEB00C392E9 /* RoutePoint.m */,
				12EF442D19237D1E00C392E9 /* User.h */,
				12EF442E19237D1E00C392E9 /* User.m */,
			);
			path = Models;
			sourceTree = "<group>";
		};
		838C16D718BCBBEB0053BFB1 /* Support */ = {
			isa = PBXGroup;
			children = (
				831EDB5118BCBB33001468E4 /* JourneyCapture-Info.plist */,
				831EDB5218BCBB33001468E4 /* InfoPlist.strings */,
				831EDB5518BCBB33001468E4 /* main.m */,
				831EDB5718BCBB33001468E4 /* JourneyCapture-Prefix.pch */,
				83DC969818D0762800E66C26 /* Settings.bundle */,
			);
			path = Support;
			sourceTree = "<group>";
		};
		838C16D818BCBBEB0053BFB1 /* ViewModels */ = {
			isa = PBXGroup;
			children = (
				12477C771919153A00CCF5E5 /* Misc */,
				83BA021B18BE3E5600EE7787 /* Signin */,
				834663A518BE33360056F692 /* Signup */,
				8303E2CF18C61C4100215760 /* Onboarding */,
				8341420E18BF55A30020CF97 /* User */,
				124A6EB1192A523F009E24AC /* Stats */,
				12FBAC531920C41B00ADFF0F /* Journey List */,
				12FBAC581920C57B00ADFF0F /* Route List */,
				129BE68A191BC54C0021437F /* Route Capture */,
				125D7ECD193394C500187A17 /* Cycle Map */,
				6E6701B6193344B000C6E02A /* Settings */,
			);
			path = ViewModels;
			sourceTree = "<group>";
		};
		838C16D918BCBBEB0053BFB1 /* Views */ = {
			isa = PBXGroup;
			children = (
				6E6701AF19333D3F00C6E02A /* Settings */,
				125340FC1913A412008E1856 /* Common */,
				83DC969A18D07F3E00E66C26 /* Nav */,
				83BA021E18BE3E7300EE7787 /* Signin */,
				834663A418BE332C0056F692 /* Signup */,
				8303E2CE18C619E900215760 /* Onboarding */,
				8341420F18BF55A90020CF97 /* User */,
				83D98DD118C9DAC900E72279 /* Route Capture */,
				6EBFED54192A1C8C00570D32 /* Search */,
				124A6E9A192A3165009E24AC /* Stats */,
				83B5DEC418BFA1F10032F7E1 /* Journey/Route Lists */,
				83B3485618C0BCD100D59FB9 /* Route View */,
				6E101EB8192F87F90046E096 /* Settings */,
				125D7EC619338FBD00187A17 /* Cycle Map */,
			);
			path = Views;
			sourceTree = "<group>";
		};
		83B3485618C0BCD100D59FB9 /* Route View */ = {
			isa = PBXGroup;
			children = (
				83B3485A18C0BD1F00D59FB9 /* JCRouteViewController.h */,
				83B3485B18C0BD1F00D59FB9 /* JCRouteViewController.m */,
				12FBAC5F19211BFB00ADFF0F /* JCRouteView.h */,
				12FBAC6019211BFB00ADFF0F /* JCRouteView.m */,
			);
			name = "Route View";
			sourceTree = "<group>";
		};
		83B5DEC418BFA1F10032F7E1 /* Journey/Route Lists */ = {
			isa = PBXGroup;
			children = (
				83B3484D18C09EFF00D59FB9 /* JCPathCell.h */,
				83B3484E18C09EFF00D59FB9 /* JCPathCell.m */,
				125340FD1913A489008E1856 /* JCPathCell.xib */,
				83B5DEC918BFA3130032F7E1 /* JCPathListViewController.h */,
				83B5DECA18BFA3130032F7E1 /* JCPathListViewController.m */,
			);
			name = "Journey/Route Lists";
			sourceTree = "<group>";
		};
		83BA021B18BE3E5600EE7787 /* Signin */ = {
			isa = PBXGroup;
			children = (
				83BA022B18BE477700EE7787 /* JCSigninViewModel.h */,
				83BA022C18BE477700EE7787 /* JCSigninViewModel.m */,
			);
			name = Signin;
			sourceTree = "<group>";
		};
		83BA021E18BE3E7300EE7787 /* Signin */ = {
			isa = PBXGroup;
			children = (
				83BA022E18BE482B00EE7787 /* JCSigninView.h */,
				83BA022F18BE482B00EE7787 /* JCSigninView.m */,
				83BA022518BE474D00EE7787 /* JCSigninViewController.h */,
				83BA022618BE474D00EE7787 /* JCSigninViewController.m */,
			);
			name = Signin;
			sourceTree = "<group>";
		};
		83D98DD118C9DAC900E72279 /* Route Capture */ = {
			isa = PBXGroup;
			children = (
				83D98DD518C9DB4100E72279 /* JCCaptureView.h */,
				83D98DD618C9DB4100E72279 /* JCCaptureView.m */,
				83D98DD218C9DB2F00E72279 /* JCRouteCaptureViewController.h */,
				83D98DD318C9DB2F00E72279 /* JCRouteCaptureViewController.m */,
				12BCB75019114AA500629192 /* JCCaptureStatsView.h */,
				12BCB75119114AA500629192 /* JCCaptureStatsView.m */,
			);
			name = "Route Capture";
			sourceTree = "<group>";
		};
		83DC969A18D07F3E00E66C26 /* Nav */ = {
			isa = PBXGroup;
			children = (
				83DC969B18D07FA400E66C26 /* JCNavViewController.h */,
				83DC969C18D07FA400E66C26 /* JCNavViewController.m */,
			);
			name = Nav;
			sourceTree = "<group>";
		};
/* End PBXGroup section */

/* Begin PBXNativeTarget section */
		831EDB4518BCBB33001468E4 /* JourneyCapture */ = {
			isa = PBXNativeTarget;
			buildConfigurationList = 831EDB7218BCBB34001468E4 /* Build configuration list for PBXNativeTarget "JourneyCapture" */;
			buildPhases = (
				53F421320060418A8F50E99C /* Check Pods Manifest.lock */,
				831EDB4218BCBB33001468E4 /* Sources */,
				831EDB4318BCBB33001468E4 /* Frameworks */,
				831EDB4418BCBB33001468E4 /* Resources */,
				78FDD1B960064994842C1C74 /* Copy Pods Resources */,
			);
			buildRules = (
			);
			dependencies = (
			);
			name = JourneyCapture;
			productName = JourneyCapture;
			productReference = 831EDB4618BCBB33001468E4 /* JourneyCapture.app */;
			productType = "com.apple.product-type.application";
		};
		831EDB6018BCBB34001468E4 /* JourneyCaptureTests */ = {
			isa = PBXNativeTarget;
			buildConfigurationList = 831EDB7518BCBB34001468E4 /* Build configuration list for PBXNativeTarget "JourneyCaptureTests" */;
			buildPhases = (
				831EDB5D18BCBB34001468E4 /* Sources */,
				831EDB5E18BCBB34001468E4 /* Frameworks */,
				831EDB5F18BCBB34001468E4 /* Resources */,
			);
			buildRules = (
			);
			dependencies = (
				831EDB6718BCBB34001468E4 /* PBXTargetDependency */,
			);
			name = JourneyCaptureTests;
			productName = JourneyCaptureTests;
			productReference = 831EDB6118BCBB34001468E4 /* JourneyCaptureTests.xctest */;
			productType = "com.apple.product-type.bundle.unit-test";
		};
/* End PBXNativeTarget section */

/* Begin PBXProject section */
		831EDB3E18BCBB33001468E4 /* Project object */ = {
			isa = PBXProject;
			attributes = {
				CLASSPREFIX = JC;
				LastUpgradeCheck = 0510;
				ORGANIZATIONNAME = FCD;
				TargetAttributes = {
					831EDB4518BCBB33001468E4 = {
						DevelopmentTeam = N22NQHGM2W;
						SystemCapabilities = {
							com.apple.BackgroundModes = {
								enabled = 1;
							};
						};
					};
					831EDB6018BCBB34001468E4 = {
						TestTargetID = 831EDB4518BCBB33001468E4;
					};
				};
			};
			buildConfigurationList = 831EDB4118BCBB33001468E4 /* Build configuration list for PBXProject "JourneyCapture" */;
			compatibilityVersion = "Xcode 3.2";
			developmentRegion = English;
			hasScannedForEncodings = 0;
			knownRegions = (
				en,
			);
			mainGroup = 831EDB3D18BCBB33001468E4;
			productRefGroup = 831EDB4718BCBB33001468E4 /* Products */;
			projectDirPath = "";
			projectRoot = "";
			targets = (
				831EDB4518BCBB33001468E4 /* JourneyCapture */,
				831EDB6018BCBB34001468E4 /* JourneyCaptureTests */,
			);
		};
/* End PBXProject section */

/* Begin PBXResourcesBuildPhase section */
		831EDB4418BCBB33001468E4 /* Resources */ = {
			isa = PBXResourcesBuildPhase;
			buildActionMask = 2147483647;
			files = (
				831EDB5418BCBB33001468E4 /* InfoPlist.strings in Resources */,
				125340FE1913A489008E1856 /* JCPathCell.xib in Resources */,
				83DC969918D0762800E66C26 /* Settings.bundle in Resources */,
				12F8E6F5190FEFC900AA0216 /* JCMenuCell.xib in Resources */,
				831EDB5C18BCBB34001468E4 /* Images.xcassets in Resources */,
			);
			runOnlyForDeploymentPostprocessing = 0;
		};
		831EDB5F18BCBB34001468E4 /* Resources */ = {
			isa = PBXResourcesBuildPhase;
			buildActionMask = 2147483647;
			files = (
				831EDB6D18BCBB34001468E4 /* InfoPlist.strings in Resources */,
			);
			runOnlyForDeploymentPostprocessing = 0;
		};
/* End PBXResourcesBuildPhase section */

/* Begin PBXShellScriptBuildPhase section */
		53F421320060418A8F50E99C /* Check Pods Manifest.lock */ = {
			isa = PBXShellScriptBuildPhase;
			buildActionMask = 2147483647;
			files = (
			);
			inputPaths = (
			);
			name = "Check Pods Manifest.lock";
			outputPaths = (
			);
			runOnlyForDeploymentPostprocessing = 0;
			shellPath = /bin/sh;
			shellScript = "diff \"${PODS_ROOT}/../Podfile.lock\" \"${PODS_ROOT}/Manifest.lock\" > /dev/null\nif [[ $? != 0 ]] ; then\n    cat << EOM\nerror: The sandbox is not in sync with the Podfile.lock. Run 'pod install' or update your CocoaPods installation.\nEOM\n    exit 1\nfi\n";
			showEnvVarsInLog = 0;
		};
		78FDD1B960064994842C1C74 /* Copy Pods Resources */ = {
			isa = PBXShellScriptBuildPhase;
			buildActionMask = 2147483647;
			files = (
			);
			inputPaths = (
			);
			name = "Copy Pods Resources";
			outputPaths = (
			);
			runOnlyForDeploymentPostprocessing = 0;
			shellPath = /bin/sh;
			shellScript = "\"${SRCROOT}/Pods/Pods-resources.sh\"\n";
			showEnvVarsInLog = 0;
		};
/* End PBXShellScriptBuildPhase section */

/* Begin PBXSourcesBuildPhase section */
		831EDB4218BCBB33001468E4 /* Sources */ = {
			isa = PBXSourcesBuildPhase;
			buildActionMask = 2147483647;
			files = (
				83F811E418C4C1470010B1CD /* JCAPIManager.m in Sources */,
				6EBFED5A192A31FC00570D32 /* JCSearchView.m in Sources */,
				124A6E9D192A318C009E24AC /* JCStatsViewController.m in Sources */,
				124A6EAF192A4EC4009E24AC /* JCGraphView.m in Sources */,
				83DC969D18D07FA400E66C26 /* JCNavViewController.m in Sources */,
				12AABA39192CABE2005DE6AC /* JCGraphScrollView.m in Sources */,
				129BE689191BC5470021437F /* JCCaptureViewModel.m in Sources */,
				129BE686191BC3DE0021437F /* JCPathViewModel.m in Sources */,
				8303E2D518C61E2100215760 /* JCQuestionViewController.m in Sources */,
				125D7ECC193392C700187A17 /* JCCycleMapView.m in Sources */,
				12F8E6FB190FFE3C00AA0216 /* JCScrollView.m in Sources */,
				12A9C26D190FAB8C004BB4B5 /* UIColor+Application.m in Sources */,
				6E6701B219333D6600C6E02A /* JCSettingsView.m in Sources */,
				12EF442F19237D1E00C392E9 /* User.m in Sources */,
				83501FE218D0BA5800CE7CFE /* JCTextField.m in Sources */,
				121A36511924C86F00C3FB31 /* JCRouteManager.m in Sources */,
				83D98DD018C9D3AD00E72279 /* JCLocationManager.m in Sources */,
				83501FDF18D0AC2D00CE7CFE /* UIImage+color.m in Sources */,
				830C31CE18BCDF4800B7CC47 /* JCSignupViewController.m in Sources */,
				124A6EA0192A39D4009E24AC /* JCUserHeaderView.m in Sources */,
				6E6701AE19333D3500C6E02A /* JCSettingsViewController.m in Sources */,
				83560C4F18BCE146004CE63C /* JCSignupViewModel.m in Sources */,
				125D7ED319339AD200187A17 /* JCCycleMapLocationViewModel.m in Sources */,
				121A364E1924BA8500C3FB31 /* Route.m in Sources */,
				12DCCF30192F4DBE0016B061 /* JCStatsSummaryView.m in Sources */,
				837B15A618BDF31F000EEFAB /* JCSignupView.m in Sources */,
				12FBAC6119211BFB00ADFF0F /* JCRouteView.m in Sources */,
				12AABA3F192CE508005DE6AC /* JCGraphFooterView.m in Sources */,
				831EDB5618BCBB33001468E4 /* main.m in Sources */,
				83D98DD718C9DB4100E72279 /* JCCaptureView.m in Sources */,
				8341421518BF55C20020CF97 /* JCUserView.m in Sources */,
				12477C7A1919160C00CCF5E5 /* JCWeatherViewModel.m in Sources */,
				125D7EC9193392B400187A17 /* JCCycleMapViewController.m in Sources */,
				12FBAC5B1920C58E00ADFF0F /* JCRouteListViewModel.m in Sources */,
				83B5DECB18BFA3130032F7E1 /* JCPathListViewController.m in Sources */,
				6E6701BF1934D6C600C6E02A /* JCPasswordViewController.m in Sources */,
				83BA022D18BE477700EE7787 /* JCSigninViewModel.m in Sources */,
				125D7ED0193394DB00187A17 /* JCCycleMapViewModel.m in Sources */,
				6E6701BC1934BF9400C6E02A /* JCPasswordViewModel.m in Sources */,
				83519E7318CDC42800DA1E70 /* UIImage+Compression.m in Sources */,
				83BD285E18CA04C50042F1E3 /* JCRouteViewModel.m in Sources */,
				12BEEA0B19129BDA00025B0E /* JCUserJourneyListViewModel.m in Sources */,
				8341421818BF55E80020CF97 /* JCUserViewModel.m in Sources */,
				12C76B0F1912A22400B7F964 /* JCLoadingView.m in Sources */,
				124A6EB4192A525F009E24AC /* JCUsageViewModel.m in Sources */,
				6E101EB7192F87F60046E096 /* JCSettingsView.m in Sources */,
				12F8E6F8190FF0FB00AA0216 /* JCMenuTableViewCell.m in Sources */,
				8303E2D218C61C5700215760 /* JCQuestionViewModel.m in Sources */,
				6EBFED57192A1D5100570D32 /* JCSearchViewController.m in Sources */,
				12477C7D1919196700CCF5E5 /* JCWeatherView.m in Sources */,
				124A6EA3192A4DE8009E24AC /* JCBarChartView.m in Sources */,
				6E101EAD192E2AE10046E096 /* JCQuestionView.m in Sources */,
				6E6701B5193344AC00C6E02A /* JCSettingsViewModel.m in Sources */,
				12AF45EE191A72F7003F7524 /* JCJourneyViewModel.m in Sources */,
				12BCB75219114AA500629192 /* JCCaptureStatsView.m in Sources */,
				831EDB5A18BCBB33001468E4 /* JCAppDelegate.m in Sources */,
				83B3484F18C09EFF00D59FB9 /* JCPathCell.m in Sources */,
				83B3485C18C0BD1F00D59FB9 /* JCRouteViewController.m in Sources */,
				121E1FF7193497090057599E /* JCCycleMapAnnotation.m in Sources */,
				121A36541924F41100C3FB31 /* Weather.m in Sources */,
				83BA022718BE474D00EE7787 /* JCSigninViewController.m in Sources */,
				83F811E118C49E860010B1CD /* JCJourneyModel.xcdatamodeld in Sources */,
				83BA023018BE482B00EE7787 /* JCSigninView.m in Sources */,
				83D98DD418C9DB2F00E72279 /* JCRouteCaptureViewController.m in Sources */,
				8341421218BF55B70020CF97 /* JCUserViewController.m in Sources */,
				12B660AD1922750800F3E9BF /* JCNearbyJourneyListViewModel.m in Sources */,
				12AABA36192C9D51005DE6AC /* JCStatViewModel.m in Sources */,
				12EF44381923BDEB00C392E9 /* RoutePoint.m in Sources */,
				83641C1918D2052700671A2A /* JCNotificationManager.m in Sources */,
				12CBB2991935E92400243A1E /* JCUserManager.m in Sources */,
				8303E2D818C62C2300215760 /* JCQuestionListViewModel.m in Sources */,
				6E6701B91934BAB300C6E02A /* JCPasswordView.m in Sources */,
				83BD286118CA06640042F1E3 /* JCRoutePointViewModel.m in Sources */,
				6EBFED63192B9F2100570D32 /* JCSearchJourneyListViewModel.m in Sources */,
				124A6EAC192A4E36009E24AC /* JCPieChartView.m in Sources */,
				124A6EA9192A4E2D009E24AC /* JCLineGraphView.m in Sources */,
				73ACC28D56500C1573EF74F1 /* JCPathListViewModel.m in Sources */,
			);
			runOnlyForDeploymentPostprocessing = 0;
		};
		831EDB5D18BCBB34001468E4 /* Sources */ = {
			isa = PBXSourcesBuildPhase;
			buildActionMask = 2147483647;
			files = (
				831EDB6F18BCBB34001468E4 /* JourneyCaptureTests.m in Sources */,
				8328838718BCF805001EDB87 /* JCSignupViewModel.m in Sources */,
			);
			runOnlyForDeploymentPostprocessing = 0;
		};
/* End PBXSourcesBuildPhase section */

/* Begin PBXTargetDependency section */
		831EDB6718BCBB34001468E4 /* PBXTargetDependency */ = {
			isa = PBXTargetDependency;
			target = 831EDB4518BCBB33001468E4 /* JourneyCapture */;
			targetProxy = 831EDB6618BCBB34001468E4 /* PBXContainerItemProxy */;
		};
/* End PBXTargetDependency section */

/* Begin PBXVariantGroup section */
		831EDB5218BCBB33001468E4 /* InfoPlist.strings */ = {
			isa = PBXVariantGroup;
			children = (
				831EDB5318BCBB33001468E4 /* en */,
			);
			name = InfoPlist.strings;
			path = ..;
			sourceTree = "<group>";
		};
		831EDB6B18BCBB34001468E4 /* InfoPlist.strings */ = {
			isa = PBXVariantGroup;
			children = (
				831EDB6C18BCBB34001468E4 /* en */,
			);
			name = InfoPlist.strings;
			sourceTree = "<group>";
		};
/* End PBXVariantGroup section */

/* Begin XCBuildConfiguration section */
		831EDB7018BCBB34001468E4 /* Debug */ = {
			isa = XCBuildConfiguration;
			buildSettings = {
				ALWAYS_SEARCH_USER_PATHS = NO;
				CLANG_CXX_LANGUAGE_STANDARD = "gnu++0x";
				CLANG_CXX_LIBRARY = "libc++";
				CLANG_ENABLE_MODULES = YES;
				CLANG_ENABLE_OBJC_ARC = YES;
				CLANG_WARN_BOOL_CONVERSION = YES;
				CLANG_WARN_CONSTANT_CONVERSION = YES;
				CLANG_WARN_DIRECT_OBJC_ISA_USAGE = YES_ERROR;
				CLANG_WARN_EMPTY_BODY = YES;
				CLANG_WARN_ENUM_CONVERSION = YES;
				CLANG_WARN_INT_CONVERSION = YES;
				CLANG_WARN_OBJC_ROOT_CLASS = YES_ERROR;
				CLANG_WARN__DUPLICATE_METHOD_MATCH = YES;
				"CODE_SIGN_IDENTITY[sdk=iphoneos*]" = "iPhone Developer";
				COPY_PHASE_STRIP = NO;
				GCC_C_LANGUAGE_STANDARD = gnu99;
				GCC_DYNAMIC_NO_PIC = NO;
				GCC_OPTIMIZATION_LEVEL = 0;
				GCC_PREPROCESSOR_DEFINITIONS = (
					"DEBUG=1",
					"$(inherited)",
				);
				GCC_SYMBOLS_PRIVATE_EXTERN = NO;
				GCC_WARN_64_TO_32_BIT_CONVERSION = YES;
				GCC_WARN_ABOUT_RETURN_TYPE = YES_ERROR;
				GCC_WARN_UNDECLARED_SELECTOR = YES;
				GCC_WARN_UNINITIALIZED_AUTOS = YES;
				GCC_WARN_UNUSED_FUNCTION = YES;
				GCC_WARN_UNUSED_VARIABLE = YES;
				IPHONEOS_DEPLOYMENT_TARGET = 7.0;
				ONLY_ACTIVE_ARCH = YES;
				SDKROOT = iphoneos;
			};
			name = Debug;
		};
		831EDB7118BCBB34001468E4 /* Release */ = {
			isa = XCBuildConfiguration;
			buildSettings = {
				ALWAYS_SEARCH_USER_PATHS = NO;
				CLANG_CXX_LANGUAGE_STANDARD = "gnu++0x";
				CLANG_CXX_LIBRARY = "libc++";
				CLANG_ENABLE_MODULES = YES;
				CLANG_ENABLE_OBJC_ARC = YES;
				CLANG_WARN_BOOL_CONVERSION = YES;
				CLANG_WARN_CONSTANT_CONVERSION = YES;
				CLANG_WARN_DIRECT_OBJC_ISA_USAGE = YES_ERROR;
				CLANG_WARN_EMPTY_BODY = YES;
				CLANG_WARN_ENUM_CONVERSION = YES;
				CLANG_WARN_INT_CONVERSION = YES;
				CLANG_WARN_OBJC_ROOT_CLASS = YES_ERROR;
				CLANG_WARN__DUPLICATE_METHOD_MATCH = YES;
				"CODE_SIGN_IDENTITY[sdk=iphoneos*]" = "iPhone Developer";
				COPY_PHASE_STRIP = YES;
				ENABLE_NS_ASSERTIONS = NO;
				GCC_C_LANGUAGE_STANDARD = gnu99;
				GCC_WARN_64_TO_32_BIT_CONVERSION = YES;
				GCC_WARN_ABOUT_RETURN_TYPE = YES_ERROR;
				GCC_WARN_UNDECLARED_SELECTOR = YES;
				GCC_WARN_UNINITIALIZED_AUTOS = YES;
				GCC_WARN_UNUSED_FUNCTION = YES;
				GCC_WARN_UNUSED_VARIABLE = YES;
				IPHONEOS_DEPLOYMENT_TARGET = 7.0;
				SDKROOT = iphoneos;
				VALIDATE_PRODUCT = YES;
			};
			name = Release;
		};
		831EDB7318BCBB34001468E4 /* Debug */ = {
			isa = XCBuildConfiguration;
			baseConfigurationReference = B1A40FB2A1D844C5BE8468BE /* Pods.xcconfig */;
			buildSettings = {
				ASSETCATALOG_COMPILER_APPICON_NAME = AppIcon;
				ASSETCATALOG_COMPILER_LAUNCHIMAGE_NAME = LaunchImage;
				CODE_SIGN_IDENTITY = "iPhone Developer";
				"CODE_SIGN_IDENTITY[sdk=iphoneos*]" = "iPhone Developer";
				GCC_PRECOMPILE_PREFIX_HEADER = YES;
				GCC_PREFIX_HEADER = "JourneyCapture/Support/JourneyCapture-Prefix.pch";
				INFOPLIST_FILE = "$(SRCROOT)/JourneyCapture/Support/JourneyCapture-Info.plist";
				PRODUCT_NAME = "$(TARGET_NAME)";
				PROVISIONING_PROFILE = "";
				WRAPPER_EXTENSION = app;
			};
			name = Debug;
		};
		831EDB7418BCBB34001468E4 /* Release */ = {
			isa = XCBuildConfiguration;
			baseConfigurationReference = B1A40FB2A1D844C5BE8468BE /* Pods.xcconfig */;
			buildSettings = {
				ASSETCATALOG_COMPILER_APPICON_NAME = AppIcon;
				ASSETCATALOG_COMPILER_LAUNCHIMAGE_NAME = LaunchImage;
				CODE_SIGN_IDENTITY = "iPhone Developer";
				"CODE_SIGN_IDENTITY[sdk=iphoneos*]" = "iPhone Developer";
				GCC_PRECOMPILE_PREFIX_HEADER = YES;
				GCC_PREFIX_HEADER = "JourneyCapture/Support/JourneyCapture-Prefix.pch";
				INFOPLIST_FILE = "$(SRCROOT)/JourneyCapture/Support/JourneyCapture-Info.plist";
				PRODUCT_NAME = "$(TARGET_NAME)";
				PROVISIONING_PROFILE = "";
				WRAPPER_EXTENSION = app;
			};
			name = Release;
		};
		831EDB7618BCBB34001468E4 /* Debug */ = {
			isa = XCBuildConfiguration;
			buildSettings = {
				BUNDLE_LOADER = "$(BUILT_PRODUCTS_DIR)/JourneyCapture.app/JourneyCapture";
				FRAMEWORK_SEARCH_PATHS = (
					"$(SDKROOT)/Developer/Library/Frameworks",
					"$(inherited)",
					"$(DEVELOPER_FRAMEWORKS_DIR)",
				);
				GCC_PRECOMPILE_PREFIX_HEADER = YES;
				GCC_PREFIX_HEADER = "JourneyCapture/Support/JourneyCapture-Prefix.pch";
				GCC_PREPROCESSOR_DEFINITIONS = (
					"DEBUG=1",
					"$(inherited)",
				);
				INFOPLIST_FILE = "JourneyCaptureTests/JourneyCaptureTests-Info.plist";
				PRODUCT_NAME = "$(TARGET_NAME)";
				TEST_HOST = "$(BUNDLE_LOADER)";
				WRAPPER_EXTENSION = xctest;
			};
			name = Debug;
		};
		831EDB7718BCBB34001468E4 /* Release */ = {
			isa = XCBuildConfiguration;
			buildSettings = {
				BUNDLE_LOADER = "$(BUILT_PRODUCTS_DIR)/JourneyCapture.app/JourneyCapture";
				FRAMEWORK_SEARCH_PATHS = (
					"$(SDKROOT)/Developer/Library/Frameworks",
					"$(inherited)",
					"$(DEVELOPER_FRAMEWORKS_DIR)",
				);
				GCC_PRECOMPILE_PREFIX_HEADER = YES;
				GCC_PREFIX_HEADER = "JourneyCapture/Support/JourneyCapture-Prefix.pch";
				INFOPLIST_FILE = "JourneyCaptureTests/JourneyCaptureTests-Info.plist";
				PRODUCT_NAME = "$(TARGET_NAME)";
				TEST_HOST = "$(BUNDLE_LOADER)";
				WRAPPER_EXTENSION = xctest;
			};
			name = Release;
		};
/* End XCBuildConfiguration section */

/* Begin XCConfigurationList section */
		831EDB4118BCBB33001468E4 /* Build configuration list for PBXProject "JourneyCapture" */ = {
			isa = XCConfigurationList;
			buildConfigurations = (
				831EDB7018BCBB34001468E4 /* Debug */,
				831EDB7118BCBB34001468E4 /* Release */,
			);
			defaultConfigurationIsVisible = 0;
			defaultConfigurationName = Release;
		};
		831EDB7218BCBB34001468E4 /* Build configuration list for PBXNativeTarget "JourneyCapture" */ = {
			isa = XCConfigurationList;
			buildConfigurations = (
				831EDB7318BCBB34001468E4 /* Debug */,
				831EDB7418BCBB34001468E4 /* Release */,
			);
			defaultConfigurationIsVisible = 0;
			defaultConfigurationName = Release;
		};
		831EDB7518BCBB34001468E4 /* Build configuration list for PBXNativeTarget "JourneyCaptureTests" */ = {
			isa = XCConfigurationList;
			buildConfigurations = (
				831EDB7618BCBB34001468E4 /* Debug */,
				831EDB7718BCBB34001468E4 /* Release */,
			);
			defaultConfigurationIsVisible = 0;
			defaultConfigurationName = Release;
		};
/* End XCConfigurationList section */

/* Begin XCVersionGroup section */
		83F811DF18C49E860010B1CD /* JCJourneyModel.xcdatamodeld */ = {
			isa = XCVersionGroup;
			children = (
				83F811E018C49E860010B1CD /* JCJourneyModel.xcdatamodel */,
			);
			currentVersion = 83F811E018C49E860010B1CD /* JCJourneyModel.xcdatamodel */;
			path = JCJourneyModel.xcdatamodeld;
			sourceTree = "<group>";
			versionGroupType = wrapper.xcdatamodel;
		};
/* End XCVersionGroup section */
	};
	rootObject = 831EDB3E18BCBB33001468E4 /* Project object */;
}
