<?xml version="1.0" encoding="UTF-8"?>
<!DOCTYPE plist PUBLIC "-//Apple//DTD PLIST 1.0//EN" "http://www.apple.com/DTDs/PropertyList-1.0.dtd">
<plist version="1.0">
<dict>
	<key>archiveVersion</key>
	<string>1</string>
	<key>classes</key>
	<dict/>
	<key>objectVersion</key>
	<string>46</string>
	<key>objects</key>
	<dict>
		<key>12E8303FB46D4087967CEECE</key>
		<dict>
			<key>explicitFileType</key>
			<string>archive.ar</string>
			<key>includeInIndex</key>
			<string>0</string>
			<key>isa</key>
			<string>PBXFileReference</string>
			<key>path</key>
			<string>libPods.a</string>
			<key>sourceTree</key>
			<string>BUILT_PRODUCTS_DIR</string>
		</dict>
		<key>53F421320060418A8F50E99C</key>
		<dict>
			<key>buildActionMask</key>
			<string>2147483647</string>
			<key>files</key>
			<array/>
			<key>inputPaths</key>
			<array/>
			<key>isa</key>
			<string>PBXShellScriptBuildPhase</string>
			<key>name</key>
			<string>Check Pods Manifest.lock</string>
			<key>outputPaths</key>
			<array/>
			<key>runOnlyForDeploymentPostprocessing</key>
			<string>0</string>
			<key>shellPath</key>
			<string>/bin/sh</string>
			<key>shellScript</key>
			<string>diff "${PODS_ROOT}/../Podfile.lock" "${PODS_ROOT}/Manifest.lock" &gt; /dev/null
if [[ $? != 0 ]] ; then
    cat &lt;&lt; EOM
error: The sandbox is not in sync with the Podfile.lock. Run 'pod install' or update your CocoaPods installation.
EOM
    exit 1
fi
</string>
			<key>showEnvVarsInLog</key>
			<string>0</string>
		</dict>
		<key>78FDD1B960064994842C1C74</key>
		<dict>
			<key>buildActionMask</key>
			<string>2147483647</string>
			<key>files</key>
			<array/>
			<key>inputPaths</key>
			<array/>
			<key>isa</key>
			<string>PBXShellScriptBuildPhase</string>
			<key>name</key>
			<string>Copy Pods Resources</string>
			<key>outputPaths</key>
			<array/>
			<key>runOnlyForDeploymentPostprocessing</key>
			<string>0</string>
			<key>shellPath</key>
			<string>/bin/sh</string>
			<key>shellScript</key>
			<string>"${SRCROOT}/Pods/Pods-resources.sh"
</string>
			<key>showEnvVarsInLog</key>
			<string>0</string>
		</dict>
		<key>830C31CC18BCDF4800B7CC47</key>
		<dict>
			<key>fileEncoding</key>
			<string>4</string>
			<key>isa</key>
			<string>PBXFileReference</string>
			<key>lastKnownFileType</key>
			<string>sourcecode.c.h</string>
			<key>path</key>
			<string>JCSignupViewController.h</string>
			<key>sourceTree</key>
			<string>&lt;group&gt;</string>
		</dict>
		<key>830C31CD18BCDF4800B7CC47</key>
		<dict>
			<key>fileEncoding</key>
			<string>4</string>
			<key>isa</key>
			<string>PBXFileReference</string>
			<key>lastKnownFileType</key>
			<string>sourcecode.c.objc</string>
			<key>path</key>
			<string>JCSignupViewController.m</string>
			<key>sourceTree</key>
			<string>&lt;group&gt;</string>
		</dict>
		<key>830C31CE18BCDF4800B7CC47</key>
		<dict>
			<key>fileRef</key>
			<string>830C31CD18BCDF4800B7CC47</string>
			<key>isa</key>
			<string>PBXBuildFile</string>
		</dict>
		<key>831EDB3D18BCBB33001468E4</key>
		<dict>
			<key>children</key>
			<array>
				<string>831EDB4F18BCBB33001468E4</string>
				<string>831EDB6818BCBB34001468E4</string>
				<string>831EDB4818BCBB33001468E4</string>
				<string>831EDB4718BCBB33001468E4</string>
				<string>BFAE2B91575B49EFA76C55F4</string>
				<string>B1A40FB2A1D844C5BE8468BE</string>
			</array>
			<key>isa</key>
			<string>PBXGroup</string>
			<key>sourceTree</key>
			<string>&lt;group&gt;</string>
		</dict>
		<key>831EDB3E18BCBB33001468E4</key>
		<dict>
			<key>attributes</key>
			<dict>
				<key>CLASSPREFIX</key>
				<string>JC</string>
				<key>LastUpgradeCheck</key>
				<string>0500</string>
				<key>ORGANIZATIONNAME</key>
				<string>FCD</string>
				<key>TargetAttributes</key>
				<dict>
					<key>831EDB4518BCBB33001468E4</key>
					<dict>
						<key>DevelopmentTeam</key>
						<string>N22NQHGM2W</string>
					</dict>
					<key>831EDB6018BCBB34001468E4</key>
					<dict>
						<key>TestTargetID</key>
						<string>831EDB4518BCBB33001468E4</string>
					</dict>
				</dict>
			</dict>
			<key>buildConfigurationList</key>
			<string>831EDB4118BCBB33001468E4</string>
			<key>compatibilityVersion</key>
			<string>Xcode 3.2</string>
			<key>developmentRegion</key>
			<string>English</string>
			<key>hasScannedForEncodings</key>
			<string>0</string>
			<key>isa</key>
			<string>PBXProject</string>
			<key>knownRegions</key>
			<array>
				<string>en</string>
			</array>
			<key>mainGroup</key>
			<string>831EDB3D18BCBB33001468E4</string>
			<key>productRefGroup</key>
			<string>831EDB4718BCBB33001468E4</string>
			<key>projectDirPath</key>
			<string></string>
			<key>projectReferences</key>
			<array/>
			<key>projectRoot</key>
			<string></string>
			<key>targets</key>
			<array>
				<string>831EDB4518BCBB33001468E4</string>
				<string>831EDB6018BCBB34001468E4</string>
			</array>
		</dict>
		<key>831EDB4118BCBB33001468E4</key>
		<dict>
			<key>buildConfigurations</key>
			<array>
				<string>831EDB7018BCBB34001468E4</string>
				<string>831EDB7118BCBB34001468E4</string>
			</array>
			<key>defaultConfigurationIsVisible</key>
			<string>0</string>
			<key>defaultConfigurationName</key>
			<string>Release</string>
			<key>isa</key>
			<string>XCConfigurationList</string>
		</dict>
		<key>831EDB4218BCBB33001468E4</key>
		<dict>
			<key>buildActionMask</key>
			<string>2147483647</string>
			<key>files</key>
			<array>
				<string>83BA022118BE3E8E00EE7787</string>
				<string>830C31CE18BCDF4800B7CC47</string>
				<string>83BA022418BE3E9F00EE7787</string>
				<string>83560C4F18BCE146004CE63C</string>
				<string>837B15A618BDF31F000EEFAB</string>
				<string>83B5DEC818BFA3060032F7E1</string>
				<string>831EDB5618BCBB33001468E4</string>
				<string>8341421518BF55C20020CF97</string>
				<string>83B5DECB18BFA3130032F7E1</string>
				<string>83BA022D18BE477700EE7787</string>
				<string>8341421818BF55E80020CF97</string>
				<string>831EDB5A18BCBB33001468E4</string>
				<string>83BA022718BE474D00EE7787</string>
				<string>83BA023018BE482B00EE7787</string>
				<string>8341421218BF55B70020CF97</string>
			</array>
			<key>isa</key>
			<string>PBXSourcesBuildPhase</string>
			<key>runOnlyForDeploymentPostprocessing</key>
			<string>0</string>
		</dict>
		<key>831EDB4318BCBB33001468E4</key>
		<dict>
			<key>buildActionMask</key>
			<string>2147483647</string>
			<key>files</key>
			<array>
				<string>837B15A818BE023B000EEFAB</string>
				<string>831EDB4C18BCBB33001468E4</string>
				<string>831EDB4E18BCBB33001468E4</string>
				<string>831EDB4A18BCBB33001468E4</string>
				<string>EA1572DE908A4ADA8D403842</string>
			</array>
			<key>isa</key>
			<string>PBXFrameworksBuildPhase</string>
			<key>runOnlyForDeploymentPostprocessing</key>
			<string>0</string>
		</dict>
		<key>831EDB4418BCBB33001468E4</key>
		<dict>
			<key>buildActionMask</key>
			<string>2147483647</string>
			<key>files</key>
			<array>
				<string>831EDB5418BCBB33001468E4</string>
				<string>831EDB5C18BCBB34001468E4</string>
			</array>
			<key>isa</key>
			<string>PBXResourcesBuildPhase</string>
			<key>runOnlyForDeploymentPostprocessing</key>
			<string>0</string>
		</dict>
		<key>831EDB4518BCBB33001468E4</key>
		<dict>
			<key>buildConfigurationList</key>
			<string>831EDB7218BCBB34001468E4</string>
			<key>buildPhases</key>
			<array>
				<string>53F421320060418A8F50E99C</string>
				<string>831EDB4218BCBB33001468E4</string>
				<string>831EDB4318BCBB33001468E4</string>
				<string>831EDB4418BCBB33001468E4</string>
				<string>78FDD1B960064994842C1C74</string>
			</array>
			<key>buildRules</key>
			<array/>
			<key>dependencies</key>
			<array/>
			<key>isa</key>
			<string>PBXNativeTarget</string>
			<key>name</key>
			<string>JourneyCapture</string>
			<key>productName</key>
			<string>JourneyCapture</string>
			<key>productReference</key>
			<string>831EDB4618BCBB33001468E4</string>
			<key>productType</key>
			<string>com.apple.product-type.application</string>
		</dict>
		<key>831EDB4618BCBB33001468E4</key>
		<dict>
			<key>explicitFileType</key>
			<string>wrapper.application</string>
			<key>includeInIndex</key>
			<string>0</string>
			<key>isa</key>
			<string>PBXFileReference</string>
			<key>path</key>
			<string>JourneyCapture.app</string>
			<key>sourceTree</key>
			<string>BUILT_PRODUCTS_DIR</string>
		</dict>
		<key>831EDB4718BCBB33001468E4</key>
		<dict>
			<key>children</key>
			<array>
				<string>831EDB4618BCBB33001468E4</string>
				<string>831EDB6118BCBB34001468E4</string>
			</array>
			<key>isa</key>
			<string>PBXGroup</string>
			<key>name</key>
			<string>Products</string>
			<key>sourceTree</key>
			<string>&lt;group&gt;</string>
		</dict>
		<key>831EDB4818BCBB33001468E4</key>
		<dict>
			<key>children</key>
			<array>
				<string>837B15A718BE023B000EEFAB</string>
				<string>831EDB4918BCBB33001468E4</string>
				<string>831EDB4B18BCBB33001468E4</string>
				<string>831EDB4D18BCBB33001468E4</string>
				<string>831EDB6218BCBB34001468E4</string>
				<string>B9F63CCEB7BE445CAC45BA08</string>
				<string>12E8303FB46D4087967CEECE</string>
			</array>
			<key>isa</key>
			<string>PBXGroup</string>
			<key>name</key>
			<string>Frameworks</string>
			<key>sourceTree</key>
			<string>&lt;group&gt;</string>
		</dict>
		<key>831EDB4918BCBB33001468E4</key>
		<dict>
			<key>isa</key>
			<string>PBXFileReference</string>
			<key>lastKnownFileType</key>
			<string>wrapper.framework</string>
			<key>name</key>
			<string>Foundation.framework</string>
			<key>path</key>
			<string>System/Library/Frameworks/Foundation.framework</string>
			<key>sourceTree</key>
			<string>SDKROOT</string>
		</dict>
		<key>831EDB4A18BCBB33001468E4</key>
		<dict>
			<key>fileRef</key>
			<string>831EDB4918BCBB33001468E4</string>
			<key>isa</key>
			<string>PBXBuildFile</string>
		</dict>
		<key>831EDB4B18BCBB33001468E4</key>
		<dict>
			<key>isa</key>
			<string>PBXFileReference</string>
			<key>lastKnownFileType</key>
			<string>wrapper.framework</string>
			<key>name</key>
			<string>CoreGraphics.framework</string>
			<key>path</key>
			<string>System/Library/Frameworks/CoreGraphics.framework</string>
			<key>sourceTree</key>
			<string>SDKROOT</string>
		</dict>
		<key>831EDB4C18BCBB33001468E4</key>
		<dict>
			<key>fileRef</key>
			<string>831EDB4B18BCBB33001468E4</string>
			<key>isa</key>
			<string>PBXBuildFile</string>
		</dict>
		<key>831EDB4D18BCBB33001468E4</key>
		<dict>
			<key>isa</key>
			<string>PBXFileReference</string>
			<key>lastKnownFileType</key>
			<string>wrapper.framework</string>
			<key>name</key>
			<string>UIKit.framework</string>
			<key>path</key>
			<string>System/Library/Frameworks/UIKit.framework</string>
			<key>sourceTree</key>
			<string>SDKROOT</string>
		</dict>
		<key>831EDB4E18BCBB33001468E4</key>
		<dict>
			<key>fileRef</key>
			<string>831EDB4D18BCBB33001468E4</string>
			<key>isa</key>
			<string>PBXBuildFile</string>
		</dict>
		<key>831EDB4F18BCBB33001468E4</key>
		<dict>
			<key>children</key>
			<array>
				<string>838C16D418BCBBEB0053BFB1</string>
				<string>838C16D618BCBBEB0053BFB1</string>
				<string>838C16D818BCBBEB0053BFB1</string>
				<string>838C16D918BCBBEB0053BFB1</string>
				<string>838C16D518BCBBEB0053BFB1</string>
				<string>838C16D718BCBBEB0053BFB1</string>
				<string>831EDB5B18BCBB34001468E4</string>
			</array>
			<key>isa</key>
			<string>PBXGroup</string>
			<key>path</key>
			<string>JourneyCapture</string>
			<key>sourceTree</key>
			<string>&lt;group&gt;</string>
		</dict>
		<key>831EDB5118BCBB33001468E4</key>
		<dict>
			<key>isa</key>
			<string>PBXFileReference</string>
			<key>lastKnownFileType</key>
			<string>text.plist.xml</string>
			<key>path</key>
			<string>JourneyCapture-Info.plist</string>
			<key>sourceTree</key>
			<string>&lt;group&gt;</string>
		</dict>
		<key>831EDB5218BCBB33001468E4</key>
		<dict>
			<key>children</key>
			<array>
				<string>831EDB5318BCBB33001468E4</string>
			</array>
			<key>isa</key>
			<string>PBXVariantGroup</string>
			<key>name</key>
			<string>InfoPlist.strings</string>
			<key>path</key>
			<string>..</string>
			<key>sourceTree</key>
			<string>&lt;group&gt;</string>
		</dict>
		<key>831EDB5318BCBB33001468E4</key>
		<dict>
			<key>isa</key>
			<string>PBXFileReference</string>
			<key>lastKnownFileType</key>
			<string>text.plist.strings</string>
			<key>name</key>
			<string>en</string>
			<key>path</key>
			<string>en.lproj/InfoPlist.strings</string>
			<key>sourceTree</key>
			<string>&lt;group&gt;</string>
		</dict>
		<key>831EDB5418BCBB33001468E4</key>
		<dict>
			<key>fileRef</key>
			<string>831EDB5218BCBB33001468E4</string>
			<key>isa</key>
			<string>PBXBuildFile</string>
		</dict>
		<key>831EDB5518BCBB33001468E4</key>
		<dict>
			<key>isa</key>
			<string>PBXFileReference</string>
			<key>lastKnownFileType</key>
			<string>sourcecode.c.objc</string>
			<key>path</key>
			<string>main.m</string>
			<key>sourceTree</key>
			<string>&lt;group&gt;</string>
		</dict>
		<key>831EDB5618BCBB33001468E4</key>
		<dict>
			<key>fileRef</key>
			<string>831EDB5518BCBB33001468E4</string>
			<key>isa</key>
			<string>PBXBuildFile</string>
		</dict>
		<key>831EDB5718BCBB33001468E4</key>
		<dict>
			<key>isa</key>
			<string>PBXFileReference</string>
			<key>lastKnownFileType</key>
			<string>sourcecode.c.h</string>
			<key>path</key>
			<string>JourneyCapture-Prefix.pch</string>
			<key>sourceTree</key>
			<string>&lt;group&gt;</string>
		</dict>
		<key>831EDB5818BCBB33001468E4</key>
		<dict>
			<key>isa</key>
			<string>PBXFileReference</string>
			<key>lastKnownFileType</key>
			<string>sourcecode.c.h</string>
			<key>path</key>
			<string>JCAppDelegate.h</string>
			<key>sourceTree</key>
			<string>&lt;group&gt;</string>
		</dict>
		<key>831EDB5918BCBB33001468E4</key>
		<dict>
			<key>isa</key>
			<string>PBXFileReference</string>
			<key>lastKnownFileType</key>
			<string>sourcecode.c.objc</string>
			<key>path</key>
			<string>JCAppDelegate.m</string>
			<key>sourceTree</key>
			<string>&lt;group&gt;</string>
		</dict>
		<key>831EDB5A18BCBB33001468E4</key>
		<dict>
			<key>fileRef</key>
			<string>831EDB5918BCBB33001468E4</string>
			<key>isa</key>
			<string>PBXBuildFile</string>
		</dict>
		<key>831EDB5B18BCBB34001468E4</key>
		<dict>
			<key>isa</key>
			<string>PBXFileReference</string>
			<key>lastKnownFileType</key>
			<string>folder.assetcatalog</string>
			<key>path</key>
			<string>Images.xcassets</string>
			<key>sourceTree</key>
			<string>&lt;group&gt;</string>
		</dict>
		<key>831EDB5C18BCBB34001468E4</key>
		<dict>
			<key>fileRef</key>
			<string>831EDB5B18BCBB34001468E4</string>
			<key>isa</key>
			<string>PBXBuildFile</string>
		</dict>
		<key>831EDB5D18BCBB34001468E4</key>
		<dict>
			<key>buildActionMask</key>
			<string>2147483647</string>
			<key>files</key>
			<array>
				<string>831EDB6F18BCBB34001468E4</string>
				<string>8328838718BCF805001EDB87</string>
			</array>
			<key>isa</key>
			<string>PBXSourcesBuildPhase</string>
			<key>runOnlyForDeploymentPostprocessing</key>
			<string>0</string>
		</dict>
		<key>831EDB5E18BCBB34001468E4</key>
		<dict>
			<key>buildActionMask</key>
			<string>2147483647</string>
			<key>files</key>
			<array>
				<string>831EDB6318BCBB34001468E4</string>
				<string>831EDB6518BCBB34001468E4</string>
				<string>831EDB6418BCBB34001468E4</string>
			</array>
			<key>isa</key>
			<string>PBXFrameworksBuildPhase</string>
			<key>runOnlyForDeploymentPostprocessing</key>
			<string>0</string>
		</dict>
		<key>831EDB5F18BCBB34001468E4</key>
		<dict>
			<key>buildActionMask</key>
			<string>2147483647</string>
			<key>files</key>
			<array>
				<string>831EDB6D18BCBB34001468E4</string>
			</array>
			<key>isa</key>
			<string>PBXResourcesBuildPhase</string>
			<key>runOnlyForDeploymentPostprocessing</key>
			<string>0</string>
		</dict>
		<key>831EDB6018BCBB34001468E4</key>
		<dict>
			<key>buildConfigurationList</key>
			<string>831EDB7518BCBB34001468E4</string>
			<key>buildPhases</key>
			<array>
				<string>831EDB5D18BCBB34001468E4</string>
				<string>831EDB5E18BCBB34001468E4</string>
				<string>831EDB5F18BCBB34001468E4</string>
			</array>
			<key>buildRules</key>
			<array/>
			<key>dependencies</key>
			<array>
				<string>831EDB6718BCBB34001468E4</string>
			</array>
			<key>isa</key>
			<string>PBXNativeTarget</string>
			<key>name</key>
			<string>JourneyCaptureTests</string>
			<key>productName</key>
			<string>JourneyCaptureTests</string>
			<key>productReference</key>
			<string>831EDB6118BCBB34001468E4</string>
			<key>productType</key>
			<string>com.apple.product-type.bundle.unit-test</string>
		</dict>
		<key>831EDB6118BCBB34001468E4</key>
		<dict>
			<key>explicitFileType</key>
			<string>wrapper.cfbundle</string>
			<key>includeInIndex</key>
			<string>0</string>
			<key>isa</key>
			<string>PBXFileReference</string>
			<key>path</key>
			<string>JourneyCaptureTests.xctest</string>
			<key>sourceTree</key>
			<string>BUILT_PRODUCTS_DIR</string>
		</dict>
		<key>831EDB6218BCBB34001468E4</key>
		<dict>
			<key>isa</key>
			<string>PBXFileReference</string>
			<key>lastKnownFileType</key>
			<string>wrapper.framework</string>
			<key>name</key>
			<string>XCTest.framework</string>
			<key>path</key>
			<string>Library/Frameworks/XCTest.framework</string>
			<key>sourceTree</key>
			<string>DEVELOPER_DIR</string>
		</dict>
		<key>831EDB6318BCBB34001468E4</key>
		<dict>
			<key>fileRef</key>
			<string>831EDB6218BCBB34001468E4</string>
			<key>isa</key>
			<string>PBXBuildFile</string>
		</dict>
		<key>831EDB6418BCBB34001468E4</key>
		<dict>
			<key>fileRef</key>
			<string>831EDB4918BCBB33001468E4</string>
			<key>isa</key>
			<string>PBXBuildFile</string>
		</dict>
		<key>831EDB6518BCBB34001468E4</key>
		<dict>
			<key>fileRef</key>
			<string>831EDB4D18BCBB33001468E4</string>
			<key>isa</key>
			<string>PBXBuildFile</string>
		</dict>
		<key>831EDB6618BCBB34001468E4</key>
		<dict>
			<key>containerPortal</key>
			<string>831EDB3E18BCBB33001468E4</string>
			<key>isa</key>
			<string>PBXContainerItemProxy</string>
			<key>proxyType</key>
			<string>1</string>
			<key>remoteGlobalIDString</key>
			<string>831EDB4518BCBB33001468E4</string>
			<key>remoteInfo</key>
			<string>JourneyCapture</string>
		</dict>
		<key>831EDB6718BCBB34001468E4</key>
		<dict>
			<key>isa</key>
			<string>PBXTargetDependency</string>
			<key>target</key>
			<string>831EDB4518BCBB33001468E4</string>
			<key>targetProxy</key>
			<string>831EDB6618BCBB34001468E4</string>
		</dict>
		<key>831EDB6818BCBB34001468E4</key>
		<dict>
			<key>children</key>
			<array>
				<string>831EDB6E18BCBB34001468E4</string>
				<string>831EDB6918BCBB34001468E4</string>
			</array>
			<key>isa</key>
			<string>PBXGroup</string>
			<key>path</key>
			<string>JourneyCaptureTests</string>
			<key>sourceTree</key>
			<string>&lt;group&gt;</string>
		</dict>
		<key>831EDB6918BCBB34001468E4</key>
		<dict>
			<key>children</key>
			<array>
				<string>831EDB6A18BCBB34001468E4</string>
				<string>831EDB6B18BCBB34001468E4</string>
			</array>
			<key>isa</key>
			<string>PBXGroup</string>
			<key>name</key>
			<string>Supporting Files</string>
			<key>sourceTree</key>
			<string>&lt;group&gt;</string>
		</dict>
		<key>831EDB6A18BCBB34001468E4</key>
		<dict>
			<key>isa</key>
			<string>PBXFileReference</string>
			<key>lastKnownFileType</key>
			<string>text.plist.xml</string>
			<key>path</key>
			<string>JourneyCaptureTests-Info.plist</string>
			<key>sourceTree</key>
			<string>&lt;group&gt;</string>
		</dict>
		<key>831EDB6B18BCBB34001468E4</key>
		<dict>
			<key>children</key>
			<array>
				<string>831EDB6C18BCBB34001468E4</string>
			</array>
			<key>isa</key>
			<string>PBXVariantGroup</string>
			<key>name</key>
			<string>InfoPlist.strings</string>
			<key>sourceTree</key>
			<string>&lt;group&gt;</string>
		</dict>
		<key>831EDB6C18BCBB34001468E4</key>
		<dict>
			<key>isa</key>
			<string>PBXFileReference</string>
			<key>lastKnownFileType</key>
			<string>text.plist.strings</string>
			<key>name</key>
			<string>en</string>
			<key>path</key>
			<string>en.lproj/InfoPlist.strings</string>
			<key>sourceTree</key>
			<string>&lt;group&gt;</string>
		</dict>
		<key>831EDB6D18BCBB34001468E4</key>
		<dict>
			<key>fileRef</key>
			<string>831EDB6B18BCBB34001468E4</string>
			<key>isa</key>
			<string>PBXBuildFile</string>
		</dict>
		<key>831EDB6E18BCBB34001468E4</key>
		<dict>
			<key>isa</key>
			<string>PBXFileReference</string>
			<key>lastKnownFileType</key>
			<string>sourcecode.c.objc</string>
			<key>path</key>
			<string>JourneyCaptureTests.m</string>
			<key>sourceTree</key>
			<string>&lt;group&gt;</string>
		</dict>
		<key>831EDB6F18BCBB34001468E4</key>
		<dict>
			<key>fileRef</key>
			<string>831EDB6E18BCBB34001468E4</string>
			<key>isa</key>
			<string>PBXBuildFile</string>
		</dict>
		<key>831EDB7018BCBB34001468E4</key>
		<dict>
			<key>buildSettings</key>
			<dict>
				<key>ALWAYS_SEARCH_USER_PATHS</key>
				<string>NO</string>
				<key>ARCHS</key>
				<string>$(ARCHS_STANDARD_INCLUDING_64_BIT)</string>
				<key>CLANG_CXX_LANGUAGE_STANDARD</key>
				<string>gnu++0x</string>
				<key>CLANG_CXX_LIBRARY</key>
				<string>libc++</string>
				<key>CLANG_ENABLE_MODULES</key>
				<string>YES</string>
				<key>CLANG_ENABLE_OBJC_ARC</key>
				<string>YES</string>
				<key>CLANG_WARN_BOOL_CONVERSION</key>
				<string>YES</string>
				<key>CLANG_WARN_CONSTANT_CONVERSION</key>
				<string>YES</string>
				<key>CLANG_WARN_DIRECT_OBJC_ISA_USAGE</key>
				<string>YES_ERROR</string>
				<key>CLANG_WARN_EMPTY_BODY</key>
				<string>YES</string>
				<key>CLANG_WARN_ENUM_CONVERSION</key>
				<string>YES</string>
				<key>CLANG_WARN_INT_CONVERSION</key>
				<string>YES</string>
				<key>CLANG_WARN_OBJC_ROOT_CLASS</key>
				<string>YES_ERROR</string>
				<key>CLANG_WARN__DUPLICATE_METHOD_MATCH</key>
				<string>YES</string>
				<key>CODE_SIGN_IDENTITY[sdk=iphoneos*]</key>
				<string>iPhone Developer</string>
				<key>COPY_PHASE_STRIP</key>
				<string>NO</string>
				<key>GCC_C_LANGUAGE_STANDARD</key>
				<string>gnu99</string>
				<key>GCC_DYNAMIC_NO_PIC</key>
				<string>NO</string>
				<key>GCC_OPTIMIZATION_LEVEL</key>
				<string>0</string>
				<key>GCC_PREPROCESSOR_DEFINITIONS</key>
				<array>
					<string>DEBUG=1</string>
					<string>$(inherited)</string>
				</array>
				<key>GCC_SYMBOLS_PRIVATE_EXTERN</key>
				<string>NO</string>
				<key>GCC_WARN_64_TO_32_BIT_CONVERSION</key>
				<string>YES</string>
				<key>GCC_WARN_ABOUT_RETURN_TYPE</key>
				<string>YES_ERROR</string>
				<key>GCC_WARN_UNDECLARED_SELECTOR</key>
				<string>YES</string>
				<key>GCC_WARN_UNINITIALIZED_AUTOS</key>
				<string>YES</string>
				<key>GCC_WARN_UNUSED_FUNCTION</key>
				<string>YES</string>
				<key>GCC_WARN_UNUSED_VARIABLE</key>
				<string>YES</string>
				<key>IPHONEOS_DEPLOYMENT_TARGET</key>
				<string>7.0</string>
				<key>ONLY_ACTIVE_ARCH</key>
				<string>YES</string>
				<key>SDKROOT</key>
				<string>iphoneos</string>
			</dict>
			<key>isa</key>
			<string>XCBuildConfiguration</string>
			<key>name</key>
			<string>Debug</string>
		</dict>
		<key>831EDB7118BCBB34001468E4</key>
		<dict>
			<key>buildSettings</key>
			<dict>
				<key>ALWAYS_SEARCH_USER_PATHS</key>
				<string>NO</string>
				<key>ARCHS</key>
				<string>$(ARCHS_STANDARD_INCLUDING_64_BIT)</string>
				<key>CLANG_CXX_LANGUAGE_STANDARD</key>
				<string>gnu++0x</string>
				<key>CLANG_CXX_LIBRARY</key>
				<string>libc++</string>
				<key>CLANG_ENABLE_MODULES</key>
				<string>YES</string>
				<key>CLANG_ENABLE_OBJC_ARC</key>
				<string>YES</string>
				<key>CLANG_WARN_BOOL_CONVERSION</key>
				<string>YES</string>
				<key>CLANG_WARN_CONSTANT_CONVERSION</key>
				<string>YES</string>
				<key>CLANG_WARN_DIRECT_OBJC_ISA_USAGE</key>
				<string>YES_ERROR</string>
				<key>CLANG_WARN_EMPTY_BODY</key>
				<string>YES</string>
				<key>CLANG_WARN_ENUM_CONVERSION</key>
				<string>YES</string>
				<key>CLANG_WARN_INT_CONVERSION</key>
				<string>YES</string>
				<key>CLANG_WARN_OBJC_ROOT_CLASS</key>
				<string>YES_ERROR</string>
				<key>CLANG_WARN__DUPLICATE_METHOD_MATCH</key>
				<string>YES</string>
				<key>CODE_SIGN_IDENTITY[sdk=iphoneos*]</key>
				<string>iPhone Developer</string>
				<key>COPY_PHASE_STRIP</key>
				<string>YES</string>
				<key>ENABLE_NS_ASSERTIONS</key>
				<string>NO</string>
				<key>GCC_C_LANGUAGE_STANDARD</key>
				<string>gnu99</string>
				<key>GCC_WARN_64_TO_32_BIT_CONVERSION</key>
				<string>YES</string>
				<key>GCC_WARN_ABOUT_RETURN_TYPE</key>
				<string>YES_ERROR</string>
				<key>GCC_WARN_UNDECLARED_SELECTOR</key>
				<string>YES</string>
				<key>GCC_WARN_UNINITIALIZED_AUTOS</key>
				<string>YES</string>
				<key>GCC_WARN_UNUSED_FUNCTION</key>
				<string>YES</string>
				<key>GCC_WARN_UNUSED_VARIABLE</key>
				<string>YES</string>
				<key>IPHONEOS_DEPLOYMENT_TARGET</key>
				<string>7.0</string>
				<key>SDKROOT</key>
				<string>iphoneos</string>
				<key>VALIDATE_PRODUCT</key>
				<string>YES</string>
			</dict>
			<key>isa</key>
			<string>XCBuildConfiguration</string>
			<key>name</key>
			<string>Release</string>
		</dict>
		<key>831EDB7218BCBB34001468E4</key>
		<dict>
			<key>buildConfigurations</key>
			<array>
				<string>831EDB7318BCBB34001468E4</string>
				<string>831EDB7418BCBB34001468E4</string>
			</array>
			<key>defaultConfigurationIsVisible</key>
			<string>0</string>
			<key>defaultConfigurationName</key>
			<string>Release</string>
			<key>isa</key>
			<string>XCConfigurationList</string>
		</dict>
		<key>831EDB7318BCBB34001468E4</key>
		<dict>
			<key>baseConfigurationReference</key>
			<string>B1A40FB2A1D844C5BE8468BE</string>
			<key>buildSettings</key>
			<dict>
				<key>ASSETCATALOG_COMPILER_APPICON_NAME</key>
				<string>AppIcon</string>
				<key>ASSETCATALOG_COMPILER_LAUNCHIMAGE_NAME</key>
				<string>LaunchImage</string>
				<key>CODE_SIGN_IDENTITY</key>
				<string>iPhone Developer</string>
				<key>CODE_SIGN_IDENTITY[sdk=iphoneos*]</key>
				<string>iPhone Developer</string>
				<key>GCC_PRECOMPILE_PREFIX_HEADER</key>
				<string>YES</string>
				<key>GCC_PREFIX_HEADER</key>
				<string>JourneyCapture/Support/JourneyCapture-Prefix.pch</string>
				<key>INFOPLIST_FILE</key>
				<string>$(SRCROOT)/JourneyCapture/Support/JourneyCapture-Info.plist</string>
				<key>PRODUCT_NAME</key>
				<string>$(TARGET_NAME)</string>
				<key>PROVISIONING_PROFILE</key>
				<string>AA073C44-0EDA-4EF2-AD5A-3DE07AA62D5B</string>
				<key>WRAPPER_EXTENSION</key>
				<string>app</string>
			</dict>
			<key>isa</key>
			<string>XCBuildConfiguration</string>
			<key>name</key>
			<string>Debug</string>
		</dict>
		<key>831EDB7418BCBB34001468E4</key>
		<dict>
			<key>baseConfigurationReference</key>
			<string>B1A40FB2A1D844C5BE8468BE</string>
			<key>buildSettings</key>
			<dict>
				<key>ASSETCATALOG_COMPILER_APPICON_NAME</key>
				<string>AppIcon</string>
				<key>ASSETCATALOG_COMPILER_LAUNCHIMAGE_NAME</key>
				<string>LaunchImage</string>
				<key>CODE_SIGN_IDENTITY</key>
				<string>iPhone Developer</string>
				<key>CODE_SIGN_IDENTITY[sdk=iphoneos*]</key>
				<string>iPhone Developer</string>
				<key>GCC_PRECOMPILE_PREFIX_HEADER</key>
				<string>YES</string>
				<key>GCC_PREFIX_HEADER</key>
				<string>JourneyCapture/Support/JourneyCapture-Prefix.pch</string>
				<key>INFOPLIST_FILE</key>
				<string>$(SRCROOT)/JourneyCapture/Support/JourneyCapture-Info.plist</string>
				<key>PRODUCT_NAME</key>
				<string>$(TARGET_NAME)</string>
				<key>PROVISIONING_PROFILE</key>
				<string>AA073C44-0EDA-4EF2-AD5A-3DE07AA62D5B</string>
				<key>WRAPPER_EXTENSION</key>
				<string>app</string>
			</dict>
			<key>isa</key>
			<string>XCBuildConfiguration</string>
			<key>name</key>
			<string>Release</string>
		</dict>
		<key>831EDB7518BCBB34001468E4</key>
		<dict>
			<key>buildConfigurations</key>
			<array>
				<string>831EDB7618BCBB34001468E4</string>
				<string>831EDB7718BCBB34001468E4</string>
			</array>
			<key>defaultConfigurationIsVisible</key>
			<string>0</string>
			<key>defaultConfigurationName</key>
			<string>Release</string>
			<key>isa</key>
			<string>XCConfigurationList</string>
		</dict>
		<key>831EDB7618BCBB34001468E4</key>
		<dict>
			<key>buildSettings</key>
			<dict>
				<key>ARCHS</key>
				<string>$(ARCHS_STANDARD_INCLUDING_64_BIT)</string>
				<key>BUNDLE_LOADER</key>
				<string>$(BUILT_PRODUCTS_DIR)/JourneyCapture.app/JourneyCapture</string>
				<key>FRAMEWORK_SEARCH_PATHS</key>
				<array>
					<string>$(SDKROOT)/Developer/Library/Frameworks</string>
					<string>$(inherited)</string>
					<string>$(DEVELOPER_FRAMEWORKS_DIR)</string>
				</array>
				<key>GCC_PRECOMPILE_PREFIX_HEADER</key>
				<string>YES</string>
				<key>GCC_PREFIX_HEADER</key>
				<string>JourneyCapture/Support/JourneyCapture-Prefix.pch</string>
				<key>GCC_PREPROCESSOR_DEFINITIONS</key>
				<array>
					<string>DEBUG=1</string>
					<string>$(inherited)</string>
				</array>
				<key>INFOPLIST_FILE</key>
				<string>JourneyCaptureTests/JourneyCaptureTests-Info.plist</string>
				<key>PRODUCT_NAME</key>
				<string>$(TARGET_NAME)</string>
				<key>TEST_HOST</key>
				<string>$(BUNDLE_LOADER)</string>
				<key>WRAPPER_EXTENSION</key>
				<string>xctest</string>
			</dict>
			<key>isa</key>
			<string>XCBuildConfiguration</string>
			<key>name</key>
			<string>Debug</string>
		</dict>
		<key>831EDB7718BCBB34001468E4</key>
		<dict>
			<key>buildSettings</key>
			<dict>
				<key>ARCHS</key>
				<string>$(ARCHS_STANDARD_INCLUDING_64_BIT)</string>
				<key>BUNDLE_LOADER</key>
				<string>$(BUILT_PRODUCTS_DIR)/JourneyCapture.app/JourneyCapture</string>
				<key>FRAMEWORK_SEARCH_PATHS</key>
				<array>
					<string>$(SDKROOT)/Developer/Library/Frameworks</string>
					<string>$(inherited)</string>
					<string>$(DEVELOPER_FRAMEWORKS_DIR)</string>
				</array>
				<key>GCC_PRECOMPILE_PREFIX_HEADER</key>
				<string>YES</string>
				<key>GCC_PREFIX_HEADER</key>
				<string>JourneyCapture/Support/JourneyCapture-Prefix.pch</string>
				<key>INFOPLIST_FILE</key>
				<string>JourneyCaptureTests/JourneyCaptureTests-Info.plist</string>
				<key>PRODUCT_NAME</key>
				<string>$(TARGET_NAME)</string>
				<key>TEST_HOST</key>
				<string>$(BUNDLE_LOADER)</string>
				<key>WRAPPER_EXTENSION</key>
				<string>xctest</string>
			</dict>
			<key>isa</key>
			<string>XCBuildConfiguration</string>
			<key>name</key>
			<string>Release</string>
		</dict>
		<key>8328838718BCF805001EDB87</key>
		<dict>
			<key>fileRef</key>
			<string>83560C4E18BCE146004CE63C</string>
			<key>isa</key>
			<string>PBXBuildFile</string>
		</dict>
		<key>8341420E18BF55A30020CF97</key>
		<dict>
			<key>children</key>
			<array>
				<string>8341421618BF55E80020CF97</string>
				<string>8341421718BF55E80020CF97</string>
			</array>
			<key>isa</key>
			<string>PBXGroup</string>
			<key>name</key>
			<string>User</string>
			<key>sourceTree</key>
			<string>&lt;group&gt;</string>
		</dict>
		<key>8341420F18BF55A90020CF97</key>
		<dict>
			<key>children</key>
			<array>
				<string>8341421318BF55C20020CF97</string>
				<string>8341421418BF55C20020CF97</string>
				<string>8341421018BF55B70020CF97</string>
				<string>8341421118BF55B70020CF97</string>
			</array>
			<key>isa</key>
			<string>PBXGroup</string>
			<key>name</key>
			<string>User</string>
			<key>sourceTree</key>
			<string>&lt;group&gt;</string>
		</dict>
		<key>8341421018BF55B70020CF97</key>
		<dict>
			<key>fileEncoding</key>
			<string>4</string>
			<key>isa</key>
			<string>PBXFileReference</string>
			<key>lastKnownFileType</key>
			<string>sourcecode.c.h</string>
			<key>path</key>
			<string>JCUserViewController.h</string>
			<key>sourceTree</key>
			<string>&lt;group&gt;</string>
		</dict>
		<key>8341421118BF55B70020CF97</key>
		<dict>
			<key>fileEncoding</key>
			<string>4</string>
			<key>isa</key>
			<string>PBXFileReference</string>
			<key>lastKnownFileType</key>
			<string>sourcecode.c.objc</string>
			<key>path</key>
			<string>JCUserViewController.m</string>
			<key>sourceTree</key>
			<string>&lt;group&gt;</string>
		</dict>
		<key>8341421218BF55B70020CF97</key>
		<dict>
			<key>fileRef</key>
			<string>8341421118BF55B70020CF97</string>
			<key>isa</key>
			<string>PBXBuildFile</string>
		</dict>
		<key>8341421318BF55C20020CF97</key>
		<dict>
			<key>fileEncoding</key>
			<string>4</string>
			<key>isa</key>
			<string>PBXFileReference</string>
			<key>lastKnownFileType</key>
			<string>sourcecode.c.h</string>
			<key>path</key>
			<string>JCUserView.h</string>
			<key>sourceTree</key>
			<string>&lt;group&gt;</string>
		</dict>
		<key>8341421418BF55C20020CF97</key>
		<dict>
			<key>fileEncoding</key>
			<string>4</string>
			<key>isa</key>
			<string>PBXFileReference</string>
			<key>lastKnownFileType</key>
			<string>sourcecode.c.objc</string>
			<key>path</key>
			<string>JCUserView.m</string>
			<key>sourceTree</key>
			<string>&lt;group&gt;</string>
		</dict>
		<key>8341421518BF55C20020CF97</key>
		<dict>
			<key>fileRef</key>
			<string>8341421418BF55C20020CF97</string>
			<key>isa</key>
			<string>PBXBuildFile</string>
		</dict>
		<key>8341421618BF55E80020CF97</key>
		<dict>
			<key>fileEncoding</key>
			<string>4</string>
			<key>isa</key>
			<string>PBXFileReference</string>
			<key>lastKnownFileType</key>
			<string>sourcecode.c.h</string>
			<key>path</key>
			<string>JCUserViewModel.h</string>
			<key>sourceTree</key>
			<string>&lt;group&gt;</string>
		</dict>
		<key>8341421718BF55E80020CF97</key>
		<dict>
			<key>fileEncoding</key>
			<string>4</string>
			<key>isa</key>
			<string>PBXFileReference</string>
			<key>lastKnownFileType</key>
			<string>sourcecode.c.objc</string>
			<key>path</key>
			<string>JCUserViewModel.m</string>
			<key>sourceTree</key>
			<string>&lt;group&gt;</string>
		</dict>
		<key>8341421818BF55E80020CF97</key>
		<dict>
			<key>fileRef</key>
			<string>8341421718BF55E80020CF97</string>
			<key>isa</key>
			<string>PBXBuildFile</string>
		</dict>
		<key>834663A418BE332C0056F692</key>
		<dict>
			<key>children</key>
			<array>
				<string>837B15A418BDF31F000EEFAB</string>
				<string>837B15A518BDF31F000EEFAB</string>
				<string>830C31CC18BCDF4800B7CC47</string>
				<string>830C31CD18BCDF4800B7CC47</string>
			</array>
			<key>isa</key>
			<string>PBXGroup</string>
			<key>name</key>
			<string>Signup</string>
			<key>sourceTree</key>
			<string>&lt;group&gt;</string>
		</dict>
		<key>834663A518BE33360056F692</key>
		<dict>
			<key>children</key>
			<array>
				<string>83560C4D18BCE146004CE63C</string>
				<string>83560C4E18BCE146004CE63C</string>
			</array>
			<key>isa</key>
			<string>PBXGroup</string>
			<key>name</key>
			<string>Signup</string>
			<key>sourceTree</key>
			<string>&lt;group&gt;</string>
		</dict>
		<key>83560C4D18BCE146004CE63C</key>
		<dict>
			<key>fileEncoding</key>
			<string>4</string>
			<key>isa</key>
			<string>PBXFileReference</string>
			<key>lastKnownFileType</key>
			<string>sourcecode.c.h</string>
			<key>path</key>
			<string>JCSignupViewModel.h</string>
			<key>sourceTree</key>
			<string>&lt;group&gt;</string>
		</dict>
		<key>83560C4E18BCE146004CE63C</key>
		<dict>
			<key>fileEncoding</key>
			<string>4</string>
			<key>isa</key>
			<string>PBXFileReference</string>
			<key>lastKnownFileType</key>
			<string>sourcecode.c.objc</string>
			<key>path</key>
			<string>JCSignupViewModel.m</string>
			<key>sourceTree</key>
			<string>&lt;group&gt;</string>
		</dict>
		<key>83560C4F18BCE146004CE63C</key>
		<dict>
			<key>fileRef</key>
			<string>83560C4E18BCE146004CE63C</string>
			<key>isa</key>
			<string>PBXBuildFile</string>
		</dict>
		<key>837B15A418BDF31F000EEFAB</key>
		<dict>
			<key>fileEncoding</key>
			<string>4</string>
			<key>isa</key>
			<string>PBXFileReference</string>
			<key>lastKnownFileType</key>
			<string>sourcecode.c.h</string>
			<key>path</key>
			<string>JCSignupView.h</string>
			<key>sourceTree</key>
			<string>&lt;group&gt;</string>
		</dict>
		<key>837B15A518BDF31F000EEFAB</key>
		<dict>
			<key>fileEncoding</key>
			<string>4</string>
			<key>isa</key>
			<string>PBXFileReference</string>
			<key>lastKnownFileType</key>
			<string>sourcecode.c.objc</string>
			<key>path</key>
			<string>JCSignupView.m</string>
			<key>sourceTree</key>
			<string>&lt;group&gt;</string>
		</dict>
		<key>837B15A618BDF31F000EEFAB</key>
		<dict>
			<key>fileRef</key>
			<string>837B15A518BDF31F000EEFAB</string>
			<key>isa</key>
			<string>PBXBuildFile</string>
		</dict>
		<key>837B15A718BE023B000EEFAB</key>
		<dict>
			<key>isa</key>
			<string>PBXFileReference</string>
			<key>lastKnownFileType</key>
			<string>wrapper.framework</string>
			<key>name</key>
			<string>QuartzCore.framework</string>
			<key>path</key>
			<string>System/Library/Frameworks/QuartzCore.framework</string>
			<key>sourceTree</key>
			<string>SDKROOT</string>
		</dict>
		<key>837B15A818BE023B000EEFAB</key>
		<dict>
			<key>fileRef</key>
			<string>837B15A718BE023B000EEFAB</string>
			<key>isa</key>
			<string>PBXBuildFile</string>
		</dict>
		<key>838C16D418BCBBEB0053BFB1</key>
		<dict>
			<key>children</key>
			<array>
				<string>831EDB5818BCBB33001468E4</string>
				<string>831EDB5918BCBB33001468E4</string>
			</array>
			<key>isa</key>
			<string>PBXGroup</string>
			<key>path</key>
			<string>Application</string>
			<key>sourceTree</key>
			<string>&lt;group&gt;</string>
		</dict>
		<key>838C16D518BCBBEB0053BFB1</key>
		<dict>
			<key>children</key>
			<array/>
			<key>isa</key>
			<string>PBXGroup</string>
			<key>path</key>
			<string>Library</string>
			<key>sourceTree</key>
			<string>&lt;group&gt;</string>
		</dict>
		<key>838C16D618BCBBEB0053BFB1</key>
		<dict>
			<key>children</key>
			<array/>
			<key>isa</key>
			<string>PBXGroup</string>
			<key>path</key>
			<string>Models</string>
			<key>sourceTree</key>
			<string>&lt;group&gt;</string>
		</dict>
		<key>838C16D718BCBBEB0053BFB1</key>
		<dict>
			<key>children</key>
			<array>
				<string>831EDB5118BCBB33001468E4</string>
				<string>831EDB5218BCBB33001468E4</string>
				<string>831EDB5518BCBB33001468E4</string>
				<string>831EDB5718BCBB33001468E4</string>
			</array>
			<key>isa</key>
			<string>PBXGroup</string>
			<key>path</key>
			<string>Support</string>
			<key>sourceTree</key>
			<string>&lt;group&gt;</string>
		</dict>
		<key>838C16D818BCBBEB0053BFB1</key>
		<dict>
			<key>children</key>
			<array>
				<string>83BA021B18BE3E5600EE7787</string>
				<string>834663A518BE33360056F692</string>
				<string>8341420E18BF55A30020CF97</string>
				<string>83B5DEC518BFA2000032F7E1</string>
			</array>
			<key>isa</key>
			<string>PBXGroup</string>
			<key>path</key>
			<string>ViewModels</string>
			<key>sourceTree</key>
			<string>&lt;group&gt;</string>
		</dict>
		<key>838C16D918BCBBEB0053BFB1</key>
		<dict>
			<key>children</key>
			<array>
				<string>83BA021D18BE3E6F00EE7787</string>
				<string>83BA021E18BE3E7300EE7787</string>
				<string>834663A418BE332C0056F692</string>
				<string>8341420F18BF55A90020CF97</string>
				<string>83B5DEC418BFA1F10032F7E1</string>
			</array>
			<key>isa</key>
			<string>PBXGroup</string>
			<key>path</key>
			<string>Views</string>
			<key>sourceTree</key>
			<string>&lt;group&gt;</string>
		</dict>
		<key>83B5DEC418BFA1F10032F7E1</key>
		<dict>
			<key>children</key>
			<array>
				<string>83B5DEC618BFA3060032F7E1</string>
				<string>83B5DEC718BFA3060032F7E1</string>
				<string>83B5DEC918BFA3130032F7E1</string>
				<string>83B5DECA18BFA3130032F7E1</string>
			</array>
			<key>isa</key>
			<string>PBXGroup</string>
			<key>name</key>
			<string>Routes List</string>
			<key>sourceTree</key>
			<string>&lt;group&gt;</string>
		</dict>
		<key>83B5DEC518BFA2000032F7E1</key>
		<dict>
			<key>children</key>
			<array/>
			<key>isa</key>
			<string>PBXGroup</string>
			<key>name</key>
			<string>Routes List</string>
			<key>sourceTree</key>
			<string>&lt;group&gt;</string>
		</dict>
		<key>83B5DEC618BFA3060032F7E1</key>
		<dict>
			<key>fileEncoding</key>
			<string>4</string>
			<key>isa</key>
			<string>PBXFileReference</string>
			<key>lastKnownFileType</key>
			<string>sourcecode.c.h</string>
			<key>path</key>
			<string>JCRoutesView.h</string>
			<key>sourceTree</key>
			<string>&lt;group&gt;</string>
		</dict>
		<key>83B5DEC718BFA3060032F7E1</key>
		<dict>
			<key>fileEncoding</key>
			<string>4</string>
			<key>isa</key>
			<string>PBXFileReference</string>
			<key>lastKnownFileType</key>
			<string>sourcecode.c.objc</string>
			<key>path</key>
			<string>JCRoutesView.m</string>
			<key>sourceTree</key>
			<string>&lt;group&gt;</string>
		</dict>
		<key>83B5DEC818BFA3060032F7E1</key>
		<dict>
			<key>fileRef</key>
			<string>83B5DEC718BFA3060032F7E1</string>
			<key>isa</key>
			<string>PBXBuildFile</string>
		</dict>
		<key>83B5DEC918BFA3130032F7E1</key>
		<dict>
			<key>fileEncoding</key>
			<string>4</string>
			<key>isa</key>
			<string>PBXFileReference</string>
			<key>lastKnownFileType</key>
			<string>sourcecode.c.h</string>
			<key>path</key>
			<string>JCRoutesViewController.h</string>
			<key>sourceTree</key>
			<string>&lt;group&gt;</string>
		</dict>
		<key>83B5DECA18BFA3130032F7E1</key>
		<dict>
			<key>fileEncoding</key>
			<string>4</string>
			<key>isa</key>
			<string>PBXFileReference</string>
			<key>lastKnownFileType</key>
			<string>sourcecode.c.objc</string>
			<key>path</key>
			<string>JCRoutesViewController.m</string>
			<key>sourceTree</key>
			<string>&lt;group&gt;</string>
		</dict>
		<key>83B5DECB18BFA3130032F7E1</key>
		<dict>
			<key>fileRef</key>
			<string>83B5DECA18BFA3130032F7E1</string>
			<key>isa</key>
			<string>PBXBuildFile</string>
		</dict>
		<key>83BA021B18BE3E5600EE7787</key>
		<dict>
			<key>children</key>
			<array>
				<string>83BA022B18BE477700EE7787</string>
				<string>83BA022C18BE477700EE7787</string>
			</array>
			<key>isa</key>
			<string>PBXGroup</string>
			<key>name</key>
			<string>Signin</string>
			<key>sourceTree</key>
			<string>&lt;group&gt;</string>
		</dict>
		<key>83BA021D18BE3E6F00EE7787</key>
		<dict>
			<key>children</key>
			<array>
				<string>83BA021F18BE3E8E00EE7787</string>
				<string>83BA022018BE3E8E00EE7787</string>
				<string>83BA022218BE3E9F00EE7787</string>
				<string>83BA022318BE3E9F00EE7787</string>
			</array>
			<key>isa</key>
			<string>PBXGroup</string>
			<key>name</key>
			<string>Welcome</string>
			<key>sourceTree</key>
			<string>&lt;group&gt;</string>
		</dict>
		<key>83BA021E18BE3E7300EE7787</key>
		<dict>
			<key>children</key>
			<array>
				<string>83BA022E18BE482B00EE7787</string>
				<string>83BA022F18BE482B00EE7787</string>
				<string>83BA022518BE474D00EE7787</string>
				<string>83BA022618BE474D00EE7787</string>
			</array>
			<key>isa</key>
			<string>PBXGroup</string>
			<key>name</key>
			<string>Signin</string>
			<key>sourceTree</key>
			<string>&lt;group&gt;</string>
		</dict>
		<key>83BA021F18BE3E8E00EE7787</key>
		<dict>
			<key>fileEncoding</key>
			<string>4</string>
			<key>isa</key>
			<string>PBXFileReference</string>
			<key>lastKnownFileType</key>
			<string>sourcecode.c.h</string>
			<key>path</key>
			<string>JCWelcomeView.h</string>
			<key>sourceTree</key>
			<string>&lt;group&gt;</string>
		</dict>
		<key>83BA022018BE3E8E00EE7787</key>
		<dict>
			<key>fileEncoding</key>
			<string>4</string>
			<key>isa</key>
			<string>PBXFileReference</string>
			<key>lastKnownFileType</key>
			<string>sourcecode.c.objc</string>
			<key>path</key>
			<string>JCWelcomeView.m</string>
			<key>sourceTree</key>
			<string>&lt;group&gt;</string>
		</dict>
		<key>83BA022118BE3E8E00EE7787</key>
		<dict>
			<key>fileRef</key>
			<string>83BA022018BE3E8E00EE7787</string>
			<key>isa</key>
			<string>PBXBuildFile</string>
		</dict>
		<key>83BA022218BE3E9F00EE7787</key>
		<dict>
			<key>fileEncoding</key>
			<string>4</string>
			<key>isa</key>
			<string>PBXFileReference</string>
			<key>lastKnownFileType</key>
			<string>sourcecode.c.h</string>
			<key>path</key>
			<string>JCWelcomeViewController.h</string>
			<key>sourceTree</key>
			<string>&lt;group&gt;</string>
		</dict>
		<key>83BA022318BE3E9F00EE7787</key>
		<dict>
			<key>fileEncoding</key>
			<string>4</string>
			<key>isa</key>
			<string>PBXFileReference</string>
			<key>lastKnownFileType</key>
			<string>sourcecode.c.objc</string>
			<key>path</key>
			<string>JCWelcomeViewController.m</string>
			<key>sourceTree</key>
			<string>&lt;group&gt;</string>
		</dict>
		<key>83BA022418BE3E9F00EE7787</key>
		<dict>
			<key>fileRef</key>
			<string>83BA022318BE3E9F00EE7787</string>
			<key>isa</key>
			<string>PBXBuildFile</string>
		</dict>
		<key>83BA022518BE474D00EE7787</key>
		<dict>
			<key>fileEncoding</key>
			<string>4</string>
			<key>isa</key>
			<string>PBXFileReference</string>
			<key>lastKnownFileType</key>
			<string>sourcecode.c.h</string>
			<key>path</key>
			<string>JCSigninViewController.h</string>
			<key>sourceTree</key>
			<string>&lt;group&gt;</string>
		</dict>
		<key>83BA022618BE474D00EE7787</key>
		<dict>
			<key>fileEncoding</key>
			<string>4</string>
			<key>isa</key>
			<string>PBXFileReference</string>
			<key>lastKnownFileType</key>
			<string>sourcecode.c.objc</string>
			<key>path</key>
			<string>JCSigninViewController.m</string>
			<key>sourceTree</key>
			<string>&lt;group&gt;</string>
		</dict>
		<key>83BA022718BE474D00EE7787</key>
		<dict>
			<key>fileRef</key>
			<string>83BA022618BE474D00EE7787</string>
			<key>isa</key>
			<string>PBXBuildFile</string>
		</dict>
		<key>83BA022B18BE477700EE7787</key>
		<dict>
			<key>fileEncoding</key>
			<string>4</string>
			<key>isa</key>
			<string>PBXFileReference</string>
			<key>lastKnownFileType</key>
			<string>sourcecode.c.h</string>
			<key>path</key>
			<string>JCSigninViewModel.h</string>
			<key>sourceTree</key>
			<string>&lt;group&gt;</string>
		</dict>
		<key>83BA022C18BE477700EE7787</key>
		<dict>
			<key>fileEncoding</key>
			<string>4</string>
			<key>isa</key>
			<string>PBXFileReference</string>
			<key>lastKnownFileType</key>
			<string>sourcecode.c.objc</string>
			<key>path</key>
			<string>JCSigninViewModel.m</string>
			<key>sourceTree</key>
			<string>&lt;group&gt;</string>
		</dict>
		<key>83BA022D18BE477700EE7787</key>
		<dict>
			<key>fileRef</key>
			<string>83BA022C18BE477700EE7787</string>
			<key>isa</key>
			<string>PBXBuildFile</string>
		</dict>
		<key>83BA022E18BE482B00EE7787</key>
		<dict>
			<key>fileEncoding</key>
			<string>4</string>
			<key>isa</key>
			<string>PBXFileReference</string>
			<key>lastKnownFileType</key>
			<string>sourcecode.c.h</string>
			<key>path</key>
			<string>JCSigninView.h</string>
			<key>sourceTree</key>
			<string>&lt;group&gt;</string>
		</dict>
		<key>83BA022F18BE482B00EE7787</key>
		<dict>
			<key>fileEncoding</key>
			<string>4</string>
			<key>isa</key>
			<string>PBXFileReference</string>
			<key>lastKnownFileType</key>
			<string>sourcecode.c.objc</string>
			<key>path</key>
			<string>JCSigninView.m</string>
			<key>sourceTree</key>
			<string>&lt;group&gt;</string>
		</dict>
		<key>83BA023018BE482B00EE7787</key>
		<dict>
			<key>fileRef</key>
			<string>83BA022F18BE482B00EE7787</string>
			<key>isa</key>
			<string>PBXBuildFile</string>
		</dict>
		<key>B1A40FB2A1D844C5BE8468BE</key>
		<dict>
			<key>includeInIndex</key>
			<string>1</string>
			<key>isa</key>
			<string>PBXFileReference</string>
			<key>lastKnownFileType</key>
			<string>text.xcconfig</string>
			<key>name</key>
			<string>Pods.xcconfig</string>
			<key>path</key>
			<string>Pods/Pods.xcconfig</string>
			<key>sourceTree</key>
			<string>&lt;group&gt;</string>
		</dict>
		<key>B9F63CCEB7BE445CAC45BA08</key>
		<dict>
			<key>explicitFileType</key>
			<string>archive.ar</string>
			<key>includeInIndex</key>
			<string>0</string>
			<key>isa</key>
			<string>PBXFileReference</string>
			<key>path</key>
			<string>libPods-JourneyCapture.a</string>
			<key>sourceTree</key>
			<string>BUILT_PRODUCTS_DIR</string>
		</dict>
		<key>BFAE2B91575B49EFA76C55F4</key>
		<dict>
			<key>includeInIndex</key>
			<string>1</string>
			<key>isa</key>
			<string>PBXFileReference</string>
			<key>lastKnownFileType</key>
			<string>text.xcconfig</string>
			<key>name</key>
			<string>Pods-JourneyCapture.xcconfig</string>
			<key>path</key>
			<string>Pods/Pods-JourneyCapture.xcconfig</string>
			<key>sourceTree</key>
			<string>&lt;group&gt;</string>
		</dict>
		<key>EA1572DE908A4ADA8D403842</key>
		<dict>
			<key>fileRef</key>
			<string>12E8303FB46D4087967CEECE</string>
			<key>isa</key>
			<string>PBXBuildFile</string>
		</dict>
	</dict>
	<key>rootObject</key>
	<string>831EDB3E18BCBB33001468E4</string>
</dict>
</plist>
