// !$*UTF8*$!
{
	archiveVersion = 1;
	classes = {
	};
	objectVersion = 46;
	objects = {

/* Begin PBXBuildFile section */
		8303E2D218C61C5700215760 /* JCQuestionViewModel.m in Sources */ = {isa = PBXBuildFile; fileRef = 8303E2D118C61C5700215760 /* JCQuestionViewModel.m */; };
		8303E2D518C61E2100215760 /* JCQuestionViewController.m in Sources */ = {isa = PBXBuildFile; fileRef = 8303E2D418C61E2100215760 /* JCQuestionViewController.m */; };
		8303E2D818C62C2300215760 /* JCQuestionListViewModel.m in Sources */ = {isa = PBXBuildFile; fileRef = 8303E2D718C62C2300215760 /* JCQuestionListViewModel.m */; };
		830C31CE18BCDF4800B7CC47 /* JCSignupViewController.m in Sources */ = {isa = PBXBuildFile; fileRef = 830C31CD18BCDF4800B7CC47 /* JCSignupViewController.m */; };
		831EDB4A18BCBB33001468E4 /* Foundation.framework in Frameworks */ = {isa = PBXBuildFile; fileRef = 831EDB4918BCBB33001468E4 /* Foundation.framework */; };
		831EDB4C18BCBB33001468E4 /* CoreGraphics.framework in Frameworks */ = {isa = PBXBuildFile; fileRef = 831EDB4B18BCBB33001468E4 /* CoreGraphics.framework */; };
		831EDB4E18BCBB33001468E4 /* UIKit.framework in Frameworks */ = {isa = PBXBuildFile; fileRef = 831EDB4D18BCBB33001468E4 /* UIKit.framework */; };
		831EDB5418BCBB33001468E4 /* InfoPlist.strings in Resources */ = {isa = PBXBuildFile; fileRef = 831EDB5218BCBB33001468E4 /* InfoPlist.strings */; };
		831EDB5618BCBB33001468E4 /* main.m in Sources */ = {isa = PBXBuildFile; fileRef = 831EDB5518BCBB33001468E4 /* main.m */; };
		831EDB5A18BCBB33001468E4 /* JCAppDelegate.m in Sources */ = {isa = PBXBuildFile; fileRef = 831EDB5918BCBB33001468E4 /* JCAppDelegate.m */; };
		831EDB5C18BCBB34001468E4 /* Images.xcassets in Resources */ = {isa = PBXBuildFile; fileRef = 831EDB5B18BCBB34001468E4 /* Images.xcassets */; };
		831EDB6318BCBB34001468E4 /* XCTest.framework in Frameworks */ = {isa = PBXBuildFile; fileRef = 831EDB6218BCBB34001468E4 /* XCTest.framework */; };
		831EDB6418BCBB34001468E4 /* Foundation.framework in Frameworks */ = {isa = PBXBuildFile; fileRef = 831EDB4918BCBB33001468E4 /* Foundation.framework */; };
		831EDB6518BCBB34001468E4 /* UIKit.framework in Frameworks */ = {isa = PBXBuildFile; fileRef = 831EDB4D18BCBB33001468E4 /* UIKit.framework */; };
		831EDB6D18BCBB34001468E4 /* InfoPlist.strings in Resources */ = {isa = PBXBuildFile; fileRef = 831EDB6B18BCBB34001468E4 /* InfoPlist.strings */; };
		831EDB6F18BCBB34001468E4 /* JourneyCaptureTests.m in Sources */ = {isa = PBXBuildFile; fileRef = 831EDB6E18BCBB34001468E4 /* JourneyCaptureTests.m */; };
		8328838718BCF805001EDB87 /* JCSignupViewModel.m in Sources */ = {isa = PBXBuildFile; fileRef = 83560C4E18BCE146004CE63C /* JCSignupViewModel.m */; };
		8341421218BF55B70020CF97 /* JCUserViewController.m in Sources */ = {isa = PBXBuildFile; fileRef = 8341421118BF55B70020CF97 /* JCUserViewController.m */; };
		8341421518BF55C20020CF97 /* JCUserView.m in Sources */ = {isa = PBXBuildFile; fileRef = 8341421418BF55C20020CF97 /* JCUserView.m */; };
		8341421818BF55E80020CF97 /* JCUserViewModel.m in Sources */ = {isa = PBXBuildFile; fileRef = 8341421718BF55E80020CF97 /* JCUserViewModel.m */; };
		83519E7318CDC42800DA1E70 /* UIImage+Compression.m in Sources */ = {isa = PBXBuildFile; fileRef = 83519E7218CDC42800DA1E70 /* UIImage+Compression.m */; };
		83560C4F18BCE146004CE63C /* JCSignupViewModel.m in Sources */ = {isa = PBXBuildFile; fileRef = 83560C4E18BCE146004CE63C /* JCSignupViewModel.m */; };
		837B15A618BDF31F000EEFAB /* JCSignupView.m in Sources */ = {isa = PBXBuildFile; fileRef = 837B15A518BDF31F000EEFAB /* JCSignupView.m */; };
		837B15A818BE023B000EEFAB /* QuartzCore.framework in Frameworks */ = {isa = PBXBuildFile; fileRef = 837B15A718BE023B000EEFAB /* QuartzCore.framework */; };
		83B3484F18C09EFF00D59FB9 /* JCRouteCell.m in Sources */ = {isa = PBXBuildFile; fileRef = 83B3484E18C09EFF00D59FB9 /* JCRouteCell.m */; };
		83B3485218C0A79800D59FB9 /* JCRoutesListViewModel.m in Sources */ = {isa = PBXBuildFile; fileRef = 83B3485118C0A79800D59FB9 /* JCRoutesListViewModel.m */; };
		83B3485918C0BCFC00D59FB9 /* JCRouteSummaryView.m in Sources */ = {isa = PBXBuildFile; fileRef = 83B3485818C0BCFC00D59FB9 /* JCRouteSummaryView.m */; };
		83B3485C18C0BD1F00D59FB9 /* JCRouteViewController.m in Sources */ = {isa = PBXBuildFile; fileRef = 83B3485B18C0BD1F00D59FB9 /* JCRouteViewController.m */; };
		83B5DECB18BFA3130032F7E1 /* JCRoutesViewController.m in Sources */ = {isa = PBXBuildFile; fileRef = 83B5DECA18BFA3130032F7E1 /* JCRoutesViewController.m */; };
		83BA022118BE3E8E00EE7787 /* JCWelcomeView.m in Sources */ = {isa = PBXBuildFile; fileRef = 83BA022018BE3E8E00EE7787 /* JCWelcomeView.m */; };
		83BA022418BE3E9F00EE7787 /* JCWelcomeViewController.m in Sources */ = {isa = PBXBuildFile; fileRef = 83BA022318BE3E9F00EE7787 /* JCWelcomeViewController.m */; };
		83BA022718BE474D00EE7787 /* JCSigninViewController.m in Sources */ = {isa = PBXBuildFile; fileRef = 83BA022618BE474D00EE7787 /* JCSigninViewController.m */; };
		83BA022D18BE477700EE7787 /* JCSigninViewModel.m in Sources */ = {isa = PBXBuildFile; fileRef = 83BA022C18BE477700EE7787 /* JCSigninViewModel.m */; };
		83BA023018BE482B00EE7787 /* JCSigninView.m in Sources */ = {isa = PBXBuildFile; fileRef = 83BA022F18BE482B00EE7787 /* JCSigninView.m */; };
		83BD285A18CA01010042F1E3 /* JCStatCell.m in Sources */ = {isa = PBXBuildFile; fileRef = 83BD285918CA01010042F1E3 /* JCStatCell.m */; };
		83BD285E18CA04C50042F1E3 /* JCRouteViewModel.m in Sources */ = {isa = PBXBuildFile; fileRef = 83BD285D18CA04C50042F1E3 /* JCRouteViewModel.m */; };
		83BD286118CA06640042F1E3 /* JCRoutePointViewModel.m in Sources */ = {isa = PBXBuildFile; fileRef = 83BD286018CA06640042F1E3 /* JCRoutePointViewModel.m */; };
		83D98DD018C9D3AD00E72279 /* JCLocationManager.m in Sources */ = {isa = PBXBuildFile; fileRef = 83D98DCF18C9D3AD00E72279 /* JCLocationManager.m */; };
		83D98DD418C9DB2F00E72279 /* JCRouteCaptureViewController.m in Sources */ = {isa = PBXBuildFile; fileRef = 83D98DD318C9DB2F00E72279 /* JCRouteCaptureViewController.m */; };
		83D98DD718C9DB4100E72279 /* JCCaptureView.m in Sources */ = {isa = PBXBuildFile; fileRef = 83D98DD618C9DB4100E72279 /* JCCaptureView.m */; };
		83F811E118C49E860010B1CD /* JCJourneyModel.xcdatamodeld in Sources */ = {isa = PBXBuildFile; fileRef = 83F811DF18C49E860010B1CD /* JCJourneyModel.xcdatamodeld */; };
		83F811E418C4C1470010B1CD /* JCAPIManager.m in Sources */ = {isa = PBXBuildFile; fileRef = 83F811E318C4C1470010B1CD /* JCAPIManager.m */; };
		83F811E718C4D5CD0010B1CD /* User.m in Sources */ = {isa = PBXBuildFile; fileRef = 83F811E618C4D5CD0010B1CD /* User.m */; };
		EA1572DE908A4ADA8D403842 /* libPods.a in Frameworks */ = {isa = PBXBuildFile; fileRef = 12E8303FB46D4087967CEECE /* libPods.a */; };
/* End PBXBuildFile section */

/* Begin PBXContainerItemProxy section */
		831EDB6618BCBB34001468E4 /* PBXContainerItemProxy */ = {
			isa = PBXContainerItemProxy;
			containerPortal = 831EDB3E18BCBB33001468E4 /* Project object */;
			proxyType = 1;
			remoteGlobalIDString = 831EDB4518BCBB33001468E4;
			remoteInfo = JourneyCapture;
		};
/* End PBXContainerItemProxy section */

/* Begin PBXFileReference section */
		12E8303FB46D4087967CEECE /* libPods.a */ = {isa = PBXFileReference; explicitFileType = archive.ar; includeInIndex = 0; path = libPods.a; sourceTree = BUILT_PRODUCTS_DIR; };
		8303E2D018C61C5700215760 /* JCQuestionViewModel.h */ = {isa = PBXFileReference; fileEncoding = 4; lastKnownFileType = sourcecode.c.h; path = JCQuestionViewModel.h; sourceTree = "<group>"; };
		8303E2D118C61C5700215760 /* JCQuestionViewModel.m */ = {isa = PBXFileReference; fileEncoding = 4; lastKnownFileType = sourcecode.c.objc; path = JCQuestionViewModel.m; sourceTree = "<group>"; };
		8303E2D318C61E2100215760 /* JCQuestionViewController.h */ = {isa = PBXFileReference; fileEncoding = 4; lastKnownFileType = sourcecode.c.h; path = JCQuestionViewController.h; sourceTree = "<group>"; };
		8303E2D418C61E2100215760 /* JCQuestionViewController.m */ = {isa = PBXFileReference; fileEncoding = 4; lastKnownFileType = sourcecode.c.objc; path = JCQuestionViewController.m; sourceTree = "<group>"; };
		8303E2D618C62C2300215760 /* JCQuestionListViewModel.h */ = {isa = PBXFileReference; fileEncoding = 4; lastKnownFileType = sourcecode.c.h; path = JCQuestionListViewModel.h; sourceTree = "<group>"; };
		8303E2D718C62C2300215760 /* JCQuestionListViewModel.m */ = {isa = PBXFileReference; fileEncoding = 4; lastKnownFileType = sourcecode.c.objc; path = JCQuestionListViewModel.m; sourceTree = "<group>"; };
		830C31CC18BCDF4800B7CC47 /* JCSignupViewController.h */ = {isa = PBXFileReference; fileEncoding = 4; lastKnownFileType = sourcecode.c.h; path = JCSignupViewController.h; sourceTree = "<group>"; };
		830C31CD18BCDF4800B7CC47 /* JCSignupViewController.m */ = {isa = PBXFileReference; fileEncoding = 4; lastKnownFileType = sourcecode.c.objc; path = JCSignupViewController.m; sourceTree = "<group>"; };
		831EDB4618BCBB33001468E4 /* JourneyCapture.app */ = {isa = PBXFileReference; explicitFileType = wrapper.application; includeInIndex = 0; path = JourneyCapture.app; sourceTree = BUILT_PRODUCTS_DIR; };
		831EDB4918BCBB33001468E4 /* Foundation.framework */ = {isa = PBXFileReference; lastKnownFileType = wrapper.framework; name = Foundation.framework; path = System/Library/Frameworks/Foundation.framework; sourceTree = SDKROOT; };
		831EDB4B18BCBB33001468E4 /* CoreGraphics.framework */ = {isa = PBXFileReference; lastKnownFileType = wrapper.framework; name = CoreGraphics.framework; path = System/Library/Frameworks/CoreGraphics.framework; sourceTree = SDKROOT; };
		831EDB4D18BCBB33001468E4 /* UIKit.framework */ = {isa = PBXFileReference; lastKnownFileType = wrapper.framework; name = UIKit.framework; path = System/Library/Frameworks/UIKit.framework; sourceTree = SDKROOT; };
		831EDB5118BCBB33001468E4 /* JourneyCapture-Info.plist */ = {isa = PBXFileReference; lastKnownFileType = text.plist.xml; path = "JourneyCapture-Info.plist"; sourceTree = "<group>"; };
		831EDB5318BCBB33001468E4 /* en */ = {isa = PBXFileReference; lastKnownFileType = text.plist.strings; name = en; path = en.lproj/InfoPlist.strings; sourceTree = "<group>"; };
		831EDB5518BCBB33001468E4 /* main.m */ = {isa = PBXFileReference; lastKnownFileType = sourcecode.c.objc; path = main.m; sourceTree = "<group>"; };
		831EDB5718BCBB33001468E4 /* JourneyCapture-Prefix.pch */ = {isa = PBXFileReference; lastKnownFileType = sourcecode.c.h; path = "JourneyCapture-Prefix.pch"; sourceTree = "<group>"; };
		831EDB5818BCBB33001468E4 /* JCAppDelegate.h */ = {isa = PBXFileReference; lastKnownFileType = sourcecode.c.h; path = JCAppDelegate.h; sourceTree = "<group>"; };
		831EDB5918BCBB33001468E4 /* JCAppDelegate.m */ = {isa = PBXFileReference; lastKnownFileType = sourcecode.c.objc; path = JCAppDelegate.m; sourceTree = "<group>"; };
		831EDB5B18BCBB34001468E4 /* Images.xcassets */ = {isa = PBXFileReference; lastKnownFileType = folder.assetcatalog; path = Images.xcassets; sourceTree = "<group>"; };
		831EDB6118BCBB34001468E4 /* JourneyCaptureTests.xctest */ = {isa = PBXFileReference; explicitFileType = wrapper.cfbundle; includeInIndex = 0; path = JourneyCaptureTests.xctest; sourceTree = BUILT_PRODUCTS_DIR; };
		831EDB6218BCBB34001468E4 /* XCTest.framework */ = {isa = PBXFileReference; lastKnownFileType = wrapper.framework; name = XCTest.framework; path = Library/Frameworks/XCTest.framework; sourceTree = DEVELOPER_DIR; };
		831EDB6A18BCBB34001468E4 /* JourneyCaptureTests-Info.plist */ = {isa = PBXFileReference; lastKnownFileType = text.plist.xml; path = "JourneyCaptureTests-Info.plist"; sourceTree = "<group>"; };
		831EDB6C18BCBB34001468E4 /* en */ = {isa = PBXFileReference; lastKnownFileType = text.plist.strings; name = en; path = en.lproj/InfoPlist.strings; sourceTree = "<group>"; };
		831EDB6E18BCBB34001468E4 /* JourneyCaptureTests.m */ = {isa = PBXFileReference; lastKnownFileType = sourcecode.c.objc; path = JourneyCaptureTests.m; sourceTree = "<group>"; };
		8341421018BF55B70020CF97 /* JCUserViewController.h */ = {isa = PBXFileReference; fileEncoding = 4; lastKnownFileType = sourcecode.c.h; path = JCUserViewController.h; sourceTree = "<group>"; };
		8341421118BF55B70020CF97 /* JCUserViewController.m */ = {isa = PBXFileReference; fileEncoding = 4; lastKnownFileType = sourcecode.c.objc; path = JCUserViewController.m; sourceTree = "<group>"; };
		8341421318BF55C20020CF97 /* JCUserView.h */ = {isa = PBXFileReference; fileEncoding = 4; lastKnownFileType = sourcecode.c.h; path = JCUserView.h; sourceTree = "<group>"; };
		8341421418BF55C20020CF97 /* JCUserView.m */ = {isa = PBXFileReference; fileEncoding = 4; lastKnownFileType = sourcecode.c.objc; path = JCUserView.m; sourceTree = "<group>"; };
		8341421618BF55E80020CF97 /* JCUserViewModel.h */ = {isa = PBXFileReference; fileEncoding = 4; lastKnownFileType = sourcecode.c.h; path = JCUserViewModel.h; sourceTree = "<group>"; };
		8341421718BF55E80020CF97 /* JCUserViewModel.m */ = {isa = PBXFileReference; fileEncoding = 4; lastKnownFileType = sourcecode.c.objc; path = JCUserViewModel.m; sourceTree = "<group>"; };
		83519E7118CDC42800DA1E70 /* UIImage+Compression.h */ = {isa = PBXFileReference; fileEncoding = 4; lastKnownFileType = sourcecode.c.h; path = "UIImage+Compression.h"; sourceTree = "<group>"; };
		83519E7218CDC42800DA1E70 /* UIImage+Compression.m */ = {isa = PBXFileReference; fileEncoding = 4; lastKnownFileType = sourcecode.c.objc; path = "UIImage+Compression.m"; sourceTree = "<group>"; };
		83560C4D18BCE146004CE63C /* JCSignupViewModel.h */ = {isa = PBXFileReference; fileEncoding = 4; lastKnownFileType = sourcecode.c.h; path = JCSignupViewModel.h; sourceTree = "<group>"; };
		83560C4E18BCE146004CE63C /* JCSignupViewModel.m */ = {isa = PBXFileReference; fileEncoding = 4; lastKnownFileType = sourcecode.c.objc; path = JCSignupViewModel.m; sourceTree = "<group>"; };
		83735C0318CF730C0050AB09 /* CoreLocation.framework */ = {isa = PBXFileReference; lastKnownFileType = wrapper.framework; name = CoreLocation.framework; path = System/Library/Frameworks/CoreLocation.framework; sourceTree = SDKROOT; };
		837B15A418BDF31F000EEFAB /* JCSignupView.h */ = {isa = PBXFileReference; fileEncoding = 4; lastKnownFileType = sourcecode.c.h; path = JCSignupView.h; sourceTree = "<group>"; };
		837B15A518BDF31F000EEFAB /* JCSignupView.m */ = {isa = PBXFileReference; fileEncoding = 4; lastKnownFileType = sourcecode.c.objc; path = JCSignupView.m; sourceTree = "<group>"; };
		837B15A718BE023B000EEFAB /* QuartzCore.framework */ = {isa = PBXFileReference; lastKnownFileType = wrapper.framework; name = QuartzCore.framework; path = System/Library/Frameworks/QuartzCore.framework; sourceTree = SDKROOT; };
		83B3484D18C09EFF00D59FB9 /* JCRouteCell.h */ = {isa = PBXFileReference; fileEncoding = 4; lastKnownFileType = sourcecode.c.h; path = JCRouteCell.h; sourceTree = "<group>"; };
		83B3484E18C09EFF00D59FB9 /* JCRouteCell.m */ = {isa = PBXFileReference; fileEncoding = 4; lastKnownFileType = sourcecode.c.objc; path = JCRouteCell.m; sourceTree = "<group>"; };
		83B3485018C0A79800D59FB9 /* JCRoutesListViewModel.h */ = {isa = PBXFileReference; fileEncoding = 4; lastKnownFileType = sourcecode.c.h; path = JCRoutesListViewModel.h; sourceTree = "<group>"; };
		83B3485118C0A79800D59FB9 /* JCRoutesListViewModel.m */ = {isa = PBXFileReference; fileEncoding = 4; lastKnownFileType = sourcecode.c.objc; path = JCRoutesListViewModel.m; sourceTree = "<group>"; };
		83B3485718C0BCFC00D59FB9 /* JCRouteSummaryView.h */ = {isa = PBXFileReference; fileEncoding = 4; lastKnownFileType = sourcecode.c.h; path = JCRouteSummaryView.h; sourceTree = "<group>"; };
		83B3485818C0BCFC00D59FB9 /* JCRouteSummaryView.m */ = {isa = PBXFileReference; fileEncoding = 4; lastKnownFileType = sourcecode.c.objc; path = JCRouteSummaryView.m; sourceTree = "<group>"; };
		83B3485A18C0BD1F00D59FB9 /* JCRouteViewController.h */ = {isa = PBXFileReference; fileEncoding = 4; lastKnownFileType = sourcecode.c.h; path = JCRouteViewController.h; sourceTree = "<group>"; };
		83B3485B18C0BD1F00D59FB9 /* JCRouteViewController.m */ = {isa = PBXFileReference; fileEncoding = 4; lastKnownFileType = sourcecode.c.objc; path = JCRouteViewController.m; sourceTree = "<group>"; };
		83B5DEC918BFA3130032F7E1 /* JCRoutesViewController.h */ = {isa = PBXFileReference; fileEncoding = 4; lastKnownFileType = sourcecode.c.h; path = JCRoutesViewController.h; sourceTree = "<group>"; };
		83B5DECA18BFA3130032F7E1 /* JCRoutesViewController.m */ = {isa = PBXFileReference; fileEncoding = 4; lastKnownFileType = sourcecode.c.objc; path = JCRoutesViewController.m; sourceTree = "<group>"; };
		83BA021F18BE3E8E00EE7787 /* JCWelcomeView.h */ = {isa = PBXFileReference; fileEncoding = 4; lastKnownFileType = sourcecode.c.h; path = JCWelcomeView.h; sourceTree = "<group>"; };
		83BA022018BE3E8E00EE7787 /* JCWelcomeView.m */ = {isa = PBXFileReference; fileEncoding = 4; lastKnownFileType = sourcecode.c.objc; path = JCWelcomeView.m; sourceTree = "<group>"; };
		83BA022218BE3E9F00EE7787 /* JCWelcomeViewController.h */ = {isa = PBXFileReference; fileEncoding = 4; lastKnownFileType = sourcecode.c.h; path = JCWelcomeViewController.h; sourceTree = "<group>"; };
		83BA022318BE3E9F00EE7787 /* JCWelcomeViewController.m */ = {isa = PBXFileReference; fileEncoding = 4; lastKnownFileType = sourcecode.c.objc; path = JCWelcomeViewController.m; sourceTree = "<group>"; };
		83BA022518BE474D00EE7787 /* JCSigninViewController.h */ = {isa = PBXFileReference; fileEncoding = 4; lastKnownFileType = sourcecode.c.h; path = JCSigninViewController.h; sourceTree = "<group>"; };
		83BA022618BE474D00EE7787 /* JCSigninViewController.m */ = {isa = PBXFileReference; fileEncoding = 4; lastKnownFileType = sourcecode.c.objc; path = JCSigninViewController.m; sourceTree = "<group>"; };
		83BA022B18BE477700EE7787 /* JCSigninViewModel.h */ = {isa = PBXFileReference; fileEncoding = 4; lastKnownFileType = sourcecode.c.h; path = JCSigninViewModel.h; sourceTree = "<group>"; };
		83BA022C18BE477700EE7787 /* JCSigninViewModel.m */ = {isa = PBXFileReference; fileEncoding = 4; lastKnownFileType = sourcecode.c.objc; path = JCSigninViewModel.m; sourceTree = "<group>"; };
		83BA022E18BE482B00EE7787 /* JCSigninView.h */ = {isa = PBXFileReference; fileEncoding = 4; lastKnownFileType = sourcecode.c.h; path = JCSigninView.h; sourceTree = "<group>"; };
		83BA022F18BE482B00EE7787 /* JCSigninView.m */ = {isa = PBXFileReference; fileEncoding = 4; lastKnownFileType = sourcecode.c.objc; path = JCSigninView.m; sourceTree = "<group>"; };
		83BD285818CA01010042F1E3 /* JCStatCell.h */ = {isa = PBXFileReference; fileEncoding = 4; lastKnownFileType = sourcecode.c.h; path = JCStatCell.h; sourceTree = "<group>"; };
		83BD285918CA01010042F1E3 /* JCStatCell.m */ = {isa = PBXFileReference; fileEncoding = 4; lastKnownFileType = sourcecode.c.objc; path = JCStatCell.m; sourceTree = "<group>"; };
		83BD285C18CA04C50042F1E3 /* JCRouteViewModel.h */ = {isa = PBXFileReference; fileEncoding = 4; lastKnownFileType = sourcecode.c.h; path = JCRouteViewModel.h; sourceTree = "<group>"; };
		83BD285D18CA04C50042F1E3 /* JCRouteViewModel.m */ = {isa = PBXFileReference; fileEncoding = 4; lastKnownFileType = sourcecode.c.objc; path = JCRouteViewModel.m; sourceTree = "<group>"; };
		83BD285F18CA06640042F1E3 /* JCRoutePointViewModel.h */ = {isa = PBXFileReference; fileEncoding = 4; lastKnownFileType = sourcecode.c.h; path = JCRoutePointViewModel.h; sourceTree = "<group>"; };
		83BD286018CA06640042F1E3 /* JCRoutePointViewModel.m */ = {isa = PBXFileReference; fileEncoding = 4; lastKnownFileType = sourcecode.c.objc; path = JCRoutePointViewModel.m; sourceTree = "<group>"; };
		83C1DB1918C7856C0005F79C /* MobileCoreServices.framework */ = {isa = PBXFileReference; lastKnownFileType = wrapper.framework; name = MobileCoreServices.framework; path = System/Library/Frameworks/MobileCoreServices.framework; sourceTree = SDKROOT; };
		83D98DCE18C9D3AD00E72279 /* JCLocationManager.h */ = {isa = PBXFileReference; fileEncoding = 4; lastKnownFileType = sourcecode.c.h; path = JCLocationManager.h; sourceTree = "<group>"; };
		83D98DCF18C9D3AD00E72279 /* JCLocationManager.m */ = {isa = PBXFileReference; fileEncoding = 4; lastKnownFileType = sourcecode.c.objc; path = JCLocationManager.m; sourceTree = "<group>"; };
		83D98DD218C9DB2F00E72279 /* JCRouteCaptureViewController.h */ = {isa = PBXFileReference; fileEncoding = 4; lastKnownFileType = sourcecode.c.h; path = JCRouteCaptureViewController.h; sourceTree = "<group>"; };
		83D98DD318C9DB2F00E72279 /* JCRouteCaptureViewController.m */ = {isa = PBXFileReference; fileEncoding = 4; lastKnownFileType = sourcecode.c.objc; path = JCRouteCaptureViewController.m; sourceTree = "<group>"; };
		83D98DD518C9DB4100E72279 /* JCCaptureView.h */ = {isa = PBXFileReference; fileEncoding = 4; lastKnownFileType = sourcecode.c.h; path = JCCaptureView.h; sourceTree = "<group>"; };
		83D98DD618C9DB4100E72279 /* JCCaptureView.m */ = {isa = PBXFileReference; fileEncoding = 4; lastKnownFileType = sourcecode.c.objc; path = JCCaptureView.m; sourceTree = "<group>"; };
		83F811E018C49E860010B1CD /* JCJourneyModel.xcdatamodel */ = {isa = PBXFileReference; lastKnownFileType = wrapper.xcdatamodel; path = JCJourneyModel.xcdatamodel; sourceTree = "<group>"; };
		83F811E218C4C1470010B1CD /* JCAPIManager.h */ = {isa = PBXFileReference; fileEncoding = 4; lastKnownFileType = sourcecode.c.h; path = JCAPIManager.h; sourceTree = "<group>"; };
		83F811E318C4C1470010B1CD /* JCAPIManager.m */ = {isa = PBXFileReference; fileEncoding = 4; lastKnownFileType = sourcecode.c.objc; path = JCAPIManager.m; sourceTree = "<group>"; };
		83F811E518C4D5CD0010B1CD /* User.h */ = {isa = PBXFileReference; fileEncoding = 4; lastKnownFileType = sourcecode.c.h; path = User.h; sourceTree = "<group>"; };
		83F811E618C4D5CD0010B1CD /* User.m */ = {isa = PBXFileReference; fileEncoding = 4; lastKnownFileType = sourcecode.c.objc; path = User.m; sourceTree = "<group>"; };
		B1A40FB2A1D844C5BE8468BE /* Pods.xcconfig */ = {isa = PBXFileReference; includeInIndex = 1; lastKnownFileType = text.xcconfig; name = Pods.xcconfig; path = Pods/Pods.xcconfig; sourceTree = "<group>"; };
		B9F63CCEB7BE445CAC45BA08 /* libPods-JourneyCapture.a */ = {isa = PBXFileReference; explicitFileType = archive.ar; includeInIndex = 0; path = "libPods-JourneyCapture.a"; sourceTree = BUILT_PRODUCTS_DIR; };
		BFAE2B91575B49EFA76C55F4 /* Pods-JourneyCapture.xcconfig */ = {isa = PBXFileReference; includeInIndex = 1; lastKnownFileType = text.xcconfig; name = "Pods-JourneyCapture.xcconfig"; path = "Pods/Pods-JourneyCapture.xcconfig"; sourceTree = "<group>"; };
/* End PBXFileReference section */

/* Begin PBXFrameworksBuildPhase section */
		831EDB4318BCBB33001468E4 /* Frameworks */ = {
			isa = PBXFrameworksBuildPhase;
			buildActionMask = 2147483647;
			files = (
				837B15A818BE023B000EEFAB /* QuartzCore.framework in Frameworks */,
				831EDB4C18BCBB33001468E4 /* CoreGraphics.framework in Frameworks */,
				831EDB4E18BCBB33001468E4 /* UIKit.framework in Frameworks */,
				831EDB4A18BCBB33001468E4 /* Foundation.framework in Frameworks */,
				EA1572DE908A4ADA8D403842 /* libPods.a in Frameworks */,
			);
			runOnlyForDeploymentPostprocessing = 0;
		};
		831EDB5E18BCBB34001468E4 /* Frameworks */ = {
			isa = PBXFrameworksBuildPhase;
			buildActionMask = 2147483647;
			files = (
				831EDB6318BCBB34001468E4 /* XCTest.framework in Frameworks */,
				831EDB6518BCBB34001468E4 /* UIKit.framework in Frameworks */,
				831EDB6418BCBB34001468E4 /* Foundation.framework in Frameworks */,
			);
			runOnlyForDeploymentPostprocessing = 0;
		};
/* End PBXFrameworksBuildPhase section */

/* Begin PBXGroup section */
		8303E2CE18C619E900215760 /* Onboarding */ = {
			isa = PBXGroup;
			children = (
				8303E2D318C61E2100215760 /* JCQuestionViewController.h */,
				8303E2D418C61E2100215760 /* JCQuestionViewController.m */,
			);
			name = Onboarding;
			sourceTree = "<group>";
		};
		8303E2CF18C61C4100215760 /* Onboarding */ = {
			isa = PBXGroup;
			children = (
				8303E2D618C62C2300215760 /* JCQuestionListViewModel.h */,
				8303E2D718C62C2300215760 /* JCQuestionListViewModel.m */,
				8303E2D018C61C5700215760 /* JCQuestionViewModel.h */,
				8303E2D118C61C5700215760 /* JCQuestionViewModel.m */,
			);
			name = Onboarding;
			sourceTree = "<group>";
		};
		831EDB3D18BCBB33001468E4 = {
			isa = PBXGroup;
			children = (
				831EDB4F18BCBB33001468E4 /* JourneyCapture */,
				831EDB6818BCBB34001468E4 /* JourneyCaptureTests */,
				831EDB4818BCBB33001468E4 /* Frameworks */,
				831EDB4718BCBB33001468E4 /* Products */,
				BFAE2B91575B49EFA76C55F4 /* Pods-JourneyCapture.xcconfig */,
				B1A40FB2A1D844C5BE8468BE /* Pods.xcconfig */,
			);
			sourceTree = "<group>";
		};
		831EDB4718BCBB33001468E4 /* Products */ = {
			isa = PBXGroup;
			children = (
				831EDB4618BCBB33001468E4 /* JourneyCapture.app */,
				831EDB6118BCBB34001468E4 /* JourneyCaptureTests.xctest */,
			);
			name = Products;
			sourceTree = "<group>";
		};
		831EDB4818BCBB33001468E4 /* Frameworks */ = {
			isa = PBXGroup;
			children = (
				83735C0318CF730C0050AB09 /* CoreLocation.framework */,
				83C1DB1918C7856C0005F79C /* MobileCoreServices.framework */,
				837B15A718BE023B000EEFAB /* QuartzCore.framework */,
				831EDB4918BCBB33001468E4 /* Foundation.framework */,
				831EDB4B18BCBB33001468E4 /* CoreGraphics.framework */,
				831EDB4D18BCBB33001468E4 /* UIKit.framework */,
				831EDB6218BCBB34001468E4 /* XCTest.framework */,
				B9F63CCEB7BE445CAC45BA08 /* libPods-JourneyCapture.a */,
				12E8303FB46D4087967CEECE /* libPods.a */,
			);
			name = Frameworks;
			sourceTree = "<group>";
		};
		831EDB4F18BCBB33001468E4 /* JourneyCapture */ = {
			isa = PBXGroup;
			children = (
				838C16D418BCBBEB0053BFB1 /* Application */,
				838C16D618BCBBEB0053BFB1 /* Models */,
				838C16D818BCBBEB0053BFB1 /* ViewModels */,
				838C16D918BCBBEB0053BFB1 /* Views */,
				838C16D518BCBBEB0053BFB1 /* Library */,
				838C16D718BCBBEB0053BFB1 /* Support */,
				831EDB5B18BCBB34001468E4 /* Images.xcassets */,
			);
			path = JourneyCapture;
			sourceTree = "<group>";
		};
		831EDB6818BCBB34001468E4 /* JourneyCaptureTests */ = {
			isa = PBXGroup;
			children = (
				831EDB6E18BCBB34001468E4 /* JourneyCaptureTests.m */,
				831EDB6918BCBB34001468E4 /* Supporting Files */,
			);
			path = JourneyCaptureTests;
			sourceTree = "<group>";
		};
		831EDB6918BCBB34001468E4 /* Supporting Files */ = {
			isa = PBXGroup;
			children = (
				831EDB6A18BCBB34001468E4 /* JourneyCaptureTests-Info.plist */,
				831EDB6B18BCBB34001468E4 /* InfoPlist.strings */,
			);
			name = "Supporting Files";
			sourceTree = "<group>";
		};
		8341420E18BF55A30020CF97 /* User */ = {
			isa = PBXGroup;
			children = (
				8341421618BF55E80020CF97 /* JCUserViewModel.h */,
				8341421718BF55E80020CF97 /* JCUserViewModel.m */,
			);
			name = User;
			sourceTree = "<group>";
		};
		8341420F18BF55A90020CF97 /* User */ = {
			isa = PBXGroup;
			children = (
				8341421318BF55C20020CF97 /* JCUserView.h */,
				8341421418BF55C20020CF97 /* JCUserView.m */,
				8341421018BF55B70020CF97 /* JCUserViewController.h */,
				8341421118BF55B70020CF97 /* JCUserViewController.m */,
			);
			name = User;
			sourceTree = "<group>";
		};
		834663A418BE332C0056F692 /* Signup */ = {
			isa = PBXGroup;
			children = (
				837B15A418BDF31F000EEFAB /* JCSignupView.h */,
				837B15A518BDF31F000EEFAB /* JCSignupView.m */,
				830C31CC18BCDF4800B7CC47 /* JCSignupViewController.h */,
				830C31CD18BCDF4800B7CC47 /* JCSignupViewController.m */,
			);
			name = Signup;
			sourceTree = "<group>";
		};
		834663A518BE33360056F692 /* Signup */ = {
			isa = PBXGroup;
			children = (
				83560C4D18BCE146004CE63C /* JCSignupViewModel.h */,
				83560C4E18BCE146004CE63C /* JCSignupViewModel.m */,
			);
			name = Signup;
			sourceTree = "<group>";
		};
		838C16D418BCBBEB0053BFB1 /* Application */ = {
			isa = PBXGroup;
			children = (
				831EDB5818BCBB33001468E4 /* JCAppDelegate.h */,
				831EDB5918BCBB33001468E4 /* JCAppDelegate.m */,
			);
			path = Application;
			sourceTree = "<group>";
		};
		838C16D518BCBBEB0053BFB1 /* Library */ = {
			isa = PBXGroup;
			children = (
				83F811E218C4C1470010B1CD /* JCAPIManager.h */,
				83F811E318C4C1470010B1CD /* JCAPIManager.m */,
				83D98DCE18C9D3AD00E72279 /* JCLocationManager.h */,
				83D98DCF18C9D3AD00E72279 /* JCLocationManager.m */,
				83519E7118CDC42800DA1E70 /* UIImage+Compression.h */,
				83519E7218CDC42800DA1E70 /* UIImage+Compression.m */,
			);
			path = Library;
			sourceTree = "<group>";
		};
		838C16D618BCBBEB0053BFB1 /* Models */ = {
			isa = PBXGroup;
			children = (
				83F811DF18C49E860010B1CD /* JCJourneyModel.xcdatamodeld */,
				83F811E518C4D5CD0010B1CD /* User.h */,
				83F811E618C4D5CD0010B1CD /* User.m */,
			);
			path = Models;
			sourceTree = "<group>";
		};
		838C16D718BCBBEB0053BFB1 /* Support */ = {
			isa = PBXGroup;
			children = (
				831EDB5118BCBB33001468E4 /* JourneyCapture-Info.plist */,
				831EDB5218BCBB33001468E4 /* InfoPlist.strings */,
				831EDB5518BCBB33001468E4 /* main.m */,
				831EDB5718BCBB33001468E4 /* JourneyCapture-Prefix.pch */,
			);
			path = Support;
			sourceTree = "<group>";
		};
		838C16D818BCBBEB0053BFB1 /* ViewModels */ = {
			isa = PBXGroup;
			children = (
				83BA021B18BE3E5600EE7787 /* Signin */,
				834663A518BE33360056F692 /* Signup */,
				8303E2CF18C61C4100215760 /* Onboarding */,
				8341420E18BF55A30020CF97 /* User */,
				83B5DEC518BFA2000032F7E1 /* Routes List */,
				83BD285B18CA049F0042F1E3 /* Route Capture */,
			);
			path = ViewModels;
			sourceTree = "<group>";
		};
		838C16D918BCBBEB0053BFB1 /* Views */ = {
			isa = PBXGroup;
			children = (
				83BA021D18BE3E6F00EE7787 /* Welcome */,
				83BA021E18BE3E7300EE7787 /* Signin */,
				834663A418BE332C0056F692 /* Signup */,
				8303E2CE18C619E900215760 /* Onboarding */,
				8341420F18BF55A90020CF97 /* User */,
				83B5DEC418BFA1F10032F7E1 /* Routes List */,
				83B3485618C0BCD100D59FB9 /* Route View */,
				83D98DD118C9DAC900E72279 /* Route Capture */,
			);
			path = Views;
			sourceTree = "<group>";
		};
		83B3485618C0BCD100D59FB9 /* Route View */ = {
			isa = PBXGroup;
			children = (
				83B3485718C0BCFC00D59FB9 /* JCRouteSummaryView.h */,
				83B3485818C0BCFC00D59FB9 /* JCRouteSummaryView.m */,
				83B3485A18C0BD1F00D59FB9 /* JCRouteViewController.h */,
				83B3485B18C0BD1F00D59FB9 /* JCRouteViewController.m */,
			);
			name = "Route View";
			sourceTree = "<group>";
		};
		83B5DEC418BFA1F10032F7E1 /* Routes List */ = {
			isa = PBXGroup;
			children = (
				83B3484D18C09EFF00D59FB9 /* JCRouteCell.h */,
				83B3484E18C09EFF00D59FB9 /* JCRouteCell.m */,
				83B5DEC918BFA3130032F7E1 /* JCRoutesViewController.h */,
				83B5DECA18BFA3130032F7E1 /* JCRoutesViewController.m */,
			);
			name = "Routes List";
			sourceTree = "<group>";
		};
		83B5DEC518BFA2000032F7E1 /* Routes List */ = {
			isa = PBXGroup;
			children = (
				83B3485018C0A79800D59FB9 /* JCRoutesListViewModel.h */,
				83B3485118C0A79800D59FB9 /* JCRoutesListViewModel.m */,
				83BD285C18CA04C50042F1E3 /* JCRouteViewModel.h */,
				83BD285D18CA04C50042F1E3 /* JCRouteViewModel.m */,
				83BD285F18CA06640042F1E3 /* JCRoutePointViewModel.h */,
				83BD286018CA06640042F1E3 /* JCRoutePointViewModel.m */,
			);
			name = "Routes List";
			sourceTree = "<group>";
		};
		83BA021B18BE3E5600EE7787 /* Signin */ = {
			isa = PBXGroup;
			children = (
				83BA022B18BE477700EE7787 /* JCSigninViewModel.h */,
				83BA022C18BE477700EE7787 /* JCSigninViewModel.m */,
			);
			name = Signin;
			sourceTree = "<group>";
		};
		83BA021D18BE3E6F00EE7787 /* Welcome */ = {
			isa = PBXGroup;
			children = (
				83BA021F18BE3E8E00EE7787 /* JCWelcomeView.h */,
				83BA022018BE3E8E00EE7787 /* JCWelcomeView.m */,
				83BA022218BE3E9F00EE7787 /* JCWelcomeViewController.h */,
				83BA022318BE3E9F00EE7787 /* JCWelcomeViewController.m */,
			);
			name = Welcome;
			sourceTree = "<group>";
		};
		83BA021E18BE3E7300EE7787 /* Signin */ = {
			isa = PBXGroup;
			children = (
				83BA022E18BE482B00EE7787 /* JCSigninView.h */,
				83BA022F18BE482B00EE7787 /* JCSigninView.m */,
				83BA022518BE474D00EE7787 /* JCSigninViewController.h */,
				83BA022618BE474D00EE7787 /* JCSigninViewController.m */,
			);
			name = Signin;
			sourceTree = "<group>";
		};
		83BD285B18CA049F0042F1E3 /* Route Capture */ = {
			isa = PBXGroup;
			children = (
			);
			name = "Route Capture";
			sourceTree = "<group>";
		};
		83D98DD118C9DAC900E72279 /* Route Capture */ = {
			isa = PBXGroup;
			children = (
				83D98DD518C9DB4100E72279 /* JCCaptureView.h */,
				83D98DD618C9DB4100E72279 /* JCCaptureView.m */,
				83BD285818CA01010042F1E3 /* JCStatCell.h */,
				83BD285918CA01010042F1E3 /* JCStatCell.m */,
				83D98DD218C9DB2F00E72279 /* JCRouteCaptureViewController.h */,
				83D98DD318C9DB2F00E72279 /* JCRouteCaptureViewController.m */,
			);
			name = "Route Capture";
			sourceTree = "<group>";
		};
/* End PBXGroup section */

/* Begin PBXNativeTarget section */
		831EDB4518BCBB33001468E4 /* JourneyCapture */ = {
			isa = PBXNativeTarget;
			buildConfigurationList = 831EDB7218BCBB34001468E4 /* Build configuration list for PBXNativeTarget "JourneyCapture" */;
			buildPhases = (
				53F421320060418A8F50E99C /* Check Pods Manifest.lock */,
				831EDB4218BCBB33001468E4 /* Sources */,
				831EDB4318BCBB33001468E4 /* Frameworks */,
				831EDB4418BCBB33001468E4 /* Resources */,
				78FDD1B960064994842C1C74 /* Copy Pods Resources */,
			);
			buildRules = (
			);
			dependencies = (
			);
			name = JourneyCapture;
			productName = JourneyCapture;
			productReference = 831EDB4618BCBB33001468E4 /* JourneyCapture.app */;
			productType = "com.apple.product-type.application";
		};
		831EDB6018BCBB34001468E4 /* JourneyCaptureTests */ = {
			isa = PBXNativeTarget;
			buildConfigurationList = 831EDB7518BCBB34001468E4 /* Build configuration list for PBXNativeTarget "JourneyCaptureTests" */;
			buildPhases = (
				831EDB5D18BCBB34001468E4 /* Sources */,
				831EDB5E18BCBB34001468E4 /* Frameworks */,
				831EDB5F18BCBB34001468E4 /* Resources */,
			);
			buildRules = (
			);
			dependencies = (
				831EDB6718BCBB34001468E4 /* PBXTargetDependency */,
			);
			name = JourneyCaptureTests;
			productName = JourneyCaptureTests;
			productReference = 831EDB6118BCBB34001468E4 /* JourneyCaptureTests.xctest */;
			productType = "com.apple.product-type.bundle.unit-test";
		};
/* End PBXNativeTarget section */

/* Begin PBXProject section */
		831EDB3E18BCBB33001468E4 /* Project object */ = {
			isa = PBXProject;
			attributes = {
				CLASSPREFIX = JC;
				LastUpgradeCheck = 0510;
				ORGANIZATIONNAME = FCD;
				TargetAttributes = {
					831EDB4518BCBB33001468E4 = {
						DevelopmentTeam = N22NQHGM2W;
					};
					831EDB6018BCBB34001468E4 = {
						TestTargetID = 831EDB4518BCBB33001468E4;
					};
				};
			};
			buildConfigurationList = 831EDB4118BCBB33001468E4 /* Build configuration list for PBXProject "JourneyCapture" */;
			compatibilityVersion = "Xcode 3.2";
			developmentRegion = English;
			hasScannedForEncodings = 0;
			knownRegions = (
				en,
			);
			mainGroup = 831EDB3D18BCBB33001468E4;
			productRefGroup = 831EDB4718BCBB33001468E4 /* Products */;
			projectDirPath = "";
			projectRoot = "";
			targets = (
				831EDB4518BCBB33001468E4 /* JourneyCapture */,
				831EDB6018BCBB34001468E4 /* JourneyCaptureTests */,
			);
		};
/* End PBXProject section */

/* Begin PBXResourcesBuildPhase section */
		831EDB4418BCBB33001468E4 /* Resources */ = {
			isa = PBXResourcesBuildPhase;
			buildActionMask = 2147483647;
			files = (
				831EDB5418BCBB33001468E4 /* InfoPlist.strings in Resources */,
				831EDB5C18BCBB34001468E4 /* Images.xcassets in Resources */,
			);
			runOnlyForDeploymentPostprocessing = 0;
		};
		831EDB5F18BCBB34001468E4 /* Resources */ = {
			isa = PBXResourcesBuildPhase;
			buildActionMask = 2147483647;
			files = (
				831EDB6D18BCBB34001468E4 /* InfoPlist.strings in Resources */,
			);
			runOnlyForDeploymentPostprocessing = 0;
		};
/* End PBXResourcesBuildPhase section */

/* Begin PBXShellScriptBuildPhase section */
		53F421320060418A8F50E99C /* Check Pods Manifest.lock */ = {
			isa = PBXShellScriptBuildPhase;
			buildActionMask = 2147483647;
			files = (
			);
			inputPaths = (
			);
			name = "Check Pods Manifest.lock";
			outputPaths = (
			);
			runOnlyForDeploymentPostprocessing = 0;
			shellPath = /bin/sh;
			shellScript = "diff \"${PODS_ROOT}/../Podfile.lock\" \"${PODS_ROOT}/Manifest.lock\" > /dev/null\nif [[ $? != 0 ]] ; then\n    cat << EOM\nerror: The sandbox is not in sync with the Podfile.lock. Run 'pod install' or update your CocoaPods installation.\nEOM\n    exit 1\nfi\n";
			showEnvVarsInLog = 0;
		};
		78FDD1B960064994842C1C74 /* Copy Pods Resources */ = {
			isa = PBXShellScriptBuildPhase;
			buildActionMask = 2147483647;
			files = (
			);
			inputPaths = (
			);
			name = "Copy Pods Resources";
			outputPaths = (
			);
			runOnlyForDeploymentPostprocessing = 0;
			shellPath = /bin/sh;
			shellScript = "\"${SRCROOT}/Pods/Pods-resources.sh\"\n";
			showEnvVarsInLog = 0;
		};
/* End PBXShellScriptBuildPhase section */

/* Begin PBXSourcesBuildPhase section */
		831EDB4218BCBB33001468E4 /* Sources */ = {
			isa = PBXSourcesBuildPhase;
			buildActionMask = 2147483647;
			files = (
				83F811E418C4C1470010B1CD /* JCAPIManager.m in Sources */,
				8303E2D518C61E2100215760 /* JCQuestionViewController.m in Sources */,
				83BA022118BE3E8E00EE7787 /* JCWelcomeView.m in Sources */,
				83D98DD018C9D3AD00E72279 /* JCLocationManager.m in Sources */,
				830C31CE18BCDF4800B7CC47 /* JCSignupViewController.m in Sources */,
				83BA022418BE3E9F00EE7787 /* JCWelcomeViewController.m in Sources */,
				83560C4F18BCE146004CE63C /* JCSignupViewModel.m in Sources */,
				837B15A618BDF31F000EEFAB /* JCSignupView.m in Sources */,
				83F811E718C4D5CD0010B1CD /* User.m in Sources */,
				831EDB5618BCBB33001468E4 /* main.m in Sources */,
				83D98DD718C9DB4100E72279 /* JCCaptureView.m in Sources */,
				8341421518BF55C20020CF97 /* JCUserView.m in Sources */,
				83B5DECB18BFA3130032F7E1 /* JCRoutesViewController.m in Sources */,
				83BA022D18BE477700EE7787 /* JCSigninViewModel.m in Sources */,
				83519E7318CDC42800DA1E70 /* UIImage+Compression.m in Sources */,
				83BD285E18CA04C50042F1E3 /* JCRouteViewModel.m in Sources */,
				83B3485218C0A79800D59FB9 /* JCRoutesListViewModel.m in Sources */,
				8341421818BF55E80020CF97 /* JCUserViewModel.m in Sources */,
				8303E2D218C61C5700215760 /* JCQuestionViewModel.m in Sources */,
				83B3485918C0BCFC00D59FB9 /* JCRouteSummaryView.m in Sources */,
				831EDB5A18BCBB33001468E4 /* JCAppDelegate.m in Sources */,
				83B3484F18C09EFF00D59FB9 /* JCRouteCell.m in Sources */,
				83B3485C18C0BD1F00D59FB9 /* JCRouteViewController.m in Sources */,
				83BA022718BE474D00EE7787 /* JCSigninViewController.m in Sources */,
				83F811E118C49E860010B1CD /* JCJourneyModel.xcdatamodeld in Sources */,
				83BA023018BE482B00EE7787 /* JCSigninView.m in Sources */,
				83D98DD418C9DB2F00E72279 /* JCRouteCaptureViewController.m in Sources */,
				8341421218BF55B70020CF97 /* JCUserViewController.m in Sources */,
				83BD285A18CA01010042F1E3 /* JCStatCell.m in Sources */,
				8303E2D818C62C2300215760 /* JCQuestionListViewModel.m in Sources */,
				83BD286118CA06640042F1E3 /* JCRoutePointViewModel.m in Sources */,
			);
			runOnlyForDeploymentPostprocessing = 0;
		};
		831EDB5D18BCBB34001468E4 /* Sources */ = {
			isa = PBXSourcesBuildPhase;
			buildActionMask = 2147483647;
			files = (
				831EDB6F18BCBB34001468E4 /* JourneyCaptureTests.m in Sources */,
				8328838718BCF805001EDB87 /* JCSignupViewModel.m in Sources */,
			);
			runOnlyForDeploymentPostprocessing = 0;
		};
/* End PBXSourcesBuildPhase section */

/* Begin PBXTargetDependency section */
		831EDB6718BCBB34001468E4 /* PBXTargetDependency */ = {
			isa = PBXTargetDependency;
			target = 831EDB4518BCBB33001468E4 /* JourneyCapture */;
			targetProxy = 831EDB6618BCBB34001468E4 /* PBXContainerItemProxy */;
		};
/* End PBXTargetDependency section */

/* Begin PBXVariantGroup section */
		831EDB5218BCBB33001468E4 /* InfoPlist.strings */ = {
			isa = PBXVariantGroup;
			children = (
				831EDB5318BCBB33001468E4 /* en */,
			);
			name = InfoPlist.strings;
			path = ..;
			sourceTree = "<group>";
		};
		831EDB6B18BCBB34001468E4 /* InfoPlist.strings */ = {
			isa = PBXVariantGroup;
			children = (
				831EDB6C18BCBB34001468E4 /* en */,
			);
			name = InfoPlist.strings;
			sourceTree = "<group>";
		};
/* End PBXVariantGroup section */

/* Begin XCBuildConfiguration section */
		831EDB7018BCBB34001468E4 /* Debug */ = {
			isa = XCBuildConfiguration;
			buildSettings = {
				ALWAYS_SEARCH_USER_PATHS = NO;
				CLANG_CXX_LANGUAGE_STANDARD = "gnu++0x";
				CLANG_CXX_LIBRARY = "libc++";
				CLANG_ENABLE_MODULES = YES;
				CLANG_ENABLE_OBJC_ARC = YES;
				CLANG_WARN_BOOL_CONVERSION = YES;
				CLANG_WARN_CONSTANT_CONVERSION = YES;
				CLANG_WARN_DIRECT_OBJC_ISA_USAGE = YES_ERROR;
				CLANG_WARN_EMPTY_BODY = YES;
				CLANG_WARN_ENUM_CONVERSION = YES;
				CLANG_WARN_INT_CONVERSION = YES;
				CLANG_WARN_OBJC_ROOT_CLASS = YES_ERROR;
				CLANG_WARN__DUPLICATE_METHOD_MATCH = YES;
				"CODE_SIGN_IDENTITY[sdk=iphoneos*]" = "iPhone Developer";
				COPY_PHASE_STRIP = NO;
				GCC_C_LANGUAGE_STANDARD = gnu99;
				GCC_DYNAMIC_NO_PIC = NO;
				GCC_OPTIMIZATION_LEVEL = 0;
				GCC_PREPROCESSOR_DEFINITIONS = (
					"DEBUG=1",
					"$(inherited)",
				);
				GCC_SYMBOLS_PRIVATE_EXTERN = NO;
				GCC_WARN_64_TO_32_BIT_CONVERSION = YES;
				GCC_WARN_ABOUT_RETURN_TYPE = YES_ERROR;
				GCC_WARN_UNDECLARED_SELECTOR = YES;
				GCC_WARN_UNINITIALIZED_AUTOS = YES;
				GCC_WARN_UNUSED_FUNCTION = YES;
				GCC_WARN_UNUSED_VARIABLE = YES;
				IPHONEOS_DEPLOYMENT_TARGET = 7.0;
				ONLY_ACTIVE_ARCH = YES;
				SDKROOT = iphoneos;
			};
			name = Debug;
		};
		831EDB7118BCBB34001468E4 /* Release */ = {
			isa = XCBuildConfiguration;
			buildSettings = {
				ALWAYS_SEARCH_USER_PATHS = NO;
				CLANG_CXX_LANGUAGE_STANDARD = "gnu++0x";
				CLANG_CXX_LIBRARY = "libc++";
				CLANG_ENABLE_MODULES = YES;
				CLANG_ENABLE_OBJC_ARC = YES;
				CLANG_WARN_BOOL_CONVERSION = YES;
				CLANG_WARN_CONSTANT_CONVERSION = YES;
				CLANG_WARN_DIRECT_OBJC_ISA_USAGE = YES_ERROR;
				CLANG_WARN_EMPTY_BODY = YES;
				CLANG_WARN_ENUM_CONVERSION = YES;
				CLANG_WARN_INT_CONVERSION = YES;
				CLANG_WARN_OBJC_ROOT_CLASS = YES_ERROR;
				CLANG_WARN__DUPLICATE_METHOD_MATCH = YES;
				"CODE_SIGN_IDENTITY[sdk=iphoneos*]" = "iPhone Developer";
				COPY_PHASE_STRIP = YES;
				ENABLE_NS_ASSERTIONS = NO;
				GCC_C_LANGUAGE_STANDARD = gnu99;
				GCC_WARN_64_TO_32_BIT_CONVERSION = YES;
				GCC_WARN_ABOUT_RETURN_TYPE = YES_ERROR;
				GCC_WARN_UNDECLARED_SELECTOR = YES;
				GCC_WARN_UNINITIALIZED_AUTOS = YES;
				GCC_WARN_UNUSED_FUNCTION = YES;
				GCC_WARN_UNUSED_VARIABLE = YES;
				IPHONEOS_DEPLOYMENT_TARGET = 7.0;
				SDKROOT = iphoneos;
				VALIDATE_PRODUCT = YES;
			};
			name = Release;
		};
		831EDB7318BCBB34001468E4 /* Debug */ = {
			isa = XCBuildConfiguration;
			baseConfigurationReference = B1A40FB2A1D844C5BE8468BE /* Pods.xcconfig */;
			buildSettings = {
				ASSETCATALOG_COMPILER_APPICON_NAME = AppIcon;
				ASSETCATALOG_COMPILER_LAUNCHIMAGE_NAME = LaunchImage;
				CODE_SIGN_IDENTITY = "iPhone Developer";
				"CODE_SIGN_IDENTITY[sdk=iphoneos*]" = "iPhone Developer";
				GCC_PRECOMPILE_PREFIX_HEADER = YES;
				GCC_PREFIX_HEADER = "JourneyCapture/Support/JourneyCapture-Prefix.pch";
				INFOPLIST_FILE = "$(SRCROOT)/JourneyCapture/Support/JourneyCapture-Info.plist";
				PRODUCT_NAME = "$(TARGET_NAME)";
				PROVISIONING_PROFILE = "AA073C44-0EDA-4EF2-AD5A-3DE07AA62D5B";
				WRAPPER_EXTENSION = app;
			};
			name = Debug;
		};
		831EDB7418BCBB34001468E4 /* Release */ = {
			isa = XCBuildConfiguration;
			baseConfigurationReference = B1A40FB2A1D844C5BE8468BE /* Pods.xcconfig */;
			buildSettings = {
				ASSETCATALOG_COMPILER_APPICON_NAME = AppIcon;
				ASSETCATALOG_COMPILER_LAUNCHIMAGE_NAME = LaunchImage;
				CODE_SIGN_IDENTITY = "iPhone Developer";
				"CODE_SIGN_IDENTITY[sdk=iphoneos*]" = "iPhone Developer";
				GCC_PRECOMPILE_PREFIX_HEADER = YES;
				GCC_PREFIX_HEADER = "JourneyCapture/Support/JourneyCapture-Prefix.pch";
				INFOPLIST_FILE = "$(SRCROOT)/JourneyCapture/Support/JourneyCapture-Info.plist";
				PRODUCT_NAME = "$(TARGET_NAME)";
				PROVISIONING_PROFILE = "AA073C44-0EDA-4EF2-AD5A-3DE07AA62D5B";
				WRAPPER_EXTENSION = app;
			};
			name = Release;
		};
		831EDB7618BCBB34001468E4 /* Debug */ = {
			isa = XCBuildConfiguration;
			buildSettings = {
				BUNDLE_LOADER = "$(BUILT_PRODUCTS_DIR)/JourneyCapture.app/JourneyCapture";
				FRAMEWORK_SEARCH_PATHS = (
					"$(SDKROOT)/Developer/Library/Frameworks",
					"$(inherited)",
					"$(DEVELOPER_FRAMEWORKS_DIR)",
				);
				GCC_PRECOMPILE_PREFIX_HEADER = YES;
				GCC_PREFIX_HEADER = "JourneyCapture/Support/JourneyCapture-Prefix.pch";
				GCC_PREPROCESSOR_DEFINITIONS = (
					"DEBUG=1",
					"$(inherited)",
				);
				INFOPLIST_FILE = "JourneyCaptureTests/JourneyCaptureTests-Info.plist";
				PRODUCT_NAME = "$(TARGET_NAME)";
				TEST_HOST = "$(BUNDLE_LOADER)";
				WRAPPER_EXTENSION = xctest;
			};
			name = Debug;
		};
		831EDB7718BCBB34001468E4 /* Release */ = {
			isa = XCBuildConfiguration;
			buildSettings = {
				BUNDLE_LOADER = "$(BUILT_PRODUCTS_DIR)/JourneyCapture.app/JourneyCapture";
				FRAMEWORK_SEARCH_PATHS = (
					"$(SDKROOT)/Developer/Library/Frameworks",
					"$(inherited)",
					"$(DEVELOPER_FRAMEWORKS_DIR)",
				);
				GCC_PRECOMPILE_PREFIX_HEADER = YES;
				GCC_PREFIX_HEADER = "JourneyCapture/Support/JourneyCapture-Prefix.pch";
				INFOPLIST_FILE = "JourneyCaptureTests/JourneyCaptureTests-Info.plist";
				PRODUCT_NAME = "$(TARGET_NAME)";
				TEST_HOST = "$(BUNDLE_LOADER)";
				WRAPPER_EXTENSION = xctest;
			};
			name = Release;
		};
/* End XCBuildConfiguration section */

/* Begin XCConfigurationList section */
		831EDB4118BCBB33001468E4 /* Build configuration list for PBXProject "JourneyCapture" */ = {
			isa = XCConfigurationList;
			buildConfigurations = (
				831EDB7018BCBB34001468E4 /* Debug */,
				831EDB7118BCBB34001468E4 /* Release */,
			);
			defaultConfigurationIsVisible = 0;
			defaultConfigurationName = Release;
		};
		831EDB7218BCBB34001468E4 /* Build configuration list for PBXNativeTarget "JourneyCapture" */ = {
			isa = XCConfigurationList;
			buildConfigurations = (
				831EDB7318BCBB34001468E4 /* Debug */,
				831EDB7418BCBB34001468E4 /* Release */,
			);
			defaultConfigurationIsVisible = 0;
			defaultConfigurationName = Release;
		};
		831EDB7518BCBB34001468E4 /* Build configuration list for PBXNativeTarget "JourneyCaptureTests" */ = {
			isa = XCConfigurationList;
			buildConfigurations = (
				831EDB7618BCBB34001468E4 /* Debug */,
				831EDB7718BCBB34001468E4 /* Release */,
			);
			defaultConfigurationIsVisible = 0;
			defaultConfigurationName = Release;
		};
/* End XCConfigurationList section */

/* Begin XCVersionGroup section */
		83F811DF18C49E860010B1CD /* JCJourneyModel.xcdatamodeld */ = {
			isa = XCVersionGroup;
			children = (
				83F811E018C49E860010B1CD /* JCJourneyModel.xcdatamodel */,
			);
			currentVersion = 83F811E018C49E860010B1CD /* JCJourneyModel.xcdatamodel */;
			path = JCJourneyModel.xcdatamodeld;
			sourceTree = "<group>";
			versionGroupType = wrapper.xcdatamodel;
		};
/* End XCVersionGroup section */
	};
	rootObject = 831EDB3E18BCBB33001468E4 /* Project object */;
}
